// !$*UTF8*$!
{
	archiveVersion = 1;
	classes = {
	};
	objectVersion = 56;
	objects = {

/* Begin PBXBuildFile section */
		0E29F64B2ADF653000F5EF5C /* FontExtension.swift in Sources */ = {isa = PBXBuildFile; fileRef = 0E29F64A2ADF653000F5EF5C /* FontExtension.swift */; };
		0E29F6532ADF6C3A00F5EF5C /* RunningPopup.swift in Sources */ = {isa = PBXBuildFile; fileRef = 0E29F6522ADF6C3A00F5EF5C /* RunningPopup.swift */; };
		0E29F6552ADF6C7D00F5EF5C /* KMLParserManager.swift in Sources */ = {isa = PBXBuildFile; fileRef = 0E29F6542ADF6C7D00F5EF5C /* KMLParserManager.swift */; };
		0E29F65A2ADF6CA000F5EF5C /* RunningMap.swift in Sources */ = {isa = PBXBuildFile; fileRef = 0E29F6562ADF6CA000F5EF5C /* RunningMap.swift */; };
		0E29F65B2ADF6CA000F5EF5C /* RunningView.swift in Sources */ = {isa = PBXBuildFile; fileRef = 0E29F6572ADF6CA000F5EF5C /* RunningView.swift */; };
		0E29F65C2ADF6CA000F5EF5C /* RunningMapView.swift in Sources */ = {isa = PBXBuildFile; fileRef = 0E29F6582ADF6CA000F5EF5C /* RunningMapView.swift */; };
		0E29F65D2ADF6CA000F5EF5C /* WorkoutDataView.swift in Sources */ = {isa = PBXBuildFile; fileRef = 0E29F6592ADF6CA000F5EF5C /* WorkoutDataView.swift */; };
		0E29F65F2ADF6CDD00F5EF5C /* RunningMapViewModel.swift in Sources */ = {isa = PBXBuildFile; fileRef = 0E29F65E2ADF6CDD00F5EF5C /* RunningMapViewModel.swift */; };
		0E9A5D3F2AE058D500C19FF3 /* ShareMainView.swift in Sources */ = {isa = PBXBuildFile; fileRef = 0E9A5D3E2AE058D500C19FF3 /* ShareMainView.swift */; };
		0E9A5D422AE058EF00C19FF3 /* CustomShareView.swift in Sources */ = {isa = PBXBuildFile; fileRef = 0E9A5D412AE058EF00C19FF3 /* CustomShareView.swift */; };
		0E9A5D442AE058FC00C19FF3 /* ImageShareView.swift in Sources */ = {isa = PBXBuildFile; fileRef = 0E9A5D432AE058FC00C19FF3 /* ImageShareView.swift */; };
		0E9A5D462AE05DF200C19FF3 /* ShareMap.swift in Sources */ = {isa = PBXBuildFile; fileRef = 0E9A5D452AE05DF200C19FF3 /* ShareMap.swift */; };
		0E9A5D482AE065A100C19FF3 /* ShareViewModel.swift in Sources */ = {isa = PBXBuildFile; fileRef = 0E9A5D472AE065A100C19FF3 /* ShareViewModel.swift */; };
		0E9A5D4B2AE07C2900C19FF3 /* ImagePickerView.swift in Sources */ = {isa = PBXBuildFile; fileRef = 0E9A5D4A2AE07C2900C19FF3 /* ImagePickerView.swift */; };
		0E9A5D4F2AE0B8C800C19FF3 /* ShareModel.swift in Sources */ = {isa = PBXBuildFile; fileRef = 0E9A5D4E2AE0B8C800C19FF3 /* ShareModel.swift */; };
		0EE92E682AE00A11003192FF /* FinishRunningView.swift in Sources */ = {isa = PBXBuildFile; fileRef = 0EE92E672AE00A11003192FF /* FinishRunningView.swift */; };
		0EE92E6A2AE00A2B003192FF /* FinishRunningMap.swift in Sources */ = {isa = PBXBuildFile; fileRef = 0EE92E692AE00A2B003192FF /* FinishRunningMap.swift */; };
		0EE92E6C2AE00A33003192FF /* FinishRunningViewModel.swift in Sources */ = {isa = PBXBuildFile; fileRef = 0EE92E6B2AE00A33003192FF /* FinishRunningViewModel.swift */; };
		0EE92E6E2AE00AE5003192FF /* CompleteButton.swift in Sources */ = {isa = PBXBuildFile; fileRef = 0EE92E6D2AE00AE5003192FF /* CompleteButton.swift */; };
		0EE92E7D2AE02DDC003192FF /* FreeRunningHomeView.swift in Sources */ = {isa = PBXBuildFile; fileRef = 0EE92E7C2AE02DDC003192FF /* FreeRunningHomeView.swift */; };
		0EE92E7F2AE02DF2003192FF /* FreeRunningMap.swift in Sources */ = {isa = PBXBuildFile; fileRef = 0EE92E7E2AE02DF2003192FF /* FreeRunningMap.swift */; };
		29111E372AE0C9CA009833C7 /* FinishWatchView.swift in Sources */ = {isa = PBXBuildFile; fileRef = 29111E362AE0C9CA009833C7 /* FinishWatchView.swift */; };
		29111E392AE0CA46009833C7 /* FinalWatchView.swift in Sources */ = {isa = PBXBuildFile; fileRef = 29111E382AE0CA46009833C7 /* FinalWatchView.swift */; };
		29111E3B2AE0CA89009833C7 /* SheetWatchView.swift in Sources */ = {isa = PBXBuildFile; fileRef = 29111E3A2AE0CA89009833C7 /* SheetWatchView.swift */; };
		29111E3F2AE0CD0C009833C7 /* ConfettiWatchView.swift in Sources */ = {isa = PBXBuildFile; fileRef = 29111E3E2AE0CD0C009833C7 /* ConfettiWatchView.swift */; };
		295324852AE038EE00085120 /* UserInfoModel.swift in Sources */ = {isa = PBXBuildFile; fileRef = F0AC8B062AD965390061612C /* UserInfoModel.swift */; };
		2975F0962AE3E1790046C00B /* CornerRectangleModifier.swift in Sources */ = {isa = PBXBuildFile; fileRef = 2975F0952AE3E1790046C00B /* CornerRectangleModifier.swift */; };
		299803532ADF1DC200A9A134 /* CoreMotionViewModel.swift in Sources */ = {isa = PBXBuildFile; fileRef = 299803522ADF1DC200A9A134 /* CoreMotionViewModel.swift */; };
		299803552ADF5F1000A9A134 /* HealthKitManager.swift in Sources */ = {isa = PBXBuildFile; fileRef = 299803542ADF5F1000A9A134 /* HealthKitManager.swift */; };
		299803572AE00C9B00A9A134 /* HapticManager.swift in Sources */ = {isa = PBXBuildFile; fileRef = 299803562AE00C9B00A9A134 /* HapticManager.swift */; };
		2998035B2AE0181900A9A134 /* ConfettiShapes.swift in Sources */ = {isa = PBXBuildFile; fileRef = 299803592AE0181900A9A134 /* ConfettiShapes.swift */; };
		2998035C2AE0181900A9A134 /* Confetti.swift in Sources */ = {isa = PBXBuildFile; fileRef = 2998035A2AE0181900A9A134 /* Confetti.swift */; };
		2998035E2AE0182100A9A134 /* ConfettiView.swift in Sources */ = {isa = PBXBuildFile; fileRef = 2998035D2AE0182100A9A134 /* ConfettiView.swift */; };
		299803602AE0240100A9A134 /* ConfettiShapes.swift in Sources */ = {isa = PBXBuildFile; fileRef = 299803592AE0181900A9A134 /* ConfettiShapes.swift */; };
		299803612AE0240300A9A134 /* Confetti.swift in Sources */ = {isa = PBXBuildFile; fileRef = 2998035A2AE0181900A9A134 /* Confetti.swift */; };
		29AE76AC2ADE0D9100A46742 /* OutlineApp.swift in Sources */ = {isa = PBXBuildFile; fileRef = F0AC8A9C2AD94C1F0061612C /* OutlineApp.swift */; };
		29AE76AD2ADE0D9500A46742 /* ColorExtension.swift in Sources */ = {isa = PBXBuildFile; fileRef = F0AC8B0E2AD9659D0061612C /* ColorExtension.swift */; };
		29AE76D72ADE2A2200A46742 /* InputNicknameView.swift in Sources */ = {isa = PBXBuildFile; fileRef = 29AE76D52ADE2A2200A46742 /* InputNicknameView.swift */; };
		29AE76D82ADE2A2200A46742 /* InputUserInfoView.swift in Sources */ = {isa = PBXBuildFile; fileRef = 29AE76D62ADE2A2200A46742 /* InputUserInfoView.swift */; };
		29AE76DB2ADE2A5300A46742 /* InputNicknameViewModel.swift in Sources */ = {isa = PBXBuildFile; fileRef = 29AE76D92ADE2A5300A46742 /* InputNicknameViewModel.swift */; };
		29AE76DC2ADE2A5300A46742 /* InputUserInfoViewModel.swift in Sources */ = {isa = PBXBuildFile; fileRef = 29AE76DA2ADE2A5300A46742 /* InputUserInfoViewModel.swift */; };
		29AE76E02ADE2BC700A46742 /* DateExtention.swift in Sources */ = {isa = PBXBuildFile; fileRef = 29AE76DF2ADE2BC700A46742 /* DateExtention.swift */; };
		29AE76E12ADE2C1700A46742 /* HomeTabView.swift in Sources */ = {isa = PBXBuildFile; fileRef = F01FDB9D2ADABD3D00BDA633 /* HomeTabView.swift */; };
		29C631542AE418E3005ECF55 /* DigitalTimerViewModel.swift in Sources */ = {isa = PBXBuildFile; fileRef = 29C631532AE418E3005ECF55 /* DigitalTimerViewModel.swift */; };
		29C631562AE418F1005ECF55 /* DigitalTimerView.swift in Sources */ = {isa = PBXBuildFile; fileRef = 29C631552AE418F1005ECF55 /* DigitalTimerView.swift */; };
		29C9197E2ADE8F7F00AB0B5A /* GoogleService-Info.plist in Resources */ = {isa = PBXBuildFile; fileRef = 29AE76AE2ADE0DEB00A46742 /* GoogleService-Info.plist */; };
		29C9198D2ADE9B5B00AB0B5A /* CoreMotionView.swift in Sources */ = {isa = PBXBuildFile; fileRef = 29C9198C2ADE9B5B00AB0B5A /* CoreMotionView.swift */; };
		9528EFE92ADE9E870056CCC6 /* UserCoreDataModel.xcdatamodeld in Sources */ = {isa = PBXBuildFile; fileRef = 95EB1EF62ADE251100B47984 /* UserCoreDataModel.xcdatamodeld */; };
		9528EFEA2ADE9E870056CCC6 /* UserCoreDataModel.xcdatamodeld in Sources */ = {isa = PBXBuildFile; fileRef = 95EB1EF62ADE251100B47984 /* UserCoreDataModel.xcdatamodeld */; };
		9528EFEC2ADEC7CF0056CCC6 /* UserDataModelType.swift in Sources */ = {isa = PBXBuildFile; fileRef = 9528EFEB2ADEC7CF0056CCC6 /* UserDataModelType.swift */; };
		9528EFF42AE006F40056CCC6 /* UserDataTestView.swift in Sources */ = {isa = PBXBuildFile; fileRef = 9528EFF32AE006F40056CCC6 /* UserDataTestView.swift */; };
		9528F0002AE042570056CCC6 /* PathGenerateManager.swift in Sources */ = {isa = PBXBuildFile; fileRef = 9528EFFF2AE042570056CCC6 /* PathGenerateManager.swift */; };
		9528F0022AE046DF0056CCC6 /* PathDrawingTestView.swift in Sources */ = {isa = PBXBuildFile; fileRef = 9528F0012AE046DF0056CCC6 /* PathDrawingTestView.swift */; };
		9528F0062AE0B37B0056CCC6 /* LoginView.swift in Sources */ = {isa = PBXBuildFile; fileRef = 9528F0052AE0B37B0056CCC6 /* LoginView.swift */; };
		954CB2922AE5131B005EB2E9 /* FirebaseFirestore in Frameworks */ = {isa = PBXBuildFile; productRef = 954CB2912AE5131B005EB2E9 /* FirebaseFirestore */; };
		954CB2942AE5131B005EB2E9 /* FirebaseFirestoreCombine-Community in Frameworks */ = {isa = PBXBuildFile; productRef = 954CB2932AE5131B005EB2E9 /* FirebaseFirestoreCombine-Community */; };
		954CB2962AE5131B005EB2E9 /* FirebaseFirestoreSwift in Frameworks */ = {isa = PBXBuildFile; productRef = 954CB2952AE5131B005EB2E9 /* FirebaseFirestoreSwift */; };
		954CB29A2AE514D3005EB2E9 /* ConnectingWatchModel.swift in Sources */ = {isa = PBXBuildFile; fileRef = 954CB2992AE514D3005EB2E9 /* ConnectingWatchModel.swift */; };
		954CB29B2AE514D5005EB2E9 /* ConnectingWatchModel.swift in Sources */ = {isa = PBXBuildFile; fileRef = 954CB2992AE514D3005EB2E9 /* ConnectingWatchModel.swift */; };
		954CB29C2AE51619005EB2E9 /* PersistentController.swift in Sources */ = {isa = PBXBuildFile; fileRef = 95EB1EE82ADDC43400B47984 /* PersistentController.swift */; };
		954CB29D2AE5161B005EB2E9 /* UserDataModel.swift in Sources */ = {isa = PBXBuildFile; fileRef = 95EB1EEB2ADDC66B00B47984 /* UserDataModel.swift */; };
		954CB29E2AE5161D005EB2E9 /* UserDataModelType.swift in Sources */ = {isa = PBXBuildFile; fileRef = 9528EFEB2ADEC7CF0056CCC6 /* UserDataModelType.swift */; };
		954CB2A52AE5457B005EB2E9 /* pohangCrocodileRun.kml in Resources */ = {isa = PBXBuildFile; fileRef = 954CB29F2AE5457A005EB2E9 /* pohangCrocodileRun.kml */; };
		954CB2A62AE5457B005EB2E9 /* pohangCrocodileRun.kml in Resources */ = {isa = PBXBuildFile; fileRef = 954CB29F2AE5457A005EB2E9 /* pohangCrocodileRun.kml */; };
		954CB2A72AE5457B005EB2E9 /* seoulOctopusRun.kml in Resources */ = {isa = PBXBuildFile; fileRef = 954CB2A02AE5457A005EB2E9 /* seoulOctopusRun.kml */; };
		954CB2A82AE5457B005EB2E9 /* seoulOctopusRun.kml in Resources */ = {isa = PBXBuildFile; fileRef = 954CB2A02AE5457A005EB2E9 /* seoulOctopusRun.kml */; };
		954CB2A92AE5457B005EB2E9 /* pohangDangDangRun.kml in Resources */ = {isa = PBXBuildFile; fileRef = 954CB2A12AE5457A005EB2E9 /* pohangDangDangRun.kml */; };
		954CB2AA2AE5457B005EB2E9 /* pohangDangDangRun.kml in Resources */ = {isa = PBXBuildFile; fileRef = 954CB2A12AE5457A005EB2E9 /* pohangDangDangRun.kml */; };
		954CB2AB2AE5457B005EB2E9 /* flightRun.kml in Resources */ = {isa = PBXBuildFile; fileRef = 954CB2A22AE5457A005EB2E9 /* flightRun.kml */; };
		954CB2AC2AE5457B005EB2E9 /* flightRun.kml in Resources */ = {isa = PBXBuildFile; fileRef = 954CB2A22AE5457A005EB2E9 /* flightRun.kml */; };
		954CB2AD2AE5457B005EB2E9 /* pohangDuckRun.kml in Resources */ = {isa = PBXBuildFile; fileRef = 954CB2A32AE5457B005EB2E9 /* pohangDuckRun.kml */; };
		954CB2AE2AE5457B005EB2E9 /* pohangDuckRun.kml in Resources */ = {isa = PBXBuildFile; fileRef = 954CB2A32AE5457B005EB2E9 /* pohangDuckRun.kml */; };
		954CB2AF2AE5457B005EB2E9 /* seoulCamelRun.kml in Resources */ = {isa = PBXBuildFile; fileRef = 954CB2A42AE5457B005EB2E9 /* seoulCamelRun.kml */; };
		954CB2B02AE5457B005EB2E9 /* seoulCamelRun.kml in Resources */ = {isa = PBXBuildFile; fileRef = 954CB2A42AE5457B005EB2E9 /* seoulCamelRun.kml */; };
		954CB2B62AE63E79005EB2E9 /* OnboardingHealthAuthView.swift in Sources */ = {isa = PBXBuildFile; fileRef = 954CB2B52AE63E79005EB2E9 /* OnboardingHealthAuthView.swift */; };
		954CB2B82AE6492B005EB2E9 /* OnboardingLocationAuthView.swift in Sources */ = {isa = PBXBuildFile; fileRef = 954CB2B72AE6492B005EB2E9 /* OnboardingLocationAuthView.swift */; };
		954CB2BA2AE654BA005EB2E9 /* OnboardingNotificationAuthView.swift in Sources */ = {isa = PBXBuildFile; fileRef = 954CB2B92AE654BA005EB2E9 /* OnboardingNotificationAuthView.swift */; };
		954FFF782AE132D100D27537 /* CourseDataUploadManager.swift in Sources */ = {isa = PBXBuildFile; fileRef = 954FFF772AE132D100D27537 /* CourseDataUploadManager.swift */; };
		954FFF7B2AE136CA00D27537 /* CourseDataUploadView.swift in Sources */ = {isa = PBXBuildFile; fileRef = 954FFF7A2AE136CA00D27537 /* CourseDataUploadView.swift */; };
		959D90262ADA35F100748BFB /* DataTestView.swift in Sources */ = {isa = PBXBuildFile; fileRef = 959D90252ADA35F100748BFB /* DataTestView.swift */; };
		95E2EF712ADA6F230083ADEE /* CourseModelType.swift in Sources */ = {isa = PBXBuildFile; fileRef = 95E2EF702ADA6F230083ADEE /* CourseModelType.swift */; };
		95E2EF742ADA75AA0083ADEE /* DataTestViewModel.swift in Sources */ = {isa = PBXBuildFile; fileRef = 95E2EF732ADA75AA0083ADEE /* DataTestViewModel.swift */; };
		95E2EF882ADBA5C70083ADEE /* CourseModel.swift in Sources */ = {isa = PBXBuildFile; fileRef = 95E2EF872ADBA5C70083ADEE /* CourseModel.swift */; };
		95EB1EE92ADDC43400B47984 /* PersistentController.swift in Sources */ = {isa = PBXBuildFile; fileRef = 95EB1EE82ADDC43400B47984 /* PersistentController.swift */; };
		95EB1EEC2ADDC66B00B47984 /* UserDataModel.swift in Sources */ = {isa = PBXBuildFile; fileRef = 95EB1EEB2ADDC66B00B47984 /* UserDataModel.swift */; };
		95EB1EF12ADE228A00B47984 /* UserInfoModelType.swift in Sources */ = {isa = PBXBuildFile; fileRef = 95EB1EF02ADE228A00B47984 /* UserInfoModelType.swift */; };
		BB1D530C2ADDBC560073771F /* Pretendard-Black.ttf in Resources */ = {isa = PBXBuildFile; fileRef = BB1D530B2ADDBC560073771F /* Pretendard-Black.ttf */; };
		BB1D530E2ADDBC620073771F /* Pretendard-Bold.ttf in Resources */ = {isa = PBXBuildFile; fileRef = BB1D530D2ADDBC620073771F /* Pretendard-Bold.ttf */; };
		BB1D53102ADDBC690073771F /* Pretendard-ExtraBold.ttf in Resources */ = {isa = PBXBuildFile; fileRef = BB1D530F2ADDBC690073771F /* Pretendard-ExtraBold.ttf */; };
		BB1D53162ADDBC900073771F /* Pretendard-Light.ttf in Resources */ = {isa = PBXBuildFile; fileRef = BB1D53152ADDBC900073771F /* Pretendard-Light.ttf */; };
		BB1D53182ADDBCA20073771F /* Pretendard-Medium.ttf in Resources */ = {isa = PBXBuildFile; fileRef = BB1D53172ADDBCA20073771F /* Pretendard-Medium.ttf */; };
		BB1D531A2ADDBCAB0073771F /* Pretendard-Regular.ttf in Resources */ = {isa = PBXBuildFile; fileRef = BB1D53192ADDBCAB0073771F /* Pretendard-Regular.ttf */; };
		BB1D531C2ADDBCB20073771F /* Pretendard-SemiBold.ttf in Resources */ = {isa = PBXBuildFile; fileRef = BB1D531B2ADDBCB20073771F /* Pretendard-SemiBold.ttf */; };
		BB1D531E2ADDBCB90073771F /* Pretendard-Thin.ttf in Resources */ = {isa = PBXBuildFile; fileRef = BB1D531D2ADDBCB90073771F /* Pretendard-Thin.ttf */; };
		BB1D53432ADE9C7D0073771F /* ControlsView.swift in Sources */ = {isa = PBXBuildFile; fileRef = BB1D53422ADE9C7D0073771F /* ControlsView.swift */; };
		BB1D53462ADE9CFA0073771F /* WatchWorkoutManager.swift in Sources */ = {isa = PBXBuildFile; fileRef = BB1D53452ADE9CFA0073771F /* WatchWorkoutManager.swift */; };
		BB1D53482ADE9D780073771F /* MetricsView.swift in Sources */ = {isa = PBXBuildFile; fileRef = BB1D53472ADE9D770073771F /* MetricsView.swift */; };
		BB1D534A2ADE9DC40073771F /* ElapsedTimeView.swift in Sources */ = {isa = PBXBuildFile; fileRef = BB1D53492ADE9DC40073771F /* ElapsedTimeView.swift */; };
		BB1D534C2ADEA6F90073771F /* SummaryView.swift in Sources */ = {isa = PBXBuildFile; fileRef = BB1D534B2ADEA6F90073771F /* SummaryView.swift */; };
		BB493CF82AE0CA55009D3699 /* ElapsedTimeFormatter.swift in Sources */ = {isa = PBXBuildFile; fileRef = BB493CF72AE0CA55009D3699 /* ElapsedTimeFormatter.swift */; };
		BB5239292ADAF75C00646494 /* Logger.swift in Sources */ = {isa = PBXBuildFile; fileRef = BB5239272ADAF72A00646494 /* Logger.swift */; };
		BB5239372ADBD99F00646494 /* GPSArtHomeView.swift in Sources */ = {isa = PBXBuildFile; fileRef = BB5239362ADBD99F00646494 /* GPSArtHomeView.swift */; };
		BB5239582ADC396300646494 /* BackgroundBlur.swift in Sources */ = {isa = PBXBuildFile; fileRef = BB5239572ADC396300646494 /* BackgroundBlur.swift */; };
		BB52396B2ADD385700646494 /* BottomScrollView.swift in Sources */ = {isa = PBXBuildFile; fileRef = BB52396A2ADD385700646494 /* BottomScrollView.swift */; };
		BB52396D2ADD6DBB00646494 /* CustomRoundedRectangle.swift in Sources */ = {isa = PBXBuildFile; fileRef = BB52396C2ADD6DBB00646494 /* CustomRoundedRectangle.swift */; };
		BBD6956C2ADFBFA1007AA6D9 /* ComplicationController.swift in Sources */ = {isa = PBXBuildFile; fileRef = BBD6956A2ADFBB9E007AA6D9 /* ComplicationController.swift */; };
		F01FDB992ADABB6100BDA633 /* TabModel.swift in Sources */ = {isa = PBXBuildFile; fileRef = F01FDB982ADABB6100BDA633 /* TabModel.swift */; };
		F01FDB9C2ADABC4600BDA633 /* TabBar.swift in Sources */ = {isa = PBXBuildFile; fileRef = F01FDB9B2ADABC4600BDA633 /* TabBar.swift */; };
		F03524102AE35AF800CCD8A6 /* RunningViewModel.swift in Sources */ = {isa = PBXBuildFile; fileRef = F035240F2AE35AF800CCD8A6 /* RunningViewModel.swift */; };
		F0492E1D2ADD2AE900F6EADD /* Header.swift in Sources */ = {isa = PBXBuildFile; fileRef = F0492E1C2ADD2AE900F6EADD /* Header.swift */; };
		F0492E1E2ADD515100F6EADD /* LocationManager.swift in Sources */ = {isa = PBXBuildFile; fileRef = F05C97162ADA879100D5D959 /* LocationManager.swift */; };
		F0492E212ADD52E900F6EADD /* WatchTabView.swift in Sources */ = {isa = PBXBuildFile; fileRef = F0492E202ADD52E900F6EADD /* WatchTabView.swift */; };
		F0492E232ADD545200F6EADD /* CourseListWatchView.swift in Sources */ = {isa = PBXBuildFile; fileRef = F0492E222ADD545200F6EADD /* CourseListWatchView.swift */; };
		F05C7D562ADC565E006842DB /* PreferenceKey.swift in Sources */ = {isa = PBXBuildFile; fileRef = F05C7D552ADC565E006842DB /* PreferenceKey.swift */; };
		F05C97172ADA879100D5D959 /* LocationManager.swift in Sources */ = {isa = PBXBuildFile; fileRef = F05C97162ADA879100D5D959 /* LocationManager.swift */; };
		F05C97192ADA87B800D5D959 /* LocationAuthorizationView.swift in Sources */ = {isa = PBXBuildFile; fileRef = F05C97182ADA87B800D5D959 /* LocationAuthorizationView.swift */; };
		F05C971C2ADAE6E200D5D959 /* RecomendedCourseMap.swift in Sources */ = {isa = PBXBuildFile; fileRef = F05C971B2ADAE6E200D5D959 /* RecomendedCourseMap.swift */; };
		F06298A92AE18A50007AB2D3 /* FunctionManager.swift in Sources */ = {isa = PBXBuildFile; fileRef = F06298A82AE18A50007AB2D3 /* FunctionManager.swift */; };
		F06298AB2AE1998D007AB2D3 /* MapInfoView.swift in Sources */ = {isa = PBXBuildFile; fileRef = F06298AA2AE1998D007AB2D3 /* MapInfoView.swift */; };
		F06298AF2AE1A2ED007AB2D3 /* CountDown.swift in Sources */ = {isa = PBXBuildFile; fileRef = F06298AE2AE1A2ED007AB2D3 /* CountDown.swift */; };
		F06B93592ADAECA800387DEB /* RecommendedCourseView.swift in Sources */ = {isa = PBXBuildFile; fileRef = F06B93582ADAECA800387DEB /* RecommendedCourseView.swift */; };
		F06B93622ADB847500387DEB /* ContentView.swift in Sources */ = {isa = PBXBuildFile; fileRef = F0AC8A9E2AD94C1F0061612C /* ContentView.swift */; };
		F06B93632ADB847900387DEB /* Component.swift in Sources */ = {isa = PBXBuildFile; fileRef = F06B93602ADB836600387DEB /* Component.swift */; };
		F06B936B2ADC23E100387DEB /* Logger.swift in Sources */ = {isa = PBXBuildFile; fileRef = BB5239272ADAF72A00646494 /* Logger.swift */; };
		F06B936C2ADC245700387DEB /* RecommendedCoursesViewModel.swift in Sources */ = {isa = PBXBuildFile; fileRef = F0AC8B032AD964EF0061612C /* RecommendedCoursesViewModel.swift */; };
		F06B936E2ADC279100387DEB /* SlideToUnlock.swift in Sources */ = {isa = PBXBuildFile; fileRef = F06B936D2ADC279100387DEB /* SlideToUnlock.swift */; };
		F0781D602AE163E00084ADD7 /* HomeTabViewModel.swift in Sources */ = {isa = PBXBuildFile; fileRef = F0781D5F2AE163E00084ADD7 /* HomeTabViewModel.swift */; };
		F09697432ADBC1D200C38AF4 /* Carousel.swift in Sources */ = {isa = PBXBuildFile; fileRef = F09697422ADBC1D200C38AF4 /* Carousel.swift */; };
		F09697472ADBCD6000C38AF4 /* Shape.swift in Sources */ = {isa = PBXBuildFile; fileRef = F09697462ADBCD6000C38AF4 /* Shape.swift */; };
		F096974B2ADBD73A00C38AF4 /* CardView.swift in Sources */ = {isa = PBXBuildFile; fileRef = F096974A2ADBD73A00C38AF4 /* CardView.swift */; };
		F096974D2ADBDBB000C38AF4 /* CardDetailView.swift in Sources */ = {isa = PBXBuildFile; fileRef = F096974C2ADBDBB000C38AF4 /* CardDetailView.swift */; };
		F096974F2ADBEE9F00C38AF4 /* CardDetailInformationView.swift in Sources */ = {isa = PBXBuildFile; fileRef = F096974E2ADBEE9F00C38AF4 /* CardDetailInformationView.swift */; };
		F09697512ADC069E00C38AF4 /* AnimationExtension.swift in Sources */ = {isa = PBXBuildFile; fileRef = F09697502ADC069E00C38AF4 /* AnimationExtension.swift */; };
		F0AC8AA12AD94C200061612C /* Color.xcassets in Resources */ = {isa = PBXBuildFile; fileRef = F0AC8AA02AD94C200061612C /* Color.xcassets */; };
		F0AC8AA42AD94C200061612C /* Preview Assets.xcassets in Resources */ = {isa = PBXBuildFile; fileRef = F0AC8AA32AD94C200061612C /* Preview Assets.xcassets */; };
		F0AC8AAF2AD94C200061612C /* OutlineWatchApp.swift in Sources */ = {isa = PBXBuildFile; fileRef = F0AC8AAE2AD94C200061612C /* OutlineWatchApp.swift */; };
		F0AC8AB12AD94C200061612C /* ContentWatchView.swift in Sources */ = {isa = PBXBuildFile; fileRef = F0AC8AB02AD94C200061612C /* ContentWatchView.swift */; };
		F0AC8AB32AD94C210061612C /* WatchImage.xcassets in Resources */ = {isa = PBXBuildFile; fileRef = F0AC8AB22AD94C210061612C /* WatchImage.xcassets */; };
		F0AC8AB62AD94C210061612C /* Preview Assets.xcassets in Resources */ = {isa = PBXBuildFile; fileRef = F0AC8AB52AD94C210061612C /* Preview Assets.xcassets */; };
		F0AC8B112AD965A70061612C /* Modifier.swift in Sources */ = {isa = PBXBuildFile; fileRef = F0AC8B102AD965A70061612C /* Modifier.swift */; };
		F0AC8B1C2AD966930061612C /* ViewModel.swift in Sources */ = {isa = PBXBuildFile; fileRef = F0AC8B172AD966150061612C /* ViewModel.swift */; };
		F0AC8B1D2AD966990061612C /* Model.swift in Sources */ = {isa = PBXBuildFile; fileRef = F0AC8B152AD9660D0061612C /* Model.swift */; };
		F0AC8B242AD9670A0061612C /* WatchComponent.swift in Sources */ = {isa = PBXBuildFile; fileRef = F0AC8B222AD967080061612C /* WatchComponent.swift */; };
		F0AC8B272AD967330061612C /* WatchExtension.swift in Sources */ = {isa = PBXBuildFile; fileRef = F0AC8B252AD967310061612C /* WatchExtension.swift */; };
		F0AC8B2A2AD967490061612C /* WatchModifier.swift in Sources */ = {isa = PBXBuildFile; fileRef = F0AC8B282AD967460061612C /* WatchModifier.swift */; };
		F0AC8B2C2AD967E30061612C /* Image.xcassets in Resources */ = {isa = PBXBuildFile; fileRef = F0AC8B2B2AD967E30061612C /* Image.xcassets */; };
		F0AC8B2E2AD968A20061612C /* Icon.xcassets in Resources */ = {isa = PBXBuildFile; fileRef = F0AC8B2D2AD968A20061612C /* Icon.xcassets */; };
		F0AC8B352AD96A360061612C /* WatchColor.xcassets in Resources */ = {isa = PBXBuildFile; fileRef = F0AC8B322AD969FD0061612C /* WatchColor.xcassets */; };
		F0AC8B362AD96A3D0061612C /* WatchIcon.xcassets in Resources */ = {isa = PBXBuildFile; fileRef = F0AC8B302AD969DA0061612C /* WatchIcon.xcassets */; };
		F0AC8B382AD96AE10061612C /* ViewExtension.swift in Sources */ = {isa = PBXBuildFile; fileRef = F0AC8B372AD96AE10061612C /* ViewExtension.swift */; };
		F0E6481A2ADDA683002F9FAA /* MapWatchView.swift in Sources */ = {isa = PBXBuildFile; fileRef = F0864A382ADD6CFA00498DBA /* MapWatchView.swift */; };
/* End PBXBuildFile section */

/* Begin PBXContainerItemProxy section */
		F0AC8AAB2AD94C200061612C /* PBXContainerItemProxy */ = {
			isa = PBXContainerItemProxy;
			containerPortal = F0AC8A912AD94C1F0061612C /* Project object */;
			proxyType = 1;
			remoteGlobalIDString = F0AC8AA82AD94C200061612C;
			remoteInfo = "Outline Watch App";
		};
/* End PBXContainerItemProxy section */

/* Begin PBXCopyFilesBuildPhase section */
		BB5239252ADAF6EA00646494 /* Embed ExtensionKit Extensions */ = {
			isa = PBXCopyFilesBuildPhase;
			buildActionMask = 2147483647;
			dstPath = "$(EXTENSIONS_FOLDER_PATH)";
			dstSubfolderSpec = 16;
			files = (
			);
			name = "Embed ExtensionKit Extensions";
			runOnlyForDeploymentPostprocessing = 0;
		};
		F0AC8ABC2AD94C210061612C /* Embed Watch Content */ = {
			isa = PBXCopyFilesBuildPhase;
			buildActionMask = 2147483647;
			dstPath = "$(CONTENTS_FOLDER_PATH)/Watch";
			dstSubfolderSpec = 16;
			files = (
			);
			name = "Embed Watch Content";
			runOnlyForDeploymentPostprocessing = 0;
		};
/* End PBXCopyFilesBuildPhase section */

/* Begin PBXFileReference section */
		0E29F64A2ADF653000F5EF5C /* FontExtension.swift */ = {isa = PBXFileReference; fileEncoding = 4; lastKnownFileType = sourcecode.swift; path = FontExtension.swift; sourceTree = "<group>"; };
		0E29F6522ADF6C3A00F5EF5C /* RunningPopup.swift */ = {isa = PBXFileReference; fileEncoding = 4; lastKnownFileType = sourcecode.swift; path = RunningPopup.swift; sourceTree = "<group>"; };
		0E29F6542ADF6C7D00F5EF5C /* KMLParserManager.swift */ = {isa = PBXFileReference; fileEncoding = 4; lastKnownFileType = sourcecode.swift; path = KMLParserManager.swift; sourceTree = "<group>"; };
		0E29F6562ADF6CA000F5EF5C /* RunningMap.swift */ = {isa = PBXFileReference; fileEncoding = 4; lastKnownFileType = sourcecode.swift; path = RunningMap.swift; sourceTree = "<group>"; };
		0E29F6572ADF6CA000F5EF5C /* RunningView.swift */ = {isa = PBXFileReference; fileEncoding = 4; lastKnownFileType = sourcecode.swift; path = RunningView.swift; sourceTree = "<group>"; };
		0E29F6582ADF6CA000F5EF5C /* RunningMapView.swift */ = {isa = PBXFileReference; fileEncoding = 4; lastKnownFileType = sourcecode.swift; path = RunningMapView.swift; sourceTree = "<group>"; };
		0E29F6592ADF6CA000F5EF5C /* WorkoutDataView.swift */ = {isa = PBXFileReference; fileEncoding = 4; lastKnownFileType = sourcecode.swift; path = WorkoutDataView.swift; sourceTree = "<group>"; };
		0E29F65E2ADF6CDD00F5EF5C /* RunningMapViewModel.swift */ = {isa = PBXFileReference; fileEncoding = 4; lastKnownFileType = sourcecode.swift; path = RunningMapViewModel.swift; sourceTree = "<group>"; };
		0E9A5D3E2AE058D500C19FF3 /* ShareMainView.swift */ = {isa = PBXFileReference; lastKnownFileType = sourcecode.swift; path = ShareMainView.swift; sourceTree = "<group>"; };
		0E9A5D412AE058EF00C19FF3 /* CustomShareView.swift */ = {isa = PBXFileReference; lastKnownFileType = sourcecode.swift; path = CustomShareView.swift; sourceTree = "<group>"; };
		0E9A5D432AE058FC00C19FF3 /* ImageShareView.swift */ = {isa = PBXFileReference; lastKnownFileType = sourcecode.swift; path = ImageShareView.swift; sourceTree = "<group>"; };
		0E9A5D452AE05DF200C19FF3 /* ShareMap.swift */ = {isa = PBXFileReference; lastKnownFileType = sourcecode.swift; path = ShareMap.swift; sourceTree = "<group>"; };
		0E9A5D472AE065A100C19FF3 /* ShareViewModel.swift */ = {isa = PBXFileReference; lastKnownFileType = sourcecode.swift; path = ShareViewModel.swift; sourceTree = "<group>"; };
		0E9A5D4A2AE07C2900C19FF3 /* ImagePickerView.swift */ = {isa = PBXFileReference; lastKnownFileType = sourcecode.swift; path = ImagePickerView.swift; sourceTree = "<group>"; };
		0E9A5D4E2AE0B8C800C19FF3 /* ShareModel.swift */ = {isa = PBXFileReference; lastKnownFileType = sourcecode.swift; path = ShareModel.swift; sourceTree = "<group>"; };
		0EE92E672AE00A11003192FF /* FinishRunningView.swift */ = {isa = PBXFileReference; lastKnownFileType = sourcecode.swift; path = FinishRunningView.swift; sourceTree = "<group>"; };
		0EE92E692AE00A2B003192FF /* FinishRunningMap.swift */ = {isa = PBXFileReference; lastKnownFileType = sourcecode.swift; path = FinishRunningMap.swift; sourceTree = "<group>"; };
		0EE92E6B2AE00A33003192FF /* FinishRunningViewModel.swift */ = {isa = PBXFileReference; lastKnownFileType = sourcecode.swift; path = FinishRunningViewModel.swift; sourceTree = "<group>"; };
		0EE92E6D2AE00AE5003192FF /* CompleteButton.swift */ = {isa = PBXFileReference; lastKnownFileType = sourcecode.swift; path = CompleteButton.swift; sourceTree = "<group>"; };
		0EE92E7C2AE02DDC003192FF /* FreeRunningHomeView.swift */ = {isa = PBXFileReference; lastKnownFileType = sourcecode.swift; path = FreeRunningHomeView.swift; sourceTree = "<group>"; };
		0EE92E7E2AE02DF2003192FF /* FreeRunningMap.swift */ = {isa = PBXFileReference; lastKnownFileType = sourcecode.swift; path = FreeRunningMap.swift; sourceTree = "<group>"; };
		29111E362AE0C9CA009833C7 /* FinishWatchView.swift */ = {isa = PBXFileReference; lastKnownFileType = sourcecode.swift; path = FinishWatchView.swift; sourceTree = "<group>"; };
		29111E382AE0CA46009833C7 /* FinalWatchView.swift */ = {isa = PBXFileReference; lastKnownFileType = sourcecode.swift; path = FinalWatchView.swift; sourceTree = "<group>"; };
		29111E3A2AE0CA89009833C7 /* SheetWatchView.swift */ = {isa = PBXFileReference; lastKnownFileType = sourcecode.swift; path = SheetWatchView.swift; sourceTree = "<group>"; };
		29111E3E2AE0CD0C009833C7 /* ConfettiWatchView.swift */ = {isa = PBXFileReference; lastKnownFileType = sourcecode.swift; path = ConfettiWatchView.swift; sourceTree = "<group>"; };
		2975F0952AE3E1790046C00B /* CornerRectangleModifier.swift */ = {isa = PBXFileReference; fileEncoding = 4; lastKnownFileType = sourcecode.swift; path = CornerRectangleModifier.swift; sourceTree = "<group>"; };
		299803522ADF1DC200A9A134 /* CoreMotionViewModel.swift */ = {isa = PBXFileReference; lastKnownFileType = sourcecode.swift; path = CoreMotionViewModel.swift; sourceTree = "<group>"; };
		299803542ADF5F1000A9A134 /* HealthKitManager.swift */ = {isa = PBXFileReference; lastKnownFileType = sourcecode.swift; path = HealthKitManager.swift; sourceTree = "<group>"; };
		299803562AE00C9B00A9A134 /* HapticManager.swift */ = {isa = PBXFileReference; lastKnownFileType = sourcecode.swift; path = HapticManager.swift; sourceTree = "<group>"; };
		299803592AE0181900A9A134 /* ConfettiShapes.swift */ = {isa = PBXFileReference; fileEncoding = 4; lastKnownFileType = sourcecode.swift; path = ConfettiShapes.swift; sourceTree = "<group>"; };
		2998035A2AE0181900A9A134 /* Confetti.swift */ = {isa = PBXFileReference; fileEncoding = 4; lastKnownFileType = sourcecode.swift; path = Confetti.swift; sourceTree = "<group>"; };
		2998035D2AE0182100A9A134 /* ConfettiView.swift */ = {isa = PBXFileReference; fileEncoding = 4; lastKnownFileType = sourcecode.swift; path = ConfettiView.swift; sourceTree = "<group>"; };
		29AE76AE2ADE0DEB00A46742 /* GoogleService-Info.plist */ = {isa = PBXFileReference; lastKnownFileType = text.plist.xml; path = "GoogleService-Info.plist"; sourceTree = "<group>"; };
		29AE76D52ADE2A2200A46742 /* InputNicknameView.swift */ = {isa = PBXFileReference; fileEncoding = 4; lastKnownFileType = sourcecode.swift; path = InputNicknameView.swift; sourceTree = "<group>"; };
		29AE76D62ADE2A2200A46742 /* InputUserInfoView.swift */ = {isa = PBXFileReference; fileEncoding = 4; lastKnownFileType = sourcecode.swift; path = InputUserInfoView.swift; sourceTree = "<group>"; };
		29AE76D92ADE2A5300A46742 /* InputNicknameViewModel.swift */ = {isa = PBXFileReference; fileEncoding = 4; lastKnownFileType = sourcecode.swift; name = InputNicknameViewModel.swift; path = Outline/Source/ViewModel/InputNicknameViewModel.swift; sourceTree = SOURCE_ROOT; };
		29AE76DA2ADE2A5300A46742 /* InputUserInfoViewModel.swift */ = {isa = PBXFileReference; fileEncoding = 4; lastKnownFileType = sourcecode.swift; name = InputUserInfoViewModel.swift; path = Outline/Source/ViewModel/InputUserInfoViewModel.swift; sourceTree = SOURCE_ROOT; };
		29AE76DF2ADE2BC700A46742 /* DateExtention.swift */ = {isa = PBXFileReference; fileEncoding = 4; lastKnownFileType = sourcecode.swift; path = DateExtention.swift; sourceTree = "<group>"; };
		29C631532AE418E3005ECF55 /* DigitalTimerViewModel.swift */ = {isa = PBXFileReference; lastKnownFileType = sourcecode.swift; path = DigitalTimerViewModel.swift; sourceTree = "<group>"; };
		29C631552AE418F1005ECF55 /* DigitalTimerView.swift */ = {isa = PBXFileReference; lastKnownFileType = sourcecode.swift; path = DigitalTimerView.swift; sourceTree = "<group>"; };
		29C9198C2ADE9B5B00AB0B5A /* CoreMotionView.swift */ = {isa = PBXFileReference; lastKnownFileType = sourcecode.swift; path = CoreMotionView.swift; sourceTree = "<group>"; };
		9528EFEB2ADEC7CF0056CCC6 /* UserDataModelType.swift */ = {isa = PBXFileReference; lastKnownFileType = sourcecode.swift; path = UserDataModelType.swift; sourceTree = "<group>"; };
		9528EFF32AE006F40056CCC6 /* UserDataTestView.swift */ = {isa = PBXFileReference; lastKnownFileType = sourcecode.swift; path = UserDataTestView.swift; sourceTree = "<group>"; };
		9528EFFF2AE042570056CCC6 /* PathGenerateManager.swift */ = {isa = PBXFileReference; lastKnownFileType = sourcecode.swift; path = PathGenerateManager.swift; sourceTree = "<group>"; };
		9528F0012AE046DF0056CCC6 /* PathDrawingTestView.swift */ = {isa = PBXFileReference; lastKnownFileType = sourcecode.swift; path = PathDrawingTestView.swift; sourceTree = "<group>"; };
		9528F0052AE0B37B0056CCC6 /* LoginView.swift */ = {isa = PBXFileReference; lastKnownFileType = sourcecode.swift; path = LoginView.swift; sourceTree = "<group>"; };
		954CB28E2AE51264005EB2E9 /* Outline.app */ = {isa = PBXFileReference; explicitFileType = wrapper.application; includeInIndex = 0; path = Outline.app; sourceTree = BUILT_PRODUCTS_DIR; };
		954CB28F2AE51264005EB2E9 /* Outline Watch App.app */ = {isa = PBXFileReference; explicitFileType = wrapper.application; includeInIndex = 0; path = "Outline Watch App.app"; sourceTree = BUILT_PRODUCTS_DIR; };
		954CB2992AE514D3005EB2E9 /* ConnectingWatchModel.swift */ = {isa = PBXFileReference; lastKnownFileType = sourcecode.swift; path = ConnectingWatchModel.swift; sourceTree = "<group>"; };
		954CB29F2AE5457A005EB2E9 /* pohangCrocodileRun.kml */ = {isa = PBXFileReference; fileEncoding = 4; lastKnownFileType = text.xml; path = pohangCrocodileRun.kml; sourceTree = "<group>"; };
		954CB2A02AE5457A005EB2E9 /* seoulOctopusRun.kml */ = {isa = PBXFileReference; fileEncoding = 4; lastKnownFileType = text.xml; path = seoulOctopusRun.kml; sourceTree = "<group>"; };
		954CB2A12AE5457A005EB2E9 /* pohangDangDangRun.kml */ = {isa = PBXFileReference; fileEncoding = 4; lastKnownFileType = text.xml; path = pohangDangDangRun.kml; sourceTree = "<group>"; };
		954CB2A22AE5457A005EB2E9 /* flightRun.kml */ = {isa = PBXFileReference; fileEncoding = 4; lastKnownFileType = text.xml; path = flightRun.kml; sourceTree = "<group>"; };
		954CB2A32AE5457B005EB2E9 /* pohangDuckRun.kml */ = {isa = PBXFileReference; fileEncoding = 4; lastKnownFileType = text.xml; path = pohangDuckRun.kml; sourceTree = "<group>"; };
		954CB2A42AE5457B005EB2E9 /* seoulCamelRun.kml */ = {isa = PBXFileReference; fileEncoding = 4; lastKnownFileType = text.xml; path = seoulCamelRun.kml; sourceTree = "<group>"; };
		954CB2B52AE63E79005EB2E9 /* OnboardingHealthAuthView.swift */ = {isa = PBXFileReference; lastKnownFileType = sourcecode.swift; path = OnboardingHealthAuthView.swift; sourceTree = "<group>"; };
		954CB2B72AE6492B005EB2E9 /* OnboardingLocationAuthView.swift */ = {isa = PBXFileReference; lastKnownFileType = sourcecode.swift; path = OnboardingLocationAuthView.swift; sourceTree = "<group>"; };
		954CB2B92AE654BA005EB2E9 /* OnboardingNotificationAuthView.swift */ = {isa = PBXFileReference; lastKnownFileType = sourcecode.swift; path = OnboardingNotificationAuthView.swift; sourceTree = "<group>"; };
		954FFF772AE132D100D27537 /* CourseDataUploadManager.swift */ = {isa = PBXFileReference; lastKnownFileType = sourcecode.swift; path = CourseDataUploadManager.swift; sourceTree = "<group>"; };
		954FFF7A2AE136CA00D27537 /* CourseDataUploadView.swift */ = {isa = PBXFileReference; lastKnownFileType = sourcecode.swift; path = CourseDataUploadView.swift; sourceTree = "<group>"; };
		959D90252ADA35F100748BFB /* DataTestView.swift */ = {isa = PBXFileReference; lastKnownFileType = sourcecode.swift; path = DataTestView.swift; sourceTree = "<group>"; };
		959D90602ADA3A1000748BFB /* Info.plist */ = {isa = PBXFileReference; lastKnownFileType = text.plist; path = Info.plist; sourceTree = "<group>"; };
		95E2EF702ADA6F230083ADEE /* CourseModelType.swift */ = {isa = PBXFileReference; lastKnownFileType = sourcecode.swift; path = CourseModelType.swift; sourceTree = "<group>"; };
		95E2EF732ADA75AA0083ADEE /* DataTestViewModel.swift */ = {isa = PBXFileReference; lastKnownFileType = sourcecode.swift; path = DataTestViewModel.swift; sourceTree = "<group>"; };
		95E2EF872ADBA5C70083ADEE /* CourseModel.swift */ = {isa = PBXFileReference; lastKnownFileType = sourcecode.swift; path = CourseModel.swift; sourceTree = "<group>"; };
		95EB1EE82ADDC43400B47984 /* PersistentController.swift */ = {isa = PBXFileReference; lastKnownFileType = sourcecode.swift; path = PersistentController.swift; sourceTree = "<group>"; };
		95EB1EEB2ADDC66B00B47984 /* UserDataModel.swift */ = {isa = PBXFileReference; lastKnownFileType = sourcecode.swift; path = UserDataModel.swift; sourceTree = "<group>"; };
		95EB1EF02ADE228A00B47984 /* UserInfoModelType.swift */ = {isa = PBXFileReference; lastKnownFileType = sourcecode.swift; path = UserInfoModelType.swift; sourceTree = "<group>"; };
		95EB1EF72ADE251100B47984 /* UserCoreDataModel.xcdatamodel */ = {isa = PBXFileReference; lastKnownFileType = wrapper.xcdatamodel; path = UserCoreDataModel.xcdatamodel; sourceTree = "<group>"; };
		BB1D530B2ADDBC560073771F /* Pretendard-Black.ttf */ = {isa = PBXFileReference; lastKnownFileType = file; path = "Pretendard-Black.ttf"; sourceTree = "<group>"; };
		BB1D530D2ADDBC620073771F /* Pretendard-Bold.ttf */ = {isa = PBXFileReference; lastKnownFileType = file; path = "Pretendard-Bold.ttf"; sourceTree = "<group>"; };
		BB1D530F2ADDBC690073771F /* Pretendard-ExtraBold.ttf */ = {isa = PBXFileReference; lastKnownFileType = file; path = "Pretendard-ExtraBold.ttf"; sourceTree = "<group>"; };
		BB1D53152ADDBC900073771F /* Pretendard-Light.ttf */ = {isa = PBXFileReference; lastKnownFileType = file; path = "Pretendard-Light.ttf"; sourceTree = "<group>"; };
		BB1D53172ADDBCA20073771F /* Pretendard-Medium.ttf */ = {isa = PBXFileReference; lastKnownFileType = file; path = "Pretendard-Medium.ttf"; sourceTree = "<group>"; };
		BB1D53192ADDBCAB0073771F /* Pretendard-Regular.ttf */ = {isa = PBXFileReference; lastKnownFileType = file; path = "Pretendard-Regular.ttf"; sourceTree = "<group>"; };
		BB1D531B2ADDBCB20073771F /* Pretendard-SemiBold.ttf */ = {isa = PBXFileReference; lastKnownFileType = file; path = "Pretendard-SemiBold.ttf"; sourceTree = "<group>"; };
		BB1D531D2ADDBCB90073771F /* Pretendard-Thin.ttf */ = {isa = PBXFileReference; lastKnownFileType = file; path = "Pretendard-Thin.ttf"; sourceTree = "<group>"; };
		BB1D53422ADE9C7D0073771F /* ControlsView.swift */ = {isa = PBXFileReference; lastKnownFileType = sourcecode.swift; path = ControlsView.swift; sourceTree = "<group>"; };
		BB1D53452ADE9CFA0073771F /* WatchWorkoutManager.swift */ = {isa = PBXFileReference; lastKnownFileType = sourcecode.swift; path = WatchWorkoutManager.swift; sourceTree = "<group>"; };
		BB1D53472ADE9D770073771F /* MetricsView.swift */ = {isa = PBXFileReference; lastKnownFileType = sourcecode.swift; path = MetricsView.swift; sourceTree = "<group>"; };
		BB1D53492ADE9DC40073771F /* ElapsedTimeView.swift */ = {isa = PBXFileReference; lastKnownFileType = sourcecode.swift; path = ElapsedTimeView.swift; sourceTree = "<group>"; };
		BB1D534B2ADEA6F90073771F /* SummaryView.swift */ = {isa = PBXFileReference; lastKnownFileType = sourcecode.swift; path = SummaryView.swift; sourceTree = "<group>"; };
		BB493CEB2ADFD592009D3699 /* Outline-Watch-App-Info.plist */ = {isa = PBXFileReference; lastKnownFileType = text.plist.xml; path = "Outline-Watch-App-Info.plist"; sourceTree = "<group>"; };
		BB493CF72AE0CA55009D3699 /* ElapsedTimeFormatter.swift */ = {isa = PBXFileReference; lastKnownFileType = sourcecode.swift; path = ElapsedTimeFormatter.swift; sourceTree = "<group>"; };
		BB5239272ADAF72A00646494 /* Logger.swift */ = {isa = PBXFileReference; lastKnownFileType = sourcecode.swift; path = Logger.swift; sourceTree = "<group>"; };
		BB52392D2ADAF93D00646494 /* Outline Watch App.entitlements */ = {isa = PBXFileReference; lastKnownFileType = text.plist.entitlements; path = "Outline Watch App.entitlements"; sourceTree = "<group>"; };
		BB52392E2ADAFB2E00646494 /* Outline.entitlements */ = {isa = PBXFileReference; lastKnownFileType = text.plist.entitlements; path = Outline.entitlements; sourceTree = "<group>"; };
		BB5239362ADBD99F00646494 /* GPSArtHomeView.swift */ = {isa = PBXFileReference; lastKnownFileType = sourcecode.swift; path = GPSArtHomeView.swift; sourceTree = "<group>"; };
		BB5239572ADC396300646494 /* BackgroundBlur.swift */ = {isa = PBXFileReference; lastKnownFileType = sourcecode.swift; path = BackgroundBlur.swift; sourceTree = "<group>"; };
		BB52396A2ADD385700646494 /* BottomScrollView.swift */ = {isa = PBXFileReference; lastKnownFileType = sourcecode.swift; path = BottomScrollView.swift; sourceTree = "<group>"; };
		BB52396C2ADD6DBB00646494 /* CustomRoundedRectangle.swift */ = {isa = PBXFileReference; lastKnownFileType = sourcecode.swift; path = CustomRoundedRectangle.swift; sourceTree = "<group>"; };
		BBD6956A2ADFBB9E007AA6D9 /* ComplicationController.swift */ = {isa = PBXFileReference; lastKnownFileType = sourcecode.swift; path = ComplicationController.swift; sourceTree = "<group>"; };
		F01FDB982ADABB6100BDA633 /* TabModel.swift */ = {isa = PBXFileReference; lastKnownFileType = sourcecode.swift; path = TabModel.swift; sourceTree = "<group>"; };
		F01FDB9B2ADABC4600BDA633 /* TabBar.swift */ = {isa = PBXFileReference; lastKnownFileType = sourcecode.swift; path = TabBar.swift; sourceTree = "<group>"; };
		F01FDB9D2ADABD3D00BDA633 /* HomeTabView.swift */ = {isa = PBXFileReference; lastKnownFileType = sourcecode.swift; path = HomeTabView.swift; sourceTree = "<group>"; };
		F035240F2AE35AF800CCD8A6 /* RunningViewModel.swift */ = {isa = PBXFileReference; lastKnownFileType = sourcecode.swift; path = RunningViewModel.swift; sourceTree = "<group>"; };
		F0492E1C2ADD2AE900F6EADD /* Header.swift */ = {isa = PBXFileReference; lastKnownFileType = sourcecode.swift; path = Header.swift; sourceTree = "<group>"; };
		F0492E202ADD52E900F6EADD /* WatchTabView.swift */ = {isa = PBXFileReference; lastKnownFileType = sourcecode.swift; path = WatchTabView.swift; sourceTree = "<group>"; };
		F0492E222ADD545200F6EADD /* CourseListWatchView.swift */ = {isa = PBXFileReference; lastKnownFileType = sourcecode.swift; path = CourseListWatchView.swift; sourceTree = "<group>"; };
		F05C7D552ADC565E006842DB /* PreferenceKey.swift */ = {isa = PBXFileReference; lastKnownFileType = sourcecode.swift; path = PreferenceKey.swift; sourceTree = "<group>"; };
		F05C97162ADA879100D5D959 /* LocationManager.swift */ = {isa = PBXFileReference; lastKnownFileType = sourcecode.swift; path = LocationManager.swift; sourceTree = "<group>"; };
		F05C97182ADA87B800D5D959 /* LocationAuthorizationView.swift */ = {isa = PBXFileReference; lastKnownFileType = sourcecode.swift; path = LocationAuthorizationView.swift; sourceTree = "<group>"; };
		F05C971B2ADAE6E200D5D959 /* RecomendedCourseMap.swift */ = {isa = PBXFileReference; lastKnownFileType = sourcecode.swift; path = RecomendedCourseMap.swift; sourceTree = "<group>"; };
		F06298A82AE18A50007AB2D3 /* FunctionManager.swift */ = {isa = PBXFileReference; lastKnownFileType = sourcecode.swift; path = FunctionManager.swift; sourceTree = "<group>"; };
		F06298AA2AE1998D007AB2D3 /* MapInfoView.swift */ = {isa = PBXFileReference; lastKnownFileType = sourcecode.swift; path = MapInfoView.swift; sourceTree = "<group>"; };
		F06298AE2AE1A2ED007AB2D3 /* CountDown.swift */ = {isa = PBXFileReference; lastKnownFileType = sourcecode.swift; path = CountDown.swift; sourceTree = "<group>"; };
		F06B93582ADAECA800387DEB /* RecommendedCourseView.swift */ = {isa = PBXFileReference; lastKnownFileType = sourcecode.swift; path = RecommendedCourseView.swift; sourceTree = "<group>"; };
		F06B93602ADB836600387DEB /* Component.swift */ = {isa = PBXFileReference; lastKnownFileType = sourcecode.swift; path = Component.swift; sourceTree = "<group>"; };
		F06B936D2ADC279100387DEB /* SlideToUnlock.swift */ = {isa = PBXFileReference; lastKnownFileType = sourcecode.swift; path = SlideToUnlock.swift; sourceTree = "<group>"; };
		F0781D5F2AE163E00084ADD7 /* HomeTabViewModel.swift */ = {isa = PBXFileReference; lastKnownFileType = sourcecode.swift; path = HomeTabViewModel.swift; sourceTree = "<group>"; };
		F0864A382ADD6CFA00498DBA /* MapWatchView.swift */ = {isa = PBXFileReference; lastKnownFileType = sourcecode.swift; path = MapWatchView.swift; sourceTree = "<group>"; };
		F09697422ADBC1D200C38AF4 /* Carousel.swift */ = {isa = PBXFileReference; lastKnownFileType = sourcecode.swift; path = Carousel.swift; sourceTree = "<group>"; };
		F09697462ADBCD6000C38AF4 /* Shape.swift */ = {isa = PBXFileReference; lastKnownFileType = sourcecode.swift; path = Shape.swift; sourceTree = "<group>"; };
		F096974A2ADBD73A00C38AF4 /* CardView.swift */ = {isa = PBXFileReference; lastKnownFileType = sourcecode.swift; path = CardView.swift; sourceTree = "<group>"; };
		F096974C2ADBDBB000C38AF4 /* CardDetailView.swift */ = {isa = PBXFileReference; lastKnownFileType = sourcecode.swift; path = CardDetailView.swift; sourceTree = "<group>"; };
		F096974E2ADBEE9F00C38AF4 /* CardDetailInformationView.swift */ = {isa = PBXFileReference; lastKnownFileType = sourcecode.swift; path = CardDetailInformationView.swift; sourceTree = "<group>"; };
		F09697502ADC069E00C38AF4 /* AnimationExtension.swift */ = {isa = PBXFileReference; lastKnownFileType = sourcecode.swift; path = AnimationExtension.swift; sourceTree = "<group>"; };
		F0AC8A9C2AD94C1F0061612C /* OutlineApp.swift */ = {isa = PBXFileReference; lastKnownFileType = sourcecode.swift; path = OutlineApp.swift; sourceTree = "<group>"; };
		F0AC8A9E2AD94C1F0061612C /* ContentView.swift */ = {isa = PBXFileReference; lastKnownFileType = sourcecode.swift; path = ContentView.swift; sourceTree = "<group>"; };
		F0AC8AA02AD94C200061612C /* Color.xcassets */ = {isa = PBXFileReference; lastKnownFileType = folder.assetcatalog; path = Color.xcassets; sourceTree = "<group>"; };
		F0AC8AA32AD94C200061612C /* Preview Assets.xcassets */ = {isa = PBXFileReference; lastKnownFileType = folder.assetcatalog; path = "Preview Assets.xcassets"; sourceTree = "<group>"; };
		F0AC8AAE2AD94C200061612C /* OutlineWatchApp.swift */ = {isa = PBXFileReference; lastKnownFileType = sourcecode.swift; path = OutlineWatchApp.swift; sourceTree = "<group>"; };
		F0AC8AB02AD94C200061612C /* ContentWatchView.swift */ = {isa = PBXFileReference; lastKnownFileType = sourcecode.swift; path = ContentWatchView.swift; sourceTree = "<group>"; };
		F0AC8AB22AD94C210061612C /* WatchImage.xcassets */ = {isa = PBXFileReference; lastKnownFileType = folder.assetcatalog; path = WatchImage.xcassets; sourceTree = "<group>"; };
		F0AC8AB52AD94C210061612C /* Preview Assets.xcassets */ = {isa = PBXFileReference; lastKnownFileType = folder.assetcatalog; path = "Preview Assets.xcassets"; sourceTree = "<group>"; };
		F0AC8AC42AD9514C0061612C /* .swiftlint.yml */ = {isa = PBXFileReference; lastKnownFileType = text.yaml; path = .swiftlint.yml; sourceTree = "<group>"; };
		F0AC8B032AD964EF0061612C /* RecommendedCoursesViewModel.swift */ = {isa = PBXFileReference; lastKnownFileType = sourcecode.swift; path = RecommendedCoursesViewModel.swift; sourceTree = "<group>"; };
		F0AC8B062AD965390061612C /* UserInfoModel.swift */ = {isa = PBXFileReference; lastKnownFileType = sourcecode.swift; path = UserInfoModel.swift; sourceTree = "<group>"; };
		F0AC8B0E2AD9659D0061612C /* ColorExtension.swift */ = {isa = PBXFileReference; lastKnownFileType = sourcecode.swift; path = ColorExtension.swift; sourceTree = "<group>"; };
		F0AC8B102AD965A70061612C /* Modifier.swift */ = {isa = PBXFileReference; lastKnownFileType = sourcecode.swift; path = Modifier.swift; sourceTree = "<group>"; };
		F0AC8B152AD9660D0061612C /* Model.swift */ = {isa = PBXFileReference; lastKnownFileType = sourcecode.swift; path = Model.swift; sourceTree = "<group>"; };
		F0AC8B172AD966150061612C /* ViewModel.swift */ = {isa = PBXFileReference; lastKnownFileType = sourcecode.swift; path = ViewModel.swift; sourceTree = "<group>"; };
		F0AC8B222AD967080061612C /* WatchComponent.swift */ = {isa = PBXFileReference; lastKnownFileType = sourcecode.swift; path = WatchComponent.swift; sourceTree = "<group>"; };
		F0AC8B252AD967310061612C /* WatchExtension.swift */ = {isa = PBXFileReference; lastKnownFileType = sourcecode.swift; path = WatchExtension.swift; sourceTree = "<group>"; };
		F0AC8B282AD967460061612C /* WatchModifier.swift */ = {isa = PBXFileReference; lastKnownFileType = sourcecode.swift; path = WatchModifier.swift; sourceTree = "<group>"; };
		F0AC8B2B2AD967E30061612C /* Image.xcassets */ = {isa = PBXFileReference; lastKnownFileType = folder.assetcatalog; path = Image.xcassets; sourceTree = "<group>"; };
		F0AC8B2D2AD968A20061612C /* Icon.xcassets */ = {isa = PBXFileReference; lastKnownFileType = folder.assetcatalog; path = Icon.xcassets; sourceTree = "<group>"; };
		F0AC8B302AD969DA0061612C /* WatchIcon.xcassets */ = {isa = PBXFileReference; lastKnownFileType = folder.assetcatalog; path = WatchIcon.xcassets; sourceTree = "<group>"; };
		F0AC8B322AD969FD0061612C /* WatchColor.xcassets */ = {isa = PBXFileReference; lastKnownFileType = folder.assetcatalog; path = WatchColor.xcassets; sourceTree = "<group>"; };
		F0AC8B372AD96AE10061612C /* ViewExtension.swift */ = {isa = PBXFileReference; lastKnownFileType = sourcecode.swift; path = ViewExtension.swift; sourceTree = "<group>"; };
/* End PBXFileReference section */

/* Begin PBXFrameworksBuildPhase section */
		F0AC8A962AD94C1F0061612C /* Frameworks */ = {
			isa = PBXFrameworksBuildPhase;
			buildActionMask = 2147483647;
			files = (
				954CB2922AE5131B005EB2E9 /* FirebaseFirestore in Frameworks */,
				954CB2942AE5131B005EB2E9 /* FirebaseFirestoreCombine-Community in Frameworks */,
				954CB2962AE5131B005EB2E9 /* FirebaseFirestoreSwift in Frameworks */,
			);
			runOnlyForDeploymentPostprocessing = 0;
		};
		F0AC8AA62AD94C200061612C /* Frameworks */ = {
			isa = PBXFrameworksBuildPhase;
			buildActionMask = 2147483647;
			files = (
			);
			runOnlyForDeploymentPostprocessing = 0;
		};
/* End PBXFrameworksBuildPhase section */

/* Begin PBXGroup section */
		0E29F64D2ADF681E00F5EF5C /* KML */ = {
			isa = PBXGroup;
			children = (
				954CB2A22AE5457A005EB2E9 /* flightRun.kml */,
				954CB29F2AE5457A005EB2E9 /* pohangCrocodileRun.kml */,
				954CB2A12AE5457A005EB2E9 /* pohangDangDangRun.kml */,
				954CB2A32AE5457B005EB2E9 /* pohangDuckRun.kml */,
				954CB2A42AE5457B005EB2E9 /* seoulCamelRun.kml */,
				954CB2A02AE5457A005EB2E9 /* seoulOctopusRun.kml */,
			);
			path = KML;
			sourceTree = "<group>";
		};
		0E9A5D402AE058D900C19FF3 /* Share */ = {
			isa = PBXGroup;
			children = (
				0E9A5D3E2AE058D500C19FF3 /* ShareMainView.swift */,
				0E9A5D412AE058EF00C19FF3 /* CustomShareView.swift */,
				0E9A5D432AE058FC00C19FF3 /* ImageShareView.swift */,
				0E9A5D452AE05DF200C19FF3 /* ShareMap.swift */,
				0E9A5D4A2AE07C2900C19FF3 /* ImagePickerView.swift */,
			);
			path = Share;
			sourceTree = "<group>";
		};
		0EE92E662AE00A02003192FF /* FininshRunning */ = {
			isa = PBXGroup;
			children = (
				0EE92E672AE00A11003192FF /* FinishRunningView.swift */,
				0EE92E692AE00A2B003192FF /* FinishRunningMap.swift */,
			);
			path = FininshRunning;
			sourceTree = "<group>";
		};
		0EE92E7B2AE02DCB003192FF /* FreeRunning */ = {
			isa = PBXGroup;
			children = (
				0EE92E7C2AE02DDC003192FF /* FreeRunningHomeView.swift */,
				0EE92E7E2AE02DF2003192FF /* FreeRunningMap.swift */,
			);
			path = FreeRunning;
			sourceTree = "<group>";
		};
		299803582AE0181900A9A134 /* Confetti */ = {
			isa = PBXGroup;
			children = (
				2998035D2AE0182100A9A134 /* ConfettiView.swift */,
				299803592AE0181900A9A134 /* ConfettiShapes.swift */,
				2998035A2AE0181900A9A134 /* Confetti.swift */,
			);
			path = Confetti;
			sourceTree = "<group>";
		};
		29AE76D42ADE2A2200A46742 /* Onboarding */ = {
			isa = PBXGroup;
			children = (
				29AE76D52ADE2A2200A46742 /* InputNicknameView.swift */,
				29AE76D62ADE2A2200A46742 /* InputUserInfoView.swift */,
				9528F0052AE0B37B0056CCC6 /* LoginView.swift */,
				954CB2B52AE63E79005EB2E9 /* OnboardingHealthAuthView.swift */,
				954CB2B72AE6492B005EB2E9 /* OnboardingLocationAuthView.swift */,
				954CB2B92AE654BA005EB2E9 /* OnboardingNotificationAuthView.swift */,
			);
			path = Onboarding;
			sourceTree = "<group>";
		};
		29C9198B2ADE9B4400AB0B5A /* CoreMotion */ = {
			isa = PBXGroup;
			children = (
				29C9198C2ADE9B5B00AB0B5A /* CoreMotionView.swift */,
				299803522ADF1DC200A9A134 /* CoreMotionViewModel.swift */,
			);
			path = CoreMotion;
			sourceTree = "<group>";
		};
		959D90242ADA35E600748BFB /* DataTest */ = {
			isa = PBXGroup;
			children = (
				959D90252ADA35F100748BFB /* DataTestView.swift */,
				9528EFF32AE006F40056CCC6 /* UserDataTestView.swift */,
				9528F0012AE046DF0056CCC6 /* PathDrawingTestView.swift */,
				954FFF7A2AE136CA00D27537 /* CourseDataUploadView.swift */,
			);
			path = DataTest;
			sourceTree = "<group>";
		};
		95E2EF722ADA759B0083ADEE /* DataTest */ = {
			isa = PBXGroup;
			children = (
				95E2EF732ADA75AA0083ADEE /* DataTestViewModel.swift */,
			);
			path = DataTest;
			sourceTree = "<group>";
		};
		95EB1EF32ADE229200B47984 /* UserInfo */ = {
			isa = PBXGroup;
			children = (
				F0AC8B062AD965390061612C /* UserInfoModel.swift */,
				95EB1EF02ADE228A00B47984 /* UserInfoModelType.swift */,
			);
			path = UserInfo;
			sourceTree = "<group>";
		};
		95EB1EF42ADE22BB00B47984 /* Course */ = {
			isa = PBXGroup;
			children = (
				95E2EF872ADBA5C70083ADEE /* CourseModel.swift */,
				95E2EF702ADA6F230083ADEE /* CourseModelType.swift */,
			);
			path = Course;
			sourceTree = "<group>";
		};
		95EB1EF52ADE22C600B47984 /* UserData */ = {
			isa = PBXGroup;
			children = (
				95EB1EE82ADDC43400B47984 /* PersistentController.swift */,
				95EB1EEB2ADDC66B00B47984 /* UserDataModel.swift */,
				9528EFEB2ADEC7CF0056CCC6 /* UserDataModelType.swift */,
			);
			path = UserData;
			sourceTree = "<group>";
		};
		BB1D53072ADDB24A0073771F /* Running */ = {
			isa = PBXGroup;
			children = (
				0E29F6572ADF6CA000F5EF5C /* RunningView.swift */,
				0E29F6562ADF6CA000F5EF5C /* RunningMap.swift */,
				0E29F6582ADF6CA000F5EF5C /* RunningMapView.swift */,
				0E29F6592ADF6CA000F5EF5C /* WorkoutDataView.swift */,
				29C631552AE418F1005ECF55 /* DigitalTimerView.swift */,
			);
			path = Running;
			sourceTree = "<group>";
		};
		BB1D530A2ADDBC430073771F /* Font */ = {
			isa = PBXGroup;
			children = (
				BB1D530B2ADDBC560073771F /* Pretendard-Black.ttf */,
				BB1D530F2ADDBC690073771F /* Pretendard-ExtraBold.ttf */,
				BB1D530D2ADDBC620073771F /* Pretendard-Bold.ttf */,
				BB1D531B2ADDBCB20073771F /* Pretendard-SemiBold.ttf */,
				BB1D53172ADDBCA20073771F /* Pretendard-Medium.ttf */,
				BB1D53192ADDBCAB0073771F /* Pretendard-Regular.ttf */,
				BB1D531D2ADDBCB90073771F /* Pretendard-Thin.ttf */,
				BB1D53152ADDBC900073771F /* Pretendard-Light.ttf */,
			);
			path = Font;
			sourceTree = "<group>";
		};
		BB1D53442ADE9CEC0073771F /* Manager */ = {
			isa = PBXGroup;
			children = (
				BB1D53452ADE9CFA0073771F /* WatchWorkoutManager.swift */,
			);
			path = Manager;
			sourceTree = "<group>";
		};
		BB5239262ADAF70A00646494 /* Shared */ = {
			isa = PBXGroup;
			children = (
				BB5239272ADAF72A00646494 /* Logger.swift */,
			);
			path = Shared;
			sourceTree = "<group>";
		};
		BB5239352ADBD95300646494 /* GPSArtHome */ = {
			isa = PBXGroup;
			children = (
				BB5239362ADBD99F00646494 /* GPSArtHomeView.swift */,
				F0492E1C2ADD2AE900F6EADD /* Header.swift */,
				F096974A2ADBD73A00C38AF4 /* CardView.swift */,
				F096974C2ADBDBB000C38AF4 /* CardDetailView.swift */,
				F096974E2ADBEE9F00C38AF4 /* CardDetailInformationView.swift */,
				F09697422ADBC1D200C38AF4 /* Carousel.swift */,
				BB52396A2ADD385700646494 /* BottomScrollView.swift */,
				F06298AA2AE1998D007AB2D3 /* MapInfoView.swift */,
			);
			path = GPSArtHome;
			sourceTree = "<group>";
		};
		F01FDB9A2ADABC2C00BDA633 /* Tab */ = {
			isa = PBXGroup;
			children = (
				F01FDB9D2ADABD3D00BDA633 /* HomeTabView.swift */,
				F01FDB9B2ADABC4600BDA633 /* TabBar.swift */,
			);
			path = Tab;
			sourceTree = "<group>";
		};
		F05C97152ADA877A00D5D959 /* Manager */ = {
			isa = PBXGroup;
			children = (
				299803542ADF5F1000A9A134 /* HealthKitManager.swift */,
				F05C97162ADA879100D5D959 /* LocationManager.swift */,
				0E29F6542ADF6C7D00F5EF5C /* KMLParserManager.swift */,
				299803562AE00C9B00A9A134 /* HapticManager.swift */,
				9528EFFF2AE042570056CCC6 /* PathGenerateManager.swift */,
				954FFF772AE132D100D27537 /* CourseDataUploadManager.swift */,
				F06298A82AE18A50007AB2D3 /* FunctionManager.swift */,
			);
			path = Manager;
			sourceTree = "<group>";
		};
		F06B93572ADAEC8500387DEB /* RecomendedCourses */ = {
			isa = PBXGroup;
			children = (
				F06B93582ADAECA800387DEB /* RecommendedCourseView.swift */,
				F05C971B2ADAE6E200D5D959 /* RecomendedCourseMap.swift */,
			);
			path = RecomendedCourses;
			sourceTree = "<group>";
		};
		F0AC8A902AD94C1F0061612C = {
			isa = PBXGroup;
			children = (
				29AE76AE2ADE0DEB00A46742 /* GoogleService-Info.plist */,
				BB52392D2ADAF93D00646494 /* Outline Watch App.entitlements */,
				BB493CEB2ADFD592009D3699 /* Outline-Watch-App-Info.plist */,
				BB5239262ADAF70A00646494 /* Shared */,
				F0AC8A9B2AD94C1F0061612C /* Outline */,
				F0AC8AAD2AD94C200061612C /* Outline Watch */,
				F0AC8AC42AD9514C0061612C /* .swiftlint.yml */,
				954CB28E2AE51264005EB2E9 /* Outline.app */,
				954CB28F2AE51264005EB2E9 /* Outline Watch App.app */,
			);
			sourceTree = "<group>";
		};
		F0AC8A9B2AD94C1F0061612C /* Outline */ = {
			isa = PBXGroup;
			children = (
				95EB1EF62ADE251100B47984 /* UserCoreDataModel.xcdatamodeld */,
				959D90602ADA3A1000748BFB /* Info.plist */,
				BB52392E2ADAFB2E00646494 /* Outline.entitlements */,
				F0AC8AFC2AD9637A0061612C /* Source */,
				F0AC8AFD2AD9638C0061612C /* Resource */,
				F0AC8AA22AD94C200061612C /* Preview Content */,
			);
			path = Outline;
			sourceTree = "<group>";
		};
		F0AC8AA22AD94C200061612C /* Preview Content */ = {
			isa = PBXGroup;
			children = (
				F0AC8AA32AD94C200061612C /* Preview Assets.xcassets */,
			);
			path = "Preview Content";
			sourceTree = "<group>";
		};
		F0AC8AAD2AD94C200061612C /* Outline Watch */ = {
			isa = PBXGroup;
			children = (
				F0AC8AFE2AD964650061612C /* Source */,
				F0AC8AFF2AD964710061612C /* Resource */,
				F0AC8AB42AD94C210061612C /* Preview Content */,
			);
			path = "Outline Watch";
			sourceTree = "<group>";
		};
		F0AC8AB42AD94C210061612C /* Preview Content */ = {
			isa = PBXGroup;
			children = (
				F0AC8AB52AD94C210061612C /* Preview Assets.xcassets */,
			);
			path = "Preview Content";
			sourceTree = "<group>";
		};
		F0AC8AFA2AD963600061612C /* View */ = {
			isa = PBXGroup;
			children = (
				0E9A5D402AE058D900C19FF3 /* Share */,
				0EE92E7B2AE02DCB003192FF /* FreeRunning */,
				0EE92E662AE00A02003192FF /* FininshRunning */,
				29C9198B2ADE9B4400AB0B5A /* CoreMotion */,
				29AE76D42ADE2A2200A46742 /* Onboarding */,
				BB1D53072ADDB24A0073771F /* Running */,
				959D90242ADA35E600748BFB /* DataTest */,
				BB5239352ADBD95300646494 /* GPSArtHome */,
				F06B93572ADAEC8500387DEB /* RecomendedCourses */,
				F01FDB9A2ADABC2C00BDA633 /* Tab */,
				F05C97182ADA87B800D5D959 /* LocationAuthorizationView.swift */,
			);
			path = View;
			sourceTree = "<group>";
		};
		F0AC8AFB2AD963690061612C /* ViewModel */ = {
			isa = PBXGroup;
			children = (
				95E2EF722ADA759B0083ADEE /* DataTest */,
				29AE76D92ADE2A5300A46742 /* InputNicknameViewModel.swift */,
				29AE76DA2ADE2A5300A46742 /* InputUserInfoViewModel.swift */,
				F0AC8B032AD964EF0061612C /* RecommendedCoursesViewModel.swift */,
				0E29F65E2ADF6CDD00F5EF5C /* RunningMapViewModel.swift */,
				0EE92E6B2AE00A33003192FF /* FinishRunningViewModel.swift */,
				0E9A5D472AE065A100C19FF3 /* ShareViewModel.swift */,
				F0781D5F2AE163E00084ADD7 /* HomeTabViewModel.swift */,
				29C631532AE418E3005ECF55 /* DigitalTimerViewModel.swift */,
				F035240F2AE35AF800CCD8A6 /* RunningViewModel.swift */,
			);
			path = ViewModel;
			sourceTree = "<group>";
		};
		F0AC8AFC2AD9637A0061612C /* Source */ = {
			isa = PBXGroup;
			children = (
				F0AC8A9C2AD94C1F0061612C /* OutlineApp.swift */,
				F0AC8A9E2AD94C1F0061612C /* ContentView.swift */,
				F0AC8AFA2AD963600061612C /* View */,
				F0AC8AFB2AD963690061612C /* ViewModel */,
				F0AC8B052AD965290061612C /* Model */,
				F05C97152ADA877A00D5D959 /* Manager */,
				F0AC8B082AD965470061612C /* DesignSystem */,
			);
			path = Source;
			sourceTree = "<group>";
		};
		F0AC8AFD2AD9638C0061612C /* Resource */ = {
			isa = PBXGroup;
			children = (
				0E29F64D2ADF681E00F5EF5C /* KML */,
				BB1D530A2ADDBC430073771F /* Font */,
				F0AC8B2F2AD968FD0061612C /* Image */,
				F0AC8AA02AD94C200061612C /* Color.xcassets */,
			);
			path = Resource;
			sourceTree = "<group>";
		};
		F0AC8AFE2AD964650061612C /* Source */ = {
			isa = PBXGroup;
			children = (
				F0AC8AAE2AD94C200061612C /* OutlineWatchApp.swift */,
				F0AC8AB02AD94C200061612C /* ContentWatchView.swift */,
				BBD6956A2ADFBB9E007AA6D9 /* ComplicationController.swift */,
				F0AC8B122AD965E80061612C /* View */,
				F0AC8B132AD965F10061612C /* ViewModel */,
				BB1D53442ADE9CEC0073771F /* Manager */,
				F0AC8B142AD965FD0061612C /* Model */,
				F0AC8B1E2AD966E10061612C /* DesignSystem */,
			);
			path = Source;
			sourceTree = "<group>";
		};
		F0AC8AFF2AD964710061612C /* Resource */ = {
			isa = PBXGroup;
			children = (
				F0AC8B342AD96A280061612C /* Image */,
				F0AC8B322AD969FD0061612C /* WatchColor.xcassets */,
			);
			path = Resource;
			sourceTree = "<group>";
		};
		F0AC8B052AD965290061612C /* Model */ = {
			isa = PBXGroup;
			children = (
				95EB1EF42ADE22BB00B47984 /* Course */,
				95EB1EF52ADE22C600B47984 /* UserData */,
				95EB1EF32ADE229200B47984 /* UserInfo */,
				F01FDB982ADABB6100BDA633 /* TabModel.swift */,
				0E9A5D4E2AE0B8C800C19FF3 /* ShareModel.swift */,
				954CB2992AE514D3005EB2E9 /* ConnectingWatchModel.swift */,
			);
			path = Model;
			sourceTree = "<group>";
		};
		F0AC8B082AD965470061612C /* DesignSystem */ = {
			isa = PBXGroup;
			children = (
				F0AC8B092AD965520061612C /* Component */,
				F0AC8B0A2AD965570061612C /* Extension */,
				F0AC8B0B2AD965650061612C /* Modifier */,
			);
			path = DesignSystem;
			sourceTree = "<group>";
		};
		F0AC8B092AD965520061612C /* Component */ = {
			isa = PBXGroup;
			children = (
				F06B93602ADB836600387DEB /* Component.swift */,
				F06B936D2ADC279100387DEB /* SlideToUnlock.swift */,
				F09697462ADBCD6000C38AF4 /* Shape.swift */,
				F05C7D552ADC565E006842DB /* PreferenceKey.swift */,
				BB5239572ADC396300646494 /* BackgroundBlur.swift */,
				BB52396C2ADD6DBB00646494 /* CustomRoundedRectangle.swift */,
				0E29F6522ADF6C3A00F5EF5C /* RunningPopup.swift */,
				299803582AE0181900A9A134 /* Confetti */,
				0EE92E6D2AE00AE5003192FF /* CompleteButton.swift */,
				F06298AE2AE1A2ED007AB2D3 /* CountDown.swift */,
			);
			path = Component;
			sourceTree = "<group>";
		};
		F0AC8B0A2AD965570061612C /* Extension */ = {
			isa = PBXGroup;
			children = (
				0E29F64A2ADF653000F5EF5C /* FontExtension.swift */,
				29AE76DF2ADE2BC700A46742 /* DateExtention.swift */,
				F0AC8B0E2AD9659D0061612C /* ColorExtension.swift */,
				F0AC8B372AD96AE10061612C /* ViewExtension.swift */,
				F09697502ADC069E00C38AF4 /* AnimationExtension.swift */,
			);
			path = Extension;
			sourceTree = "<group>";
		};
		F0AC8B0B2AD965650061612C /* Modifier */ = {
			isa = PBXGroup;
			children = (
				2975F0952AE3E1790046C00B /* CornerRectangleModifier.swift */,
				F0AC8B102AD965A70061612C /* Modifier.swift */,
			);
			path = Modifier;
			sourceTree = "<group>";
		};
		F0AC8B122AD965E80061612C /* View */ = {
			isa = PBXGroup;
			children = (
				F0492E222ADD545200F6EADD /* CourseListWatchView.swift */,
				F0492E202ADD52E900F6EADD /* WatchTabView.swift */,
				F0864A382ADD6CFA00498DBA /* MapWatchView.swift */,
				29111E362AE0C9CA009833C7 /* FinishWatchView.swift */,
				29111E382AE0CA46009833C7 /* FinalWatchView.swift */,
				29111E3A2AE0CA89009833C7 /* SheetWatchView.swift */,
				29111E3E2AE0CD0C009833C7 /* ConfettiWatchView.swift */,
				BB1D53422ADE9C7D0073771F /* ControlsView.swift */,
				BB1D53472ADE9D770073771F /* MetricsView.swift */,
				BB1D53492ADE9DC40073771F /* ElapsedTimeView.swift */,
				BB1D534B2ADEA6F90073771F /* SummaryView.swift */,
			);
			path = View;
			sourceTree = "<group>";
		};
		F0AC8B132AD965F10061612C /* ViewModel */ = {
			isa = PBXGroup;
			children = (
				F0AC8B172AD966150061612C /* ViewModel.swift */,
			);
			path = ViewModel;
			sourceTree = "<group>";
		};
		F0AC8B142AD965FD0061612C /* Model */ = {
			isa = PBXGroup;
			children = (
				F0AC8B152AD9660D0061612C /* Model.swift */,
			);
			path = Model;
			sourceTree = "<group>";
		};
		F0AC8B1E2AD966E10061612C /* DesignSystem */ = {
			isa = PBXGroup;
			children = (
				F0AC8B1F2AD966EC0061612C /* Component */,
				F0AC8B202AD966F30061612C /* Extension */,
				F0AC8B212AD966FB0061612C /* Modifier */,
			);
			path = DesignSystem;
			sourceTree = "<group>";
		};
		F0AC8B1F2AD966EC0061612C /* Component */ = {
			isa = PBXGroup;
			children = (
				F0AC8B222AD967080061612C /* WatchComponent.swift */,
				BB493CF72AE0CA55009D3699 /* ElapsedTimeFormatter.swift */,
			);
			path = Component;
			sourceTree = "<group>";
		};
		F0AC8B202AD966F30061612C /* Extension */ = {
			isa = PBXGroup;
			children = (
				F0AC8B252AD967310061612C /* WatchExtension.swift */,
			);
			path = Extension;
			sourceTree = "<group>";
		};
		F0AC8B212AD966FB0061612C /* Modifier */ = {
			isa = PBXGroup;
			children = (
				F0AC8B282AD967460061612C /* WatchModifier.swift */,
			);
			path = Modifier;
			sourceTree = "<group>";
		};
		F0AC8B2F2AD968FD0061612C /* Image */ = {
			isa = PBXGroup;
			children = (
				F0AC8B2D2AD968A20061612C /* Icon.xcassets */,
				F0AC8B2B2AD967E30061612C /* Image.xcassets */,
			);
			path = Image;
			sourceTree = "<group>";
		};
		F0AC8B342AD96A280061612C /* Image */ = {
			isa = PBXGroup;
			children = (
				F0AC8B302AD969DA0061612C /* WatchIcon.xcassets */,
				F0AC8AB22AD94C210061612C /* WatchImage.xcassets */,
			);
			path = Image;
			sourceTree = "<group>";
		};
/* End PBXGroup section */

/* Begin PBXNativeTarget section */
		F0AC8A982AD94C1F0061612C /* Outline */ = {
			isa = PBXNativeTarget;
			buildConfigurationList = F0AC8ABD2AD94C210061612C /* Build configuration list for PBXNativeTarget "Outline" */;
			buildPhases = (
				F0AC8AC02AD94F520061612C /* SwiftLint Script */,
				F0AC8A952AD94C1F0061612C /* Sources */,
				F0AC8A962AD94C1F0061612C /* Frameworks */,
				F0AC8A972AD94C1F0061612C /* Resources */,
				F0AC8ABC2AD94C210061612C /* Embed Watch Content */,
				BB5239252ADAF6EA00646494 /* Embed ExtensionKit Extensions */,
			);
			buildRules = (
			);
			dependencies = (
				F0AC8AAC2AD94C200061612C /* PBXTargetDependency */,
			);
			name = Outline;
			packageProductDependencies = (
				954CB2912AE5131B005EB2E9 /* FirebaseFirestore */,
				954CB2932AE5131B005EB2E9 /* FirebaseFirestoreCombine-Community */,
				954CB2952AE5131B005EB2E9 /* FirebaseFirestoreSwift */,
			);
			productName = Outline;
			productReference = 954CB28E2AE51264005EB2E9 /* Outline.app */;
			productType = "com.apple.product-type.application";
		};
		F0AC8AA82AD94C200061612C /* Outline Watch App */ = {
			isa = PBXNativeTarget;
			buildConfigurationList = F0AC8AB92AD94C210061612C /* Build configuration list for PBXNativeTarget "Outline Watch App" */;
			buildPhases = (
				F0AC8AA52AD94C200061612C /* Sources */,
				F0AC8AA62AD94C200061612C /* Frameworks */,
				F0AC8AA72AD94C200061612C /* Resources */,
			);
			buildRules = (
			);
			dependencies = (
			);
			name = "Outline Watch App";
			productName = "Outline Watch App";
			productReference = 954CB28F2AE51264005EB2E9 /* Outline Watch App.app */;
			productType = "com.apple.product-type.application";
		};
/* End PBXNativeTarget section */

/* Begin PBXProject section */
		F0AC8A912AD94C1F0061612C /* Project object */ = {
			isa = PBXProject;
			attributes = {
				BuildIndependentTargetsInParallel = 1;
				LastSwiftUpdateCheck = 1500;
				LastUpgradeCheck = 1500;
				TargetAttributes = {
					F0AC8A982AD94C1F0061612C = {
						CreatedOnToolsVersion = 15.0;
					};
					F0AC8AA82AD94C200061612C = {
						CreatedOnToolsVersion = 15.0;
					};
				};
			};
			buildConfigurationList = F0AC8A942AD94C1F0061612C /* Build configuration list for PBXProject "Outline" */;
			compatibilityVersion = "Xcode 14.0";
			developmentRegion = ko;
			hasScannedForEncodings = 0;
			knownRegions = (
				en,
				Base,
				ko,
			);
			mainGroup = F0AC8A902AD94C1F0061612C;
			packageReferences = (
				954CB2902AE5131B005EB2E9 /* XCRemoteSwiftPackageReference "firebase-ios-sdk" */,
			);
			productRefGroup = F0AC8A902AD94C1F0061612C;
			projectDirPath = "";
			projectRoot = "";
			targets = (
				F0AC8A982AD94C1F0061612C /* Outline */,
				F0AC8AA82AD94C200061612C /* Outline Watch App */,
			);
		};
/* End PBXProject section */

/* Begin PBXResourcesBuildPhase section */
		F0AC8A972AD94C1F0061612C /* Resources */ = {
			isa = PBXResourcesBuildPhase;
			buildActionMask = 2147483647;
			files = (
				29C9197E2ADE8F7F00AB0B5A /* GoogleService-Info.plist in Resources */,
				954CB2AB2AE5457B005EB2E9 /* flightRun.kml in Resources */,
				954CB2A72AE5457B005EB2E9 /* seoulOctopusRun.kml in Resources */,
				F0AC8AA42AD94C200061612C /* Preview Assets.xcassets in Resources */,
				F0AC8B2C2AD967E30061612C /* Image.xcassets in Resources */,
				BB1D531A2ADDBCAB0073771F /* Pretendard-Regular.ttf in Resources */,
				954CB2A52AE5457B005EB2E9 /* pohangCrocodileRun.kml in Resources */,
				F0AC8B2E2AD968A20061612C /* Icon.xcassets in Resources */,
				954CB2AD2AE5457B005EB2E9 /* pohangDuckRun.kml in Resources */,
				F0AC8AA12AD94C200061612C /* Color.xcassets in Resources */,
				954CB2AF2AE5457B005EB2E9 /* seoulCamelRun.kml in Resources */,
				BB1D531E2ADDBCB90073771F /* Pretendard-Thin.ttf in Resources */,
				BB1D530C2ADDBC560073771F /* Pretendard-Black.ttf in Resources */,
				BB1D530E2ADDBC620073771F /* Pretendard-Bold.ttf in Resources */,
				BB1D53182ADDBCA20073771F /* Pretendard-Medium.ttf in Resources */,
				BB1D53162ADDBC900073771F /* Pretendard-Light.ttf in Resources */,
				954CB2A92AE5457B005EB2E9 /* pohangDangDangRun.kml in Resources */,
				BB1D53102ADDBC690073771F /* Pretendard-ExtraBold.ttf in Resources */,
				BB1D531C2ADDBCB20073771F /* Pretendard-SemiBold.ttf in Resources */,
			);
			runOnlyForDeploymentPostprocessing = 0;
		};
		F0AC8AA72AD94C200061612C /* Resources */ = {
			isa = PBXResourcesBuildPhase;
			buildActionMask = 2147483647;
			files = (
				954CB2B02AE5457B005EB2E9 /* seoulCamelRun.kml in Resources */,
				F0AC8AB62AD94C210061612C /* Preview Assets.xcassets in Resources */,
				954CB2A82AE5457B005EB2E9 /* seoulOctopusRun.kml in Resources */,
				954CB2AC2AE5457B005EB2E9 /* flightRun.kml in Resources */,
				F0AC8AB32AD94C210061612C /* WatchImage.xcassets in Resources */,
				F0AC8B362AD96A3D0061612C /* WatchIcon.xcassets in Resources */,
				954CB2A62AE5457B005EB2E9 /* pohangCrocodileRun.kml in Resources */,
				954CB2AA2AE5457B005EB2E9 /* pohangDangDangRun.kml in Resources */,
				F0AC8B352AD96A360061612C /* WatchColor.xcassets in Resources */,
				954CB2AE2AE5457B005EB2E9 /* pohangDuckRun.kml in Resources */,
			);
			runOnlyForDeploymentPostprocessing = 0;
		};
/* End PBXResourcesBuildPhase section */

/* Begin PBXShellScriptBuildPhase section */
		F0AC8AC02AD94F520061612C /* SwiftLint Script */ = {
			isa = PBXShellScriptBuildPhase;
			alwaysOutOfDate = 1;
			buildActionMask = 2147483647;
			files = (
			);
			inputFileListPaths = (
			);
			inputPaths = (
			);
			name = "SwiftLint Script";
			outputFileListPaths = (
			);
			outputPaths = (
			);
			runOnlyForDeploymentPostprocessing = 0;
			shellPath = /bin/sh;
			shellScript = "export PATH=\"$PATH:/opt/homebrew/bin\"\nif which swiftlint > /dev/null; then\n  swiftlint\nelse\n  echo \"warning: SwiftLint not installed, download from https://github.com/realm/SwiftLint\"\nfi\n";
		};
/* End PBXShellScriptBuildPhase section */

/* Begin PBXSourcesBuildPhase section */
		F0AC8A952AD94C1F0061612C /* Sources */ = {
			isa = PBXSourcesBuildPhase;
			buildActionMask = 2147483647;
			files = (
				295324852AE038EE00085120 /* UserInfoModel.swift in Sources */,
				954FFF782AE132D100D27537 /* CourseDataUploadManager.swift in Sources */,
				9528EFF42AE006F40056CCC6 /* UserDataTestView.swift in Sources */,
				29AE76E12ADE2C1700A46742 /* HomeTabView.swift in Sources */,
				0E9A5D482AE065A100C19FF3 /* ShareViewModel.swift in Sources */,
				0E9A5D4B2AE07C2900C19FF3 /* ImagePickerView.swift in Sources */,
				29AE76AD2ADE0D9500A46742 /* ColorExtension.swift in Sources */,
				F06298AF2AE1A2ED007AB2D3 /* CountDown.swift in Sources */,
				29AE76AC2ADE0D9100A46742 /* OutlineApp.swift in Sources */,
				0E29F65D2ADF6CA000F5EF5C /* WorkoutDataView.swift in Sources */,
				BB52396B2ADD385700646494 /* BottomScrollView.swift in Sources */,
				9528F0002AE042570056CCC6 /* PathGenerateManager.swift in Sources */,
				F06B936C2ADC245700387DEB /* RecommendedCoursesViewModel.swift in Sources */,
				29C9198D2ADE9B5B00AB0B5A /* CoreMotionView.swift in Sources */,
				0E29F65C2ADF6CA000F5EF5C /* RunningMapView.swift in Sources */,
				F096974F2ADBEE9F00C38AF4 /* CardDetailInformationView.swift in Sources */,
				BB5239582ADC396300646494 /* BackgroundBlur.swift in Sources */,
				BB5239372ADBD99F00646494 /* GPSArtHomeView.swift in Sources */,
				F06B93632ADB847900387DEB /* Component.swift in Sources */,
				2975F0962AE3E1790046C00B /* CornerRectangleModifier.swift in Sources */,
				954CB2B82AE6492B005EB2E9 /* OnboardingLocationAuthView.swift in Sources */,
				F06298A92AE18A50007AB2D3 /* FunctionManager.swift in Sources */,
				954CB2BA2AE654BA005EB2E9 /* OnboardingNotificationAuthView.swift in Sources */,
				29C631562AE418F1005ECF55 /* DigitalTimerView.swift in Sources */,
				299803532ADF1DC200A9A134 /* CoreMotionViewModel.swift in Sources */,
				F06B93622ADB847500387DEB /* ContentView.swift in Sources */,
				F09697472ADBCD6000C38AF4 /* Shape.swift in Sources */,
				F03524102AE35AF800CCD8A6 /* RunningViewModel.swift in Sources */,
				0E29F6552ADF6C7D00F5EF5C /* KMLParserManager.swift in Sources */,
				F0AC8B382AD96AE10061612C /* ViewExtension.swift in Sources */,
				F09697432ADBC1D200C38AF4 /* Carousel.swift in Sources */,
				0EE92E682AE00A11003192FF /* FinishRunningView.swift in Sources */,
				0E29F65B2ADF6CA000F5EF5C /* RunningView.swift in Sources */,
				F06B936E2ADC279100387DEB /* SlideToUnlock.swift in Sources */,
				0E9A5D4F2AE0B8C800C19FF3 /* ShareModel.swift in Sources */,
				9528F0062AE0B37B0056CCC6 /* LoginView.swift in Sources */,
				F0AC8B112AD965A70061612C /* Modifier.swift in Sources */,
				0EE92E6E2AE00AE5003192FF /* CompleteButton.swift in Sources */,
				95E2EF882ADBA5C70083ADEE /* CourseModel.swift in Sources */,
				0EE92E7F2AE02DF2003192FF /* FreeRunningMap.swift in Sources */,
				959D90262ADA35F100748BFB /* DataTestView.swift in Sources */,
				2998035B2AE0181900A9A134 /* ConfettiShapes.swift in Sources */,
				29AE76D82ADE2A2200A46742 /* InputUserInfoView.swift in Sources */,
				299803572AE00C9B00A9A134 /* HapticManager.swift in Sources */,
				0E29F64B2ADF653000F5EF5C /* FontExtension.swift in Sources */,
				954CB2B62AE63E79005EB2E9 /* OnboardingHealthAuthView.swift in Sources */,
				9528F0022AE046DF0056CCC6 /* PathDrawingTestView.swift in Sources */,
				F06298AB2AE1998D007AB2D3 /* MapInfoView.swift in Sources */,
				0E29F6532ADF6C3A00F5EF5C /* RunningPopup.swift in Sources */,
				95E2EF712ADA6F230083ADEE /* CourseModelType.swift in Sources */,
				95EB1EF12ADE228A00B47984 /* UserInfoModelType.swift in Sources */,
				9528EFE92ADE9E870056CCC6 /* UserCoreDataModel.xcdatamodeld in Sources */,
				F0781D602AE163E00084ADD7 /* HomeTabViewModel.swift in Sources */,
				95E2EF742ADA75AA0083ADEE /* DataTestViewModel.swift in Sources */,
				299803552ADF5F1000A9A134 /* HealthKitManager.swift in Sources */,
				2998035E2AE0182100A9A134 /* ConfettiView.swift in Sources */,
				954CB29A2AE514D3005EB2E9 /* ConnectingWatchModel.swift in Sources */,
				0E9A5D462AE05DF200C19FF3 /* ShareMap.swift in Sources */,
				0E29F65A2ADF6CA000F5EF5C /* RunningMap.swift in Sources */,
				F05C97172ADA879100D5D959 /* LocationManager.swift in Sources */,
				0E29F65F2ADF6CDD00F5EF5C /* RunningMapViewModel.swift in Sources */,
				BB52396D2ADD6DBB00646494 /* CustomRoundedRectangle.swift in Sources */,
				29C631542AE418E3005ECF55 /* DigitalTimerViewModel.swift in Sources */,
				F096974D2ADBDBB000C38AF4 /* CardDetailView.swift in Sources */,
				F05C97192ADA87B800D5D959 /* LocationAuthorizationView.swift in Sources */,
				0EE92E7D2AE02DDC003192FF /* FreeRunningHomeView.swift in Sources */,
				954FFF7B2AE136CA00D27537 /* CourseDataUploadView.swift in Sources */,
				F09697512ADC069E00C38AF4 /* AnimationExtension.swift in Sources */,
				F06B93592ADAECA800387DEB /* RecommendedCourseView.swift in Sources */,
				F05C7D562ADC565E006842DB /* PreferenceKey.swift in Sources */,
				0E9A5D3F2AE058D500C19FF3 /* ShareMainView.swift in Sources */,
				9528EFEC2ADEC7CF0056CCC6 /* UserDataModelType.swift in Sources */,
				29AE76DB2ADE2A5300A46742 /* InputNicknameViewModel.swift in Sources */,
				0EE92E6C2AE00A33003192FF /* FinishRunningViewModel.swift in Sources */,
				F05C971C2ADAE6E200D5D959 /* RecomendedCourseMap.swift in Sources */,
				F01FDB9C2ADABC4600BDA633 /* TabBar.swift in Sources */,
				0E9A5D442AE058FC00C19FF3 /* ImageShareView.swift in Sources */,
				95EB1EEC2ADDC66B00B47984 /* UserDataModel.swift in Sources */,
				F06B936B2ADC23E100387DEB /* Logger.swift in Sources */,
				29AE76E02ADE2BC700A46742 /* DateExtention.swift in Sources */,
				0EE92E6A2AE00A2B003192FF /* FinishRunningMap.swift in Sources */,
				F096974B2ADBD73A00C38AF4 /* CardView.swift in Sources */,
				95EB1EE92ADDC43400B47984 /* PersistentController.swift in Sources */,
				2998035C2AE0181900A9A134 /* Confetti.swift in Sources */,
				29AE76DC2ADE2A5300A46742 /* InputUserInfoViewModel.swift in Sources */,
				F0492E1D2ADD2AE900F6EADD /* Header.swift in Sources */,
				0E9A5D422AE058EF00C19FF3 /* CustomShareView.swift in Sources */,
				29AE76D72ADE2A2200A46742 /* InputNicknameView.swift in Sources */,
				F01FDB992ADABB6100BDA633 /* TabModel.swift in Sources */,
			);
			runOnlyForDeploymentPostprocessing = 0;
		};
		F0AC8AA52AD94C200061612C /* Sources */ = {
			isa = PBXSourcesBuildPhase;
			buildActionMask = 2147483647;
			files = (
				9528EFEA2ADE9E870056CCC6 /* UserCoreDataModel.xcdatamodeld in Sources */,
				F0AC8B2A2AD967490061612C /* WatchModifier.swift in Sources */,
				F0492E232ADD545200F6EADD /* CourseListWatchView.swift in Sources */,
				BB1D53462ADE9CFA0073771F /* WatchWorkoutManager.swift in Sources */,
				F0AC8B1D2AD966990061612C /* Model.swift in Sources */,
				BB1D534A2ADE9DC40073771F /* ElapsedTimeView.swift in Sources */,
				299803602AE0240100A9A134 /* ConfettiShapes.swift in Sources */,
				299803612AE0240300A9A134 /* Confetti.swift in Sources */,
				954CB29E2AE5161D005EB2E9 /* UserDataModelType.swift in Sources */,
				29111E372AE0C9CA009833C7 /* FinishWatchView.swift in Sources */,
				F0AC8B242AD9670A0061612C /* WatchComponent.swift in Sources */,
				29111E3F2AE0CD0C009833C7 /* ConfettiWatchView.swift in Sources */,
				F0492E1E2ADD515100F6EADD /* LocationManager.swift in Sources */,
				F0AC8B272AD967330061612C /* WatchExtension.swift in Sources */,
				BB5239292ADAF75C00646494 /* Logger.swift in Sources */,
				F0AC8AB12AD94C200061612C /* ContentWatchView.swift in Sources */,
				BB1D53432ADE9C7D0073771F /* ControlsView.swift in Sources */,
				BBD6956C2ADFBFA1007AA6D9 /* ComplicationController.swift in Sources */,
				954CB29B2AE514D5005EB2E9 /* ConnectingWatchModel.swift in Sources */,
				BB1D534C2ADEA6F90073771F /* SummaryView.swift in Sources */,
				BB1D53482ADE9D780073771F /* MetricsView.swift in Sources */,
				F0E6481A2ADDA683002F9FAA /* MapWatchView.swift in Sources */,
				954CB29D2AE5161B005EB2E9 /* UserDataModel.swift in Sources */,
				F0AC8AAF2AD94C200061612C /* OutlineWatchApp.swift in Sources */,
				954CB29C2AE51619005EB2E9 /* PersistentController.swift in Sources */,
				F0AC8B1C2AD966930061612C /* ViewModel.swift in Sources */,
				29111E3B2AE0CA89009833C7 /* SheetWatchView.swift in Sources */,
				29111E392AE0CA46009833C7 /* FinalWatchView.swift in Sources */,
				BB493CF82AE0CA55009D3699 /* ElapsedTimeFormatter.swift in Sources */,
				F0492E212ADD52E900F6EADD /* WatchTabView.swift in Sources */,
			);
			runOnlyForDeploymentPostprocessing = 0;
		};
/* End PBXSourcesBuildPhase section */

/* Begin PBXTargetDependency section */
		F0AC8AAC2AD94C200061612C /* PBXTargetDependency */ = {
			isa = PBXTargetDependency;
			target = F0AC8AA82AD94C200061612C /* Outline Watch App */;
			targetProxy = F0AC8AAB2AD94C200061612C /* PBXContainerItemProxy */;
		};
/* End PBXTargetDependency section */

/* Begin XCBuildConfiguration section */
		F0AC8AB72AD94C210061612C /* Debug */ = {
			isa = XCBuildConfiguration;
			buildSettings = {
				ALWAYS_SEARCH_USER_PATHS = NO;
				ASSETCATALOG_COMPILER_GENERATE_SWIFT_ASSET_SYMBOL_EXTENSIONS = YES;
				CLANG_ANALYZER_NONNULL = YES;
				CLANG_ANALYZER_NUMBER_OBJECT_CONVERSION = YES_AGGRESSIVE;
				CLANG_CXX_LANGUAGE_STANDARD = "gnu++20";
				CLANG_ENABLE_MODULES = YES;
				CLANG_ENABLE_OBJC_ARC = YES;
				CLANG_ENABLE_OBJC_WEAK = YES;
				CLANG_WARN_BLOCK_CAPTURE_AUTORELEASING = YES;
				CLANG_WARN_BOOL_CONVERSION = YES;
				CLANG_WARN_COMMA = YES;
				CLANG_WARN_CONSTANT_CONVERSION = YES;
				CLANG_WARN_DEPRECATED_OBJC_IMPLEMENTATIONS = YES;
				CLANG_WARN_DIRECT_OBJC_ISA_USAGE = YES_ERROR;
				CLANG_WARN_DOCUMENTATION_COMMENTS = YES;
				CLANG_WARN_EMPTY_BODY = YES;
				CLANG_WARN_ENUM_CONVERSION = YES;
				CLANG_WARN_INFINITE_RECURSION = YES;
				CLANG_WARN_INT_CONVERSION = YES;
				CLANG_WARN_NON_LITERAL_NULL_CONVERSION = YES;
				CLANG_WARN_OBJC_IMPLICIT_RETAIN_SELF = YES;
				CLANG_WARN_OBJC_LITERAL_CONVERSION = YES;
				CLANG_WARN_OBJC_ROOT_CLASS = YES_ERROR;
				CLANG_WARN_QUOTED_INCLUDE_IN_FRAMEWORK_HEADER = YES;
				CLANG_WARN_RANGE_LOOP_ANALYSIS = YES;
				CLANG_WARN_STRICT_PROTOTYPES = YES;
				CLANG_WARN_SUSPICIOUS_MOVE = YES;
				CLANG_WARN_UNGUARDED_AVAILABILITY = YES_AGGRESSIVE;
				CLANG_WARN_UNREACHABLE_CODE = YES;
				CLANG_WARN__DUPLICATE_METHOD_MATCH = YES;
				COPY_PHASE_STRIP = NO;
				DEBUG_INFORMATION_FORMAT = dwarf;
				ENABLE_STRICT_OBJC_MSGSEND = YES;
				ENABLE_TESTABILITY = YES;
				ENABLE_USER_SCRIPT_SANDBOXING = NO;
				GCC_C_LANGUAGE_STANDARD = gnu17;
				GCC_DYNAMIC_NO_PIC = NO;
				GCC_NO_COMMON_BLOCKS = YES;
				GCC_OPTIMIZATION_LEVEL = 0;
				GCC_PREPROCESSOR_DEFINITIONS = (
					"DEBUG=1",
					"$(inherited)",
				);
				GCC_WARN_64_TO_32_BIT_CONVERSION = YES;
				GCC_WARN_ABOUT_RETURN_TYPE = YES_ERROR;
				GCC_WARN_UNDECLARED_SELECTOR = YES;
				GCC_WARN_UNINITIALIZED_AUTOS = YES_AGGRESSIVE;
				GCC_WARN_UNUSED_FUNCTION = YES;
				GCC_WARN_UNUSED_VARIABLE = YES;
				IPHONEOS_DEPLOYMENT_TARGET = 16.0;
				LOCALIZATION_PREFERS_STRING_CATALOGS = YES;
				MTL_ENABLE_DEBUG_INFO = INCLUDE_SOURCE;
				MTL_FAST_MATH = YES;
				ONLY_ACTIVE_ARCH = YES;
				OTHER_LDFLAGS = "";
				SWIFT_ACTIVE_COMPILATION_CONDITIONS = "DEBUG $(inherited)";
				SWIFT_OPTIMIZATION_LEVEL = "-Onone";
				WARNING_LDFLAGS = "";
				WATCHOS_DEPLOYMENT_TARGET = 10.0;
			};
			name = Debug;
		};
		F0AC8AB82AD94C210061612C /* Release */ = {
			isa = XCBuildConfiguration;
			buildSettings = {
				ALWAYS_SEARCH_USER_PATHS = NO;
				ASSETCATALOG_COMPILER_GENERATE_SWIFT_ASSET_SYMBOL_EXTENSIONS = YES;
				CLANG_ANALYZER_NONNULL = YES;
				CLANG_ANALYZER_NUMBER_OBJECT_CONVERSION = YES_AGGRESSIVE;
				CLANG_CXX_LANGUAGE_STANDARD = "gnu++20";
				CLANG_ENABLE_MODULES = YES;
				CLANG_ENABLE_OBJC_ARC = YES;
				CLANG_ENABLE_OBJC_WEAK = YES;
				CLANG_WARN_BLOCK_CAPTURE_AUTORELEASING = YES;
				CLANG_WARN_BOOL_CONVERSION = YES;
				CLANG_WARN_COMMA = YES;
				CLANG_WARN_CONSTANT_CONVERSION = YES;
				CLANG_WARN_DEPRECATED_OBJC_IMPLEMENTATIONS = YES;
				CLANG_WARN_DIRECT_OBJC_ISA_USAGE = YES_ERROR;
				CLANG_WARN_DOCUMENTATION_COMMENTS = YES;
				CLANG_WARN_EMPTY_BODY = YES;
				CLANG_WARN_ENUM_CONVERSION = YES;
				CLANG_WARN_INFINITE_RECURSION = YES;
				CLANG_WARN_INT_CONVERSION = YES;
				CLANG_WARN_NON_LITERAL_NULL_CONVERSION = YES;
				CLANG_WARN_OBJC_IMPLICIT_RETAIN_SELF = YES;
				CLANG_WARN_OBJC_LITERAL_CONVERSION = YES;
				CLANG_WARN_OBJC_ROOT_CLASS = YES_ERROR;
				CLANG_WARN_QUOTED_INCLUDE_IN_FRAMEWORK_HEADER = YES;
				CLANG_WARN_RANGE_LOOP_ANALYSIS = YES;
				CLANG_WARN_STRICT_PROTOTYPES = YES;
				CLANG_WARN_SUSPICIOUS_MOVE = YES;
				CLANG_WARN_UNGUARDED_AVAILABILITY = YES_AGGRESSIVE;
				CLANG_WARN_UNREACHABLE_CODE = YES;
				CLANG_WARN__DUPLICATE_METHOD_MATCH = YES;
				COPY_PHASE_STRIP = NO;
				DEBUG_INFORMATION_FORMAT = "dwarf-with-dsym";
				ENABLE_NS_ASSERTIONS = NO;
				ENABLE_STRICT_OBJC_MSGSEND = YES;
				ENABLE_USER_SCRIPT_SANDBOXING = NO;
				GCC_C_LANGUAGE_STANDARD = gnu17;
				GCC_NO_COMMON_BLOCKS = YES;
				GCC_WARN_64_TO_32_BIT_CONVERSION = YES;
				GCC_WARN_ABOUT_RETURN_TYPE = YES_ERROR;
				GCC_WARN_UNDECLARED_SELECTOR = YES;
				GCC_WARN_UNINITIALIZED_AUTOS = YES_AGGRESSIVE;
				GCC_WARN_UNUSED_FUNCTION = YES;
				GCC_WARN_UNUSED_VARIABLE = YES;
				IPHONEOS_DEPLOYMENT_TARGET = 16.0;
				LOCALIZATION_PREFERS_STRING_CATALOGS = YES;
				MTL_ENABLE_DEBUG_INFO = NO;
				MTL_FAST_MATH = YES;
				OTHER_LDFLAGS = "";
				SWIFT_COMPILATION_MODE = wholemodule;
				WARNING_LDFLAGS = "";
				WATCHOS_DEPLOYMENT_TARGET = 10.0;
			};
			name = Release;
		};
		F0AC8ABA2AD94C210061612C /* Debug */ = {
			isa = XCBuildConfiguration;
			buildSettings = {
				ASSETCATALOG_COMPILER_APPICON_NAME = AppIcon;
				ASSETCATALOG_COMPILER_GLOBAL_ACCENT_COLOR_NAME = AccentColor;
				ASSETCATALOG_COMPILER_INCLUDE_ALL_APPICON_ASSETS = YES;
				CODE_SIGN_ENTITLEMENTS = "Outline Watch App.entitlements";
				CODE_SIGN_STYLE = Automatic;
				CURRENT_PROJECT_VERSION = 1;
				DEVELOPMENT_ASSET_PATHS = "\"Outline Watch/Preview Content\"";
				DEVELOPMENT_TEAM = 77745NX67K;
				ENABLE_PREVIEWS = YES;
				ENABLE_USER_SCRIPT_SANDBOXING = NO;
				GENERATE_INFOPLIST_FILE = YES;
				INFOPLIST_FILE = "Outline-Watch-App-Info.plist";
				INFOPLIST_KEY_CFBundleDisplayName = Outline;
				INFOPLIST_KEY_LSApplicationCategoryType = "";
				INFOPLIST_KEY_NSHealthClinicalHealthRecordsShareUsageDescription = "운동 데이터를 측정하기 위해 필요합니다. ";
				INFOPLIST_KEY_NSHealthShareUsageDescription = "운동 데이터를 측정하기 위해 필요합니다. ";
				INFOPLIST_KEY_NSHealthUpdateUsageDescription = "운동 데이터를 보여주기 위해 필요합니다. ";
				INFOPLIST_KEY_NSLocationAlwaysUsageDescription = "당신의 러닝 데이터를 저장하기 위하여 사용됩니다. ";
				INFOPLIST_KEY_NSLocationWhenInUseUsageDescription = "당신의 위치는 러닝을 기록하는데 사용됩니다. 운동 중에 백그라운드에서도 위치 서비스를 사용합니다.";
				INFOPLIST_KEY_UISupportedInterfaceOrientations = "UIInterfaceOrientationPortrait UIInterfaceOrientationPortraitUpsideDown";
				INFOPLIST_KEY_WKCompanionAppBundleIdentifier = hyunjun;
				INFOPLIST_KEY_WKRunsIndependentlyOfCompanionApp = NO;
				LD_RUNPATH_SEARCH_PATHS = (
					"$(inherited)",
					"@executable_path/Frameworks",
				);
				MARKETING_VERSION = 1.0;
				OTHER_LDFLAGS = "";
				PRODUCT_BUNDLE_IDENTIFIER = hyunjun.watch;
				PRODUCT_NAME = "$(TARGET_NAME)";
				SDKROOT = watchos;
				SKIP_INSTALL = YES;
				SWIFT_EMIT_LOC_STRINGS = YES;
				SWIFT_OBJC_INTEROP_MODE = objc;
				SWIFT_VERSION = 5.0;
				TARGETED_DEVICE_FAMILY = 4;
				WATCHOS_DEPLOYMENT_TARGET = 10.0;
			};
			name = Debug;
		};
		F0AC8ABB2AD94C210061612C /* Release */ = {
			isa = XCBuildConfiguration;
			buildSettings = {
				ASSETCATALOG_COMPILER_APPICON_NAME = AppIcon;
				ASSETCATALOG_COMPILER_GLOBAL_ACCENT_COLOR_NAME = AccentColor;
				ASSETCATALOG_COMPILER_INCLUDE_ALL_APPICON_ASSETS = YES;
				CODE_SIGN_ENTITLEMENTS = "Outline Watch App.entitlements";
				CODE_SIGN_STYLE = Automatic;
				CURRENT_PROJECT_VERSION = 1;
				DEVELOPMENT_ASSET_PATHS = "\"Outline Watch/Preview Content\"";
				DEVELOPMENT_TEAM = 77745NX67K;
				ENABLE_PREVIEWS = YES;
				ENABLE_USER_SCRIPT_SANDBOXING = NO;
				GENERATE_INFOPLIST_FILE = YES;
				INFOPLIST_FILE = "Outline-Watch-App-Info.plist";
				INFOPLIST_KEY_CFBundleDisplayName = Outline;
				INFOPLIST_KEY_LSApplicationCategoryType = "";
				INFOPLIST_KEY_NSHealthClinicalHealthRecordsShareUsageDescription = "운동 데이터를 측정하기 위해 필요합니다. ";
				INFOPLIST_KEY_NSHealthShareUsageDescription = "운동 데이터를 측정하기 위해 필요합니다. ";
				INFOPLIST_KEY_NSHealthUpdateUsageDescription = "운동 데이터를 보여주기 위해 필요합니다. ";
				INFOPLIST_KEY_NSLocationAlwaysUsageDescription = "당신의 러닝 데이터를 저장하기 위하여 사용됩니다. ";
				INFOPLIST_KEY_NSLocationWhenInUseUsageDescription = "당신의 위치는 러닝을 기록하는데 사용됩니다. 운동 중에 백그라운드에서도 위치 서비스를 사용합니다.";
				INFOPLIST_KEY_UISupportedInterfaceOrientations = "UIInterfaceOrientationPortrait UIInterfaceOrientationPortraitUpsideDown";
				INFOPLIST_KEY_WKCompanionAppBundleIdentifier = hyunjun;
				INFOPLIST_KEY_WKRunsIndependentlyOfCompanionApp = NO;
				LD_RUNPATH_SEARCH_PATHS = (
					"$(inherited)",
					"@executable_path/Frameworks",
				);
				MARKETING_VERSION = 1.0;
				OTHER_LDFLAGS = "";
				PRODUCT_BUNDLE_IDENTIFIER = hyunjun.watch;
				PRODUCT_NAME = "$(TARGET_NAME)";
				SDKROOT = watchos;
				SKIP_INSTALL = YES;
				SWIFT_EMIT_LOC_STRINGS = YES;
				SWIFT_OBJC_INTEROP_MODE = objc;
				SWIFT_VERSION = 5.0;
				TARGETED_DEVICE_FAMILY = 4;
				VALIDATE_PRODUCT = YES;
				WATCHOS_DEPLOYMENT_TARGET = 10.0;
			};
			name = Release;
		};
		F0AC8ABE2AD94C210061612C /* Debug */ = {
			isa = XCBuildConfiguration;
			buildSettings = {
				ALWAYS_EMBED_SWIFT_STANDARD_LIBRARIES = YES;
				ASSETCATALOG_COMPILER_APPICON_NAME = AppIcon;
				ASSETCATALOG_COMPILER_GLOBAL_ACCENT_COLOR_NAME = AccentColor;
				CODE_SIGN_ENTITLEMENTS = Outline/Outline.entitlements;
				CODE_SIGN_STYLE = Automatic;
				CURRENT_PROJECT_VERSION = 1;
				DEVELOPMENT_ASSET_PATHS = "\"Outline/Preview Content\"";
				DEVELOPMENT_TEAM = 77745NX67K;
				ENABLE_PREVIEWS = YES;
				ENABLE_USER_SCRIPT_SANDBOXING = NO;
				"EXCLUDED_ARCHS[sdk=*]" = "";
				GENERATE_INFOPLIST_FILE = YES;
				INFOPLIST_FILE = Outline/Info.plist;
				INFOPLIST_KEY_CFBundleDisplayName = Outline;
				INFOPLIST_KEY_NSCameraUsageDescription = "러닝 화면을 꾸밀 수 있도록 사진을 선택해보세요!\n사진을 선택해보세요!";
				INFOPLIST_KEY_NSHealthShareUsageDescription = "애플 워치를 이용하여 당신의 워크아웃 기록을 트래킹하여 운동에 저장하기 위하여 사용됩니다. ";
				INFOPLIST_KEY_NSHealthUpdateUsageDescription = "러닝을 하며 운동 데이터를 확인하는 데에 건강정보를 사용합니다. ";
				INFOPLIST_KEY_NSLocationAlwaysUsageDescription = "당신의 러닝 데이터를 저장하기 위하여 사용됩니다. ";
				INFOPLIST_KEY_NSLocationWhenInUseUsageDescription = "당신의 위치는 러닝을 기록하는데 사용됩니다. 운동 중에 백그라운드에서도 위치 서비스를 사용합니다.";
				INFOPLIST_KEY_NSMotionUsageDescription = "";
				INFOPLIST_KEY_NSPhotoLibraryUsageDescription = "러닝 화면을 꾸밀 수 있도록 사진을 선택해보세요!";
				INFOPLIST_KEY_UIApplicationSceneManifest_Generation = YES;
				INFOPLIST_KEY_UIApplicationSupportsIndirectInputEvents = YES;
				INFOPLIST_KEY_UILaunchScreen_Generation = YES;
				INFOPLIST_KEY_UISupportedInterfaceOrientations_iPad = "UIInterfaceOrientationPortrait UIInterfaceOrientationPortraitUpsideDown UIInterfaceOrientationLandscapeLeft UIInterfaceOrientationLandscapeRight";
				INFOPLIST_KEY_UISupportedInterfaceOrientations_iPhone = "UIInterfaceOrientationPortrait UIInterfaceOrientationLandscapeLeft UIInterfaceOrientationLandscapeRight";
				INFOPLIST_KEY_UIUserInterfaceStyle = Dark;
				IPHONEOS_DEPLOYMENT_TARGET = 17.0;
				LD_RUNPATH_SEARCH_PATHS = (
					"$(inherited)",
					"@executable_path/Frameworks",
				);
				MARKETING_VERSION = 1.0;
				OTHER_LDFLAGS = "";
				PRODUCT_BUNDLE_IDENTIFIER = hyunjun;
				PRODUCT_NAME = "$(TARGET_NAME)";
				SDKROOT = iphoneos;
				SWIFT_EMIT_LOC_STRINGS = YES;
				SWIFT_VERSION = 5.0;
				TARGETED_DEVICE_FAMILY = "1,2";
			};
			name = Debug;
		};
		F0AC8ABF2AD94C210061612C /* Release */ = {
			isa = XCBuildConfiguration;
			buildSettings = {
				ALWAYS_EMBED_SWIFT_STANDARD_LIBRARIES = YES;
				ASSETCATALOG_COMPILER_APPICON_NAME = AppIcon;
				ASSETCATALOG_COMPILER_GLOBAL_ACCENT_COLOR_NAME = AccentColor;
				CODE_SIGN_ENTITLEMENTS = Outline/Outline.entitlements;
				CODE_SIGN_STYLE = Automatic;
				CURRENT_PROJECT_VERSION = 1;
				DEVELOPMENT_ASSET_PATHS = "\"Outline/Preview Content\"";
				DEVELOPMENT_TEAM = 77745NX67K;
				ENABLE_PREVIEWS = YES;
				ENABLE_USER_SCRIPT_SANDBOXING = NO;
				"EXCLUDED_ARCHS[sdk=*]" = "";
				GENERATE_INFOPLIST_FILE = YES;
				INFOPLIST_FILE = Outline/Info.plist;
				INFOPLIST_KEY_CFBundleDisplayName = Outline;
				INFOPLIST_KEY_NSCameraUsageDescription = "러닝 화면을 꾸밀 수 있도록 사진을 선택해보세요!\n사진을 선택해보세요!";
				INFOPLIST_KEY_NSHealthShareUsageDescription = "애플 워치를 이용하여 당신의 워크아웃 기록을 트래킹하여 운동에 저장하기 위하여 사용됩니다. ";
				INFOPLIST_KEY_NSHealthUpdateUsageDescription = "러닝을 하며 운동 데이터를 확인하는 데에 건강정보를 사용합니다. ";
				INFOPLIST_KEY_NSLocationAlwaysUsageDescription = "당신의 러닝 데이터를 저장하기 위하여 사용됩니다. ";
				INFOPLIST_KEY_NSLocationWhenInUseUsageDescription = "당신의 위치는 러닝을 기록하는데 사용됩니다. 운동 중에 백그라운드에서도 위치 서비스를 사용합니다.";
				INFOPLIST_KEY_NSMotionUsageDescription = "";
				INFOPLIST_KEY_NSPhotoLibraryUsageDescription = "러닝 화면을 꾸밀 수 있도록 사진을 선택해보세요!";
				INFOPLIST_KEY_UIApplicationSceneManifest_Generation = YES;
				INFOPLIST_KEY_UIApplicationSupportsIndirectInputEvents = YES;
				INFOPLIST_KEY_UILaunchScreen_Generation = YES;
				INFOPLIST_KEY_UISupportedInterfaceOrientations_iPad = "UIInterfaceOrientationPortrait UIInterfaceOrientationPortraitUpsideDown UIInterfaceOrientationLandscapeLeft UIInterfaceOrientationLandscapeRight";
				INFOPLIST_KEY_UISupportedInterfaceOrientations_iPhone = "UIInterfaceOrientationPortrait UIInterfaceOrientationLandscapeLeft UIInterfaceOrientationLandscapeRight";
				INFOPLIST_KEY_UIUserInterfaceStyle = Dark;
				IPHONEOS_DEPLOYMENT_TARGET = 17.0;
				LD_RUNPATH_SEARCH_PATHS = (
					"$(inherited)",
					"@executable_path/Frameworks",
				);
				MARKETING_VERSION = 1.0;
				OTHER_LDFLAGS = "";
				PRODUCT_BUNDLE_IDENTIFIER = hyunjun;
				PRODUCT_NAME = "$(TARGET_NAME)";
				SDKROOT = iphoneos;
				SWIFT_EMIT_LOC_STRINGS = YES;
				SWIFT_VERSION = 5.0;
				TARGETED_DEVICE_FAMILY = "1,2";
				VALIDATE_PRODUCT = YES;
			};
			name = Release;
		};
/* End XCBuildConfiguration section */

/* Begin XCConfigurationList section */
		F0AC8A942AD94C1F0061612C /* Build configuration list for PBXProject "Outline" */ = {
			isa = XCConfigurationList;
			buildConfigurations = (
				F0AC8AB72AD94C210061612C /* Debug */,
				F0AC8AB82AD94C210061612C /* Release */,
			);
			defaultConfigurationIsVisible = 0;
			defaultConfigurationName = Release;
		};
		F0AC8AB92AD94C210061612C /* Build configuration list for PBXNativeTarget "Outline Watch App" */ = {
			isa = XCConfigurationList;
			buildConfigurations = (
				F0AC8ABA2AD94C210061612C /* Debug */,
				F0AC8ABB2AD94C210061612C /* Release */,
			);
			defaultConfigurationIsVisible = 0;
			defaultConfigurationName = Release;
		};
		F0AC8ABD2AD94C210061612C /* Build configuration list for PBXNativeTarget "Outline" */ = {
			isa = XCConfigurationList;
			buildConfigurations = (
				F0AC8ABE2AD94C210061612C /* Debug */,
				F0AC8ABF2AD94C210061612C /* Release */,
			);
			defaultConfigurationIsVisible = 0;
			defaultConfigurationName = Release;
		};
/* End XCConfigurationList section */

/* Begin XCRemoteSwiftPackageReference section */
		954CB2902AE5131B005EB2E9 /* XCRemoteSwiftPackageReference "firebase-ios-sdk" */ = {
			isa = XCRemoteSwiftPackageReference;
			repositoryURL = "https://github.com/firebase/firebase-ios-sdk";
			requirement = {
				kind = upToNextMajorVersion;
				minimumVersion = 10.16.0;
			};
		};
/* End XCRemoteSwiftPackageReference section */

/* Begin XCSwiftPackageProductDependency section */
		954CB2912AE5131B005EB2E9 /* FirebaseFirestore */ = {
			isa = XCSwiftPackageProductDependency;
			package = 954CB2902AE5131B005EB2E9 /* XCRemoteSwiftPackageReference "firebase-ios-sdk" */;
			productName = FirebaseFirestore;
		};
		954CB2932AE5131B005EB2E9 /* FirebaseFirestoreCombine-Community */ = {
			isa = XCSwiftPackageProductDependency;
			package = 954CB2902AE5131B005EB2E9 /* XCRemoteSwiftPackageReference "firebase-ios-sdk" */;
			productName = "FirebaseFirestoreCombine-Community";
		};
		954CB2952AE5131B005EB2E9 /* FirebaseFirestoreSwift */ = {
			isa = XCSwiftPackageProductDependency;
			package = 954CB2902AE5131B005EB2E9 /* XCRemoteSwiftPackageReference "firebase-ios-sdk" */;
			productName = FirebaseFirestoreSwift;
		};
/* End XCSwiftPackageProductDependency section */

/* Begin XCVersionGroup section */
		95EB1EF62ADE251100B47984 /* UserCoreDataModel.xcdatamodeld */ = {
			isa = XCVersionGroup;
			children = (
				95EB1EF72ADE251100B47984 /* UserCoreDataModel.xcdatamodel */,
			);
			currentVersion = 95EB1EF72ADE251100B47984 /* UserCoreDataModel.xcdatamodel */;
			path = UserCoreDataModel.xcdatamodeld;
			sourceTree = "<group>";
			versionGroupType = wrapper.xcdatamodel;
		};
/* End XCVersionGroup section */
	};
	rootObject = F0AC8A912AD94C1F0061612C /* Project object */;
}
