// !$*UTF8*$!
{
	archiveVersion = 1;
	classes = {
	};
	objectVersion = 56;
	objects = {

/* Begin PBXBuildFile section */
		9528EFE92ADE9E870056CCC6 /* UserCoreDataModel.xcdatamodeld in Sources */ = {isa = PBXBuildFile; fileRef = 95EB1EF62ADE251100B47984 /* UserCoreDataModel.xcdatamodeld */; };
		9528EFEA2ADE9E870056CCC6 /* UserCoreDataModel.xcdatamodeld in Sources */ = {isa = PBXBuildFile; fileRef = 95EB1EF62ADE251100B47984 /* UserCoreDataModel.xcdatamodeld */; };
		9528EFEC2ADEC7CF0056CCC6 /* UserDataModelType.swift in Sources */ = {isa = PBXBuildFile; fileRef = 9528EFEB2ADEC7CF0056CCC6 /* UserDataModelType.swift */; };
		9528EFED2ADEC7CF0056CCC6 /* UserDataModelType.swift in Sources */ = {isa = PBXBuildFile; fileRef = 9528EFEB2ADEC7CF0056CCC6 /* UserDataModelType.swift */; };
		959D90262ADA35F100748BFB /* DataTestView.swift in Sources */ = {isa = PBXBuildFile; fileRef = 959D90252ADA35F100748BFB /* DataTestView.swift */; };
		95E2EF712ADA6F230083ADEE /* CourseModelType.swift in Sources */ = {isa = PBXBuildFile; fileRef = 95E2EF702ADA6F230083ADEE /* CourseModelType.swift */; };
		95E2EF742ADA75AA0083ADEE /* DataTestViewModel.swift in Sources */ = {isa = PBXBuildFile; fileRef = 95E2EF732ADA75AA0083ADEE /* DataTestViewModel.swift */; };
		95E2EF882ADBA5C70083ADEE /* CourseModel.swift in Sources */ = {isa = PBXBuildFile; fileRef = 95E2EF872ADBA5C70083ADEE /* CourseModel.swift */; };
		95EB1EE92ADDC43400B47984 /* PersistentController.swift in Sources */ = {isa = PBXBuildFile; fileRef = 95EB1EE82ADDC43400B47984 /* PersistentController.swift */; };
		95EB1EEC2ADDC66B00B47984 /* UserDataModel.swift in Sources */ = {isa = PBXBuildFile; fileRef = 95EB1EEB2ADDC66B00B47984 /* UserDataModel.swift */; };
		95EB1EF12ADE228A00B47984 /* UserInfoModelType.swift in Sources */ = {isa = PBXBuildFile; fileRef = 95EB1EF02ADE228A00B47984 /* UserInfoModelType.swift */; };
		BB1D52F72ADDA8260073771F /* GoogleService-Info.plist in Resources */ = {isa = PBXBuildFile; fileRef = BB1D52F62ADDA8260073771F /* GoogleService-Info.plist */; };
		BB1D53022ADDB0310073771F /* FirebaseFirestore in Frameworks */ = {isa = PBXBuildFile; productRef = BB1D53012ADDB0310073771F /* FirebaseFirestore */; };
		BB1D53042ADDB0310073771F /* FirebaseFirestoreCombine-Community in Frameworks */ = {isa = PBXBuildFile; productRef = BB1D53032ADDB0310073771F /* FirebaseFirestoreCombine-Community */; };
		BB1D53062ADDB0310073771F /* FirebaseFirestoreSwift in Frameworks */ = {isa = PBXBuildFile; productRef = BB1D53052ADDB0310073771F /* FirebaseFirestoreSwift */; };
		BB5238FC2ADAF1CE00646494 /* InputUserInfoView.swift in Sources */ = {isa = PBXBuildFile; fileRef = BB5238FB2ADAF1CE00646494 /* InputUserInfoView.swift */; };
		BB5239292ADAF75C00646494 /* Logger.swift in Sources */ = {isa = PBXBuildFile; fileRef = BB5239272ADAF72A00646494 /* Logger.swift */; };
		BB52392B2ADAF7BD00646494 /* WorkoutManager.swift in Sources */ = {isa = PBXBuildFile; fileRef = BB52392A2ADAF7BD00646494 /* WorkoutManager.swift */; };
		BB5239372ADBD99F00646494 /* GPSArtHomeView.swift in Sources */ = {isa = PBXBuildFile; fileRef = BB5239362ADBD99F00646494 /* GPSArtHomeView.swift */; };
		BB5239582ADC396300646494 /* BackgroundBlur.swift in Sources */ = {isa = PBXBuildFile; fileRef = BB5239572ADC396300646494 /* BackgroundBlur.swift */; };
		F01FDB992ADABB6100BDA633 /* TabModel.swift in Sources */ = {isa = PBXBuildFile; fileRef = F01FDB982ADABB6100BDA633 /* TabModel.swift */; };
		F01FDB9C2ADABC4600BDA633 /* TabBar.swift in Sources */ = {isa = PBXBuildFile; fileRef = F01FDB9B2ADABC4600BDA633 /* TabBar.swift */; };
		F01FDB9E2ADABD3D00BDA633 /* TabView.swift in Sources */ = {isa = PBXBuildFile; fileRef = F01FDB9D2ADABD3D00BDA633 /* TabView.swift */; };
		F0492E1D2ADD2AE900F6EADD /* Header.swift in Sources */ = {isa = PBXBuildFile; fileRef = F0492E1C2ADD2AE900F6EADD /* Header.swift */; };
		F05C7D562ADC565E006842DB /* PreferenceKey.swift in Sources */ = {isa = PBXBuildFile; fileRef = F05C7D552ADC565E006842DB /* PreferenceKey.swift */; };
		F05C97172ADA879100D5D959 /* LocationManager.swift in Sources */ = {isa = PBXBuildFile; fileRef = F05C97162ADA879100D5D959 /* LocationManager.swift */; };
		F05C97192ADA87B800D5D959 /* LocationAuthorizationView.swift in Sources */ = {isa = PBXBuildFile; fileRef = F05C97182ADA87B800D5D959 /* LocationAuthorizationView.swift */; };
		F05C971C2ADAE6E200D5D959 /* RecomendedCourseMap.swift in Sources */ = {isa = PBXBuildFile; fileRef = F05C971B2ADAE6E200D5D959 /* RecomendedCourseMap.swift */; };
		F06B93592ADAECA800387DEB /* RecommendedCourseView.swift in Sources */ = {isa = PBXBuildFile; fileRef = F06B93582ADAECA800387DEB /* RecommendedCourseView.swift */; };
		F06B93622ADB847500387DEB /* ContentView.swift in Sources */ = {isa = PBXBuildFile; fileRef = F0AC8A9E2AD94C1F0061612C /* ContentView.swift */; };
		F06B93632ADB847900387DEB /* Component.swift in Sources */ = {isa = PBXBuildFile; fileRef = F06B93602ADB836600387DEB /* Component.swift */; };
		F06B936A2ADC23DF00387DEB /* WorkoutManager.swift in Sources */ = {isa = PBXBuildFile; fileRef = BB52392A2ADAF7BD00646494 /* WorkoutManager.swift */; };
		F06B936B2ADC23E100387DEB /* Logger.swift in Sources */ = {isa = PBXBuildFile; fileRef = BB5239272ADAF72A00646494 /* Logger.swift */; };
		F06B936C2ADC245700387DEB /* RecommendedCoursesViewModel.swift in Sources */ = {isa = PBXBuildFile; fileRef = F0AC8B032AD964EF0061612C /* RecommendedCoursesViewModel.swift */; };
		F06B936E2ADC279100387DEB /* SlideToUnlock.swift in Sources */ = {isa = PBXBuildFile; fileRef = F06B936D2ADC279100387DEB /* SlideToUnlock.swift */; };
		F09697432ADBC1D200C38AF4 /* Carousel.swift in Sources */ = {isa = PBXBuildFile; fileRef = F09697422ADBC1D200C38AF4 /* Carousel.swift */; };
		F09697472ADBCD6000C38AF4 /* Shape.swift in Sources */ = {isa = PBXBuildFile; fileRef = F09697462ADBCD6000C38AF4 /* Shape.swift */; };
		F096974B2ADBD73A00C38AF4 /* CardView.swift in Sources */ = {isa = PBXBuildFile; fileRef = F096974A2ADBD73A00C38AF4 /* CardView.swift */; };
		F096974D2ADBDBB000C38AF4 /* CardDetailView.swift in Sources */ = {isa = PBXBuildFile; fileRef = F096974C2ADBDBB000C38AF4 /* CardDetailView.swift */; };
		F096974F2ADBEE9F00C38AF4 /* CardDetailInformationView.swift in Sources */ = {isa = PBXBuildFile; fileRef = F096974E2ADBEE9F00C38AF4 /* CardDetailInformationView.swift */; };
		F09697512ADC069E00C38AF4 /* AnimationExtension.swift in Sources */ = {isa = PBXBuildFile; fileRef = F09697502ADC069E00C38AF4 /* AnimationExtension.swift */; };
		F0AC8A9D2AD94C1F0061612C /* OutlineApp.swift in Sources */ = {isa = PBXBuildFile; fileRef = F0AC8A9C2AD94C1F0061612C /* OutlineApp.swift */; };
		F0AC8AA12AD94C200061612C /* Color.xcassets in Resources */ = {isa = PBXBuildFile; fileRef = F0AC8AA02AD94C200061612C /* Color.xcassets */; };
		F0AC8AA42AD94C200061612C /* Preview Assets.xcassets in Resources */ = {isa = PBXBuildFile; fileRef = F0AC8AA32AD94C200061612C /* Preview Assets.xcassets */; };
		F0AC8AAF2AD94C200061612C /* OutlineApp.swift in Sources */ = {isa = PBXBuildFile; fileRef = F0AC8AAE2AD94C200061612C /* OutlineApp.swift */; };
		F0AC8AB12AD94C200061612C /* ContentView.swift in Sources */ = {isa = PBXBuildFile; fileRef = F0AC8AB02AD94C200061612C /* ContentView.swift */; };
		F0AC8AB32AD94C210061612C /* Image.xcassets in Resources */ = {isa = PBXBuildFile; fileRef = F0AC8AB22AD94C210061612C /* Image.xcassets */; };
		F0AC8AB62AD94C210061612C /* Preview Assets.xcassets in Resources */ = {isa = PBXBuildFile; fileRef = F0AC8AB52AD94C210061612C /* Preview Assets.xcassets */; };
		F0AC8B042AD964EF0061612C /* RecommendedCoursesViewModel.swift in Sources */ = {isa = PBXBuildFile; fileRef = F0AC8B032AD964EF0061612C /* RecommendedCoursesViewModel.swift */; };
		F0AC8B072AD965390061612C /* UserInfoModel.swift in Sources */ = {isa = PBXBuildFile; fileRef = F0AC8B062AD965390061612C /* UserInfoModel.swift */; };
		F0AC8B0F2AD9659D0061612C /* ColorExtension.swift in Sources */ = {isa = PBXBuildFile; fileRef = F0AC8B0E2AD9659D0061612C /* ColorExtension.swift */; };
		F0AC8B112AD965A70061612C /* Modifier.swift in Sources */ = {isa = PBXBuildFile; fileRef = F0AC8B102AD965A70061612C /* Modifier.swift */; };
		F0AC8B1B2AD966890061612C /* View.swift in Sources */ = {isa = PBXBuildFile; fileRef = F0AC8B192AD9661F0061612C /* View.swift */; };
		F0AC8B1C2AD966930061612C /* ViewModel.swift in Sources */ = {isa = PBXBuildFile; fileRef = F0AC8B172AD966150061612C /* ViewModel.swift */; };
		F0AC8B1D2AD966990061612C /* Model.swift in Sources */ = {isa = PBXBuildFile; fileRef = F0AC8B152AD9660D0061612C /* Model.swift */; };
		F0AC8B242AD9670A0061612C /* Component.swift in Sources */ = {isa = PBXBuildFile; fileRef = F0AC8B222AD967080061612C /* Component.swift */; };
		F0AC8B272AD967330061612C /* Extension.swift in Sources */ = {isa = PBXBuildFile; fileRef = F0AC8B252AD967310061612C /* Extension.swift */; };
		F0AC8B2A2AD967490061612C /* Modifier.swift in Sources */ = {isa = PBXBuildFile; fileRef = F0AC8B282AD967460061612C /* Modifier.swift */; };
		F0AC8B2C2AD967E30061612C /* Image.xcassets in Resources */ = {isa = PBXBuildFile; fileRef = F0AC8B2B2AD967E30061612C /* Image.xcassets */; };
		F0AC8B2E2AD968A20061612C /* Icon.xcassets in Resources */ = {isa = PBXBuildFile; fileRef = F0AC8B2D2AD968A20061612C /* Icon.xcassets */; };
		F0AC8B352AD96A360061612C /* Color.xcassets in Resources */ = {isa = PBXBuildFile; fileRef = F0AC8B322AD969FD0061612C /* Color.xcassets */; };
		F0AC8B362AD96A3D0061612C /* Icon.xcassets in Resources */ = {isa = PBXBuildFile; fileRef = F0AC8B302AD969DA0061612C /* Icon.xcassets */; };
		F0AC8B382AD96AE10061612C /* ViewExtension.swift in Sources */ = {isa = PBXBuildFile; fileRef = F0AC8B372AD96AE10061612C /* ViewExtension.swift */; };
/* End PBXBuildFile section */

/* Begin PBXContainerItemProxy section */
		F0AC8AAB2AD94C200061612C /* PBXContainerItemProxy */ = {
			isa = PBXContainerItemProxy;
			containerPortal = F0AC8A912AD94C1F0061612C /* Project object */;
			proxyType = 1;
			remoteGlobalIDString = F0AC8AA82AD94C200061612C;
			remoteInfo = "Outline Watch App";
		};
/* End PBXContainerItemProxy section */

/* Begin PBXCopyFilesBuildPhase section */
		BB5239252ADAF6EA00646494 /* Embed ExtensionKit Extensions */ = {
			isa = PBXCopyFilesBuildPhase;
			buildActionMask = 2147483647;
			dstPath = "$(EXTENSIONS_FOLDER_PATH)";
			dstSubfolderSpec = 16;
			files = (
			);
			name = "Embed ExtensionKit Extensions";
			runOnlyForDeploymentPostprocessing = 0;
		};
		F0AC8ABC2AD94C210061612C /* Embed Watch Content */ = {
			isa = PBXCopyFilesBuildPhase;
			buildActionMask = 2147483647;
			dstPath = "$(CONTENTS_FOLDER_PATH)/Watch";
			dstSubfolderSpec = 16;
			files = (
			);
			name = "Embed Watch Content";
			runOnlyForDeploymentPostprocessing = 0;
		};
/* End PBXCopyFilesBuildPhase section */

/* Begin PBXFileReference section */
		9528EFEB2ADEC7CF0056CCC6 /* UserDataModelType.swift */ = {isa = PBXFileReference; lastKnownFileType = sourcecode.swift; path = UserDataModelType.swift; sourceTree = "<group>"; };
		959D90252ADA35F100748BFB /* DataTestView.swift */ = {isa = PBXFileReference; lastKnownFileType = sourcecode.swift; path = DataTestView.swift; sourceTree = "<group>"; };
		959D90602ADA3A1000748BFB /* Info.plist */ = {isa = PBXFileReference; lastKnownFileType = text.plist; path = Info.plist; sourceTree = "<group>"; };
		95E2EF702ADA6F230083ADEE /* CourseModelType.swift */ = {isa = PBXFileReference; lastKnownFileType = sourcecode.swift; path = CourseModelType.swift; sourceTree = "<group>"; };
		95E2EF732ADA75AA0083ADEE /* DataTestViewModel.swift */ = {isa = PBXFileReference; lastKnownFileType = sourcecode.swift; path = DataTestViewModel.swift; sourceTree = "<group>"; };
		95E2EF872ADBA5C70083ADEE /* CourseModel.swift */ = {isa = PBXFileReference; lastKnownFileType = sourcecode.swift; path = CourseModel.swift; sourceTree = "<group>"; };
		95EB1EE82ADDC43400B47984 /* PersistentController.swift */ = {isa = PBXFileReference; lastKnownFileType = sourcecode.swift; path = PersistentController.swift; sourceTree = "<group>"; };
		95EB1EEB2ADDC66B00B47984 /* UserDataModel.swift */ = {isa = PBXFileReference; lastKnownFileType = sourcecode.swift; path = UserDataModel.swift; sourceTree = "<group>"; };
		95EB1EF02ADE228A00B47984 /* UserInfoModelType.swift */ = {isa = PBXFileReference; lastKnownFileType = sourcecode.swift; path = UserInfoModelType.swift; sourceTree = "<group>"; };
		95EB1EF72ADE251100B47984 /* UserCoreDataModel.xcdatamodel */ = {isa = PBXFileReference; lastKnownFileType = wrapper.xcdatamodel; path = UserCoreDataModel.xcdatamodel; sourceTree = "<group>"; };
		95EB1F022ADE9B2600B47984 /* Outline.app */ = {isa = PBXFileReference; explicitFileType = wrapper.application; includeInIndex = 0; path = Outline.app; sourceTree = BUILT_PRODUCTS_DIR; };
		95EB1F032ADE9B2600B47984 /* Outline Watch App.app */ = {isa = PBXFileReference; explicitFileType = wrapper.application; includeInIndex = 0; path = "Outline Watch App.app"; sourceTree = BUILT_PRODUCTS_DIR; };
		BB1D52F62ADDA8260073771F /* GoogleService-Info.plist */ = {isa = PBXFileReference; fileEncoding = 4; lastKnownFileType = text.plist.xml; path = "GoogleService-Info.plist"; sourceTree = "<group>"; };
		BB5238FB2ADAF1CE00646494 /* InputUserInfoView.swift */ = {isa = PBXFileReference; lastKnownFileType = sourcecode.swift; path = InputUserInfoView.swift; sourceTree = "<group>"; };
		BB5239272ADAF72A00646494 /* Logger.swift */ = {isa = PBXFileReference; lastKnownFileType = sourcecode.swift; path = Logger.swift; sourceTree = "<group>"; };
		BB52392A2ADAF7BD00646494 /* WorkoutManager.swift */ = {isa = PBXFileReference; lastKnownFileType = sourcecode.swift; path = WorkoutManager.swift; sourceTree = "<group>"; };
		BB52392D2ADAF93D00646494 /* Outline Watch App.entitlements */ = {isa = PBXFileReference; lastKnownFileType = text.plist.entitlements; path = "Outline Watch App.entitlements"; sourceTree = "<group>"; };
		BB52392E2ADAFB2E00646494 /* Outline.entitlements */ = {isa = PBXFileReference; lastKnownFileType = text.plist.entitlements; path = Outline.entitlements; sourceTree = "<group>"; };
		BB5239362ADBD99F00646494 /* GPSArtHomeView.swift */ = {isa = PBXFileReference; lastKnownFileType = sourcecode.swift; path = GPSArtHomeView.swift; sourceTree = "<group>"; };
		BB5239572ADC396300646494 /* BackgroundBlur.swift */ = {isa = PBXFileReference; lastKnownFileType = sourcecode.swift; path = BackgroundBlur.swift; sourceTree = "<group>"; };
		F01FDB982ADABB6100BDA633 /* TabModel.swift */ = {isa = PBXFileReference; lastKnownFileType = sourcecode.swift; path = TabModel.swift; sourceTree = "<group>"; };
		F01FDB9B2ADABC4600BDA633 /* TabBar.swift */ = {isa = PBXFileReference; lastKnownFileType = sourcecode.swift; path = TabBar.swift; sourceTree = "<group>"; };
		F01FDB9D2ADABD3D00BDA633 /* TabView.swift */ = {isa = PBXFileReference; lastKnownFileType = sourcecode.swift; path = TabView.swift; sourceTree = "<group>"; };
		F0492E1C2ADD2AE900F6EADD /* Header.swift */ = {isa = PBXFileReference; lastKnownFileType = sourcecode.swift; path = Header.swift; sourceTree = "<group>"; };
		F05C7D552ADC565E006842DB /* PreferenceKey.swift */ = {isa = PBXFileReference; lastKnownFileType = sourcecode.swift; path = PreferenceKey.swift; sourceTree = "<group>"; };
		F05C97162ADA879100D5D959 /* LocationManager.swift */ = {isa = PBXFileReference; lastKnownFileType = sourcecode.swift; path = LocationManager.swift; sourceTree = "<group>"; };
		F05C97182ADA87B800D5D959 /* LocationAuthorizationView.swift */ = {isa = PBXFileReference; lastKnownFileType = sourcecode.swift; path = LocationAuthorizationView.swift; sourceTree = "<group>"; };
		F05C971B2ADAE6E200D5D959 /* RecomendedCourseMap.swift */ = {isa = PBXFileReference; lastKnownFileType = sourcecode.swift; path = RecomendedCourseMap.swift; sourceTree = "<group>"; };
		F06B93582ADAECA800387DEB /* RecommendedCourseView.swift */ = {isa = PBXFileReference; lastKnownFileType = sourcecode.swift; path = RecommendedCourseView.swift; sourceTree = "<group>"; };
		F06B93602ADB836600387DEB /* Component.swift */ = {isa = PBXFileReference; lastKnownFileType = sourcecode.swift; path = Component.swift; sourceTree = "<group>"; };
		F06B936D2ADC279100387DEB /* SlideToUnlock.swift */ = {isa = PBXFileReference; lastKnownFileType = sourcecode.swift; path = SlideToUnlock.swift; sourceTree = "<group>"; };
		F09697422ADBC1D200C38AF4 /* Carousel.swift */ = {isa = PBXFileReference; lastKnownFileType = sourcecode.swift; path = Carousel.swift; sourceTree = "<group>"; };
		F09697462ADBCD6000C38AF4 /* Shape.swift */ = {isa = PBXFileReference; lastKnownFileType = sourcecode.swift; path = Shape.swift; sourceTree = "<group>"; };
		F096974A2ADBD73A00C38AF4 /* CardView.swift */ = {isa = PBXFileReference; lastKnownFileType = sourcecode.swift; path = CardView.swift; sourceTree = "<group>"; };
		F096974C2ADBDBB000C38AF4 /* CardDetailView.swift */ = {isa = PBXFileReference; lastKnownFileType = sourcecode.swift; path = CardDetailView.swift; sourceTree = "<group>"; };
		F096974E2ADBEE9F00C38AF4 /* CardDetailInformationView.swift */ = {isa = PBXFileReference; lastKnownFileType = sourcecode.swift; path = CardDetailInformationView.swift; sourceTree = "<group>"; };
		F09697502ADC069E00C38AF4 /* AnimationExtension.swift */ = {isa = PBXFileReference; lastKnownFileType = sourcecode.swift; path = AnimationExtension.swift; sourceTree = "<group>"; };
		F0AC8A9C2AD94C1F0061612C /* OutlineApp.swift */ = {isa = PBXFileReference; lastKnownFileType = sourcecode.swift; path = OutlineApp.swift; sourceTree = "<group>"; };
		F0AC8A9E2AD94C1F0061612C /* ContentView.swift */ = {isa = PBXFileReference; lastKnownFileType = sourcecode.swift; path = ContentView.swift; sourceTree = "<group>"; };
		F0AC8AA02AD94C200061612C /* Color.xcassets */ = {isa = PBXFileReference; lastKnownFileType = folder.assetcatalog; path = Color.xcassets; sourceTree = "<group>"; };
		F0AC8AA32AD94C200061612C /* Preview Assets.xcassets */ = {isa = PBXFileReference; lastKnownFileType = folder.assetcatalog; path = "Preview Assets.xcassets"; sourceTree = "<group>"; };
		F0AC8AAE2AD94C200061612C /* OutlineApp.swift */ = {isa = PBXFileReference; lastKnownFileType = sourcecode.swift; path = OutlineApp.swift; sourceTree = "<group>"; };
		F0AC8AB02AD94C200061612C /* ContentView.swift */ = {isa = PBXFileReference; lastKnownFileType = sourcecode.swift; path = ContentView.swift; sourceTree = "<group>"; };
		F0AC8AB22AD94C210061612C /* Image.xcassets */ = {isa = PBXFileReference; lastKnownFileType = folder.assetcatalog; path = Image.xcassets; sourceTree = "<group>"; };
		F0AC8AB52AD94C210061612C /* Preview Assets.xcassets */ = {isa = PBXFileReference; lastKnownFileType = folder.assetcatalog; path = "Preview Assets.xcassets"; sourceTree = "<group>"; };
		F0AC8AC42AD9514C0061612C /* .swiftlint.yml */ = {isa = PBXFileReference; lastKnownFileType = text.yaml; path = .swiftlint.yml; sourceTree = "<group>"; };
		F0AC8B032AD964EF0061612C /* RecommendedCoursesViewModel.swift */ = {isa = PBXFileReference; lastKnownFileType = sourcecode.swift; path = RecommendedCoursesViewModel.swift; sourceTree = "<group>"; };
		F0AC8B062AD965390061612C /* UserInfoModel.swift */ = {isa = PBXFileReference; lastKnownFileType = sourcecode.swift; path = UserInfoModel.swift; sourceTree = "<group>"; };
		F0AC8B0E2AD9659D0061612C /* ColorExtension.swift */ = {isa = PBXFileReference; lastKnownFileType = sourcecode.swift; path = ColorExtension.swift; sourceTree = "<group>"; };
		F0AC8B102AD965A70061612C /* Modifier.swift */ = {isa = PBXFileReference; lastKnownFileType = sourcecode.swift; path = Modifier.swift; sourceTree = "<group>"; };
		F0AC8B152AD9660D0061612C /* Model.swift */ = {isa = PBXFileReference; lastKnownFileType = sourcecode.swift; path = Model.swift; sourceTree = "<group>"; };
		F0AC8B172AD966150061612C /* ViewModel.swift */ = {isa = PBXFileReference; lastKnownFileType = sourcecode.swift; path = ViewModel.swift; sourceTree = "<group>"; };
		F0AC8B192AD9661F0061612C /* View.swift */ = {isa = PBXFileReference; lastKnownFileType = sourcecode.swift; path = View.swift; sourceTree = "<group>"; };
		F0AC8B222AD967080061612C /* Component.swift */ = {isa = PBXFileReference; lastKnownFileType = sourcecode.swift; path = Component.swift; sourceTree = "<group>"; };
		F0AC8B252AD967310061612C /* Extension.swift */ = {isa = PBXFileReference; lastKnownFileType = sourcecode.swift; path = Extension.swift; sourceTree = "<group>"; };
		F0AC8B282AD967460061612C /* Modifier.swift */ = {isa = PBXFileReference; lastKnownFileType = sourcecode.swift; path = Modifier.swift; sourceTree = "<group>"; };
		F0AC8B2B2AD967E30061612C /* Image.xcassets */ = {isa = PBXFileReference; lastKnownFileType = folder.assetcatalog; path = Image.xcassets; sourceTree = "<group>"; };
		F0AC8B2D2AD968A20061612C /* Icon.xcassets */ = {isa = PBXFileReference; lastKnownFileType = folder.assetcatalog; path = Icon.xcassets; sourceTree = "<group>"; };
		F0AC8B302AD969DA0061612C /* Icon.xcassets */ = {isa = PBXFileReference; lastKnownFileType = folder.assetcatalog; path = Icon.xcassets; sourceTree = "<group>"; };
		F0AC8B322AD969FD0061612C /* Color.xcassets */ = {isa = PBXFileReference; lastKnownFileType = folder.assetcatalog; path = Color.xcassets; sourceTree = "<group>"; };
		F0AC8B372AD96AE10061612C /* ViewExtension.swift */ = {isa = PBXFileReference; lastKnownFileType = sourcecode.swift; path = ViewExtension.swift; sourceTree = "<group>"; };
/* End PBXFileReference section */

/* Begin PBXFrameworksBuildPhase section */
		F0AC8A962AD94C1F0061612C /* Frameworks */ = {
			isa = PBXFrameworksBuildPhase;
			buildActionMask = 2147483647;
			files = (
				BB1D53022ADDB0310073771F /* FirebaseFirestore in Frameworks */,
				BB1D53042ADDB0310073771F /* FirebaseFirestoreCombine-Community in Frameworks */,
				BB1D53062ADDB0310073771F /* FirebaseFirestoreSwift in Frameworks */,
			);
			runOnlyForDeploymentPostprocessing = 0;
		};
		F0AC8AA62AD94C200061612C /* Frameworks */ = {
			isa = PBXFrameworksBuildPhase;
			buildActionMask = 2147483647;
			files = (
			);
			runOnlyForDeploymentPostprocessing = 0;
		};
/* End PBXFrameworksBuildPhase section */

/* Begin PBXGroup section */
		959D90242ADA35E600748BFB /* DataTest */ = {
			isa = PBXGroup;
			children = (
				959D90252ADA35F100748BFB /* DataTestView.swift */,
			);
			path = DataTest;
			sourceTree = "<group>";
		};
		95E2EF722ADA759B0083ADEE /* DataTest */ = {
			isa = PBXGroup;
			children = (
				95E2EF732ADA75AA0083ADEE /* DataTestViewModel.swift */,
			);
			path = DataTest;
			sourceTree = "<group>";
		};
		95EB1EF32ADE229200B47984 /* UserInfo */ = {
			isa = PBXGroup;
			children = (
				F0AC8B062AD965390061612C /* UserInfoModel.swift */,
				95EB1EF02ADE228A00B47984 /* UserInfoModelType.swift */,
			);
			path = UserInfo;
			sourceTree = "<group>";
		};
		95EB1EF42ADE22BB00B47984 /* Course */ = {
			isa = PBXGroup;
			children = (
				95E2EF872ADBA5C70083ADEE /* CourseModel.swift */,
				95E2EF702ADA6F230083ADEE /* CourseModelType.swift */,
			);
			path = Course;
			sourceTree = "<group>";
		};
		95EB1EF52ADE22C600B47984 /* UserData */ = {
			isa = PBXGroup;
			children = (
				95EB1EE82ADDC43400B47984 /* PersistentController.swift */,
				95EB1EEB2ADDC66B00B47984 /* UserDataModel.swift */,
				9528EFEB2ADEC7CF0056CCC6 /* UserDataModelType.swift */,
			);
			path = UserData;
			sourceTree = "<group>";
		};
		BB5239262ADAF70A00646494 /* Shared */ = {
			isa = PBXGroup;
			children = (
				BB5239272ADAF72A00646494 /* Logger.swift */,
				BB52392A2ADAF7BD00646494 /* WorkoutManager.swift */,
			);
			path = Shared;
			sourceTree = "<group>";
		};
		BB5239352ADBD95300646494 /* GPSArtHome */ = {
			isa = PBXGroup;
			children = (
				BB5239362ADBD99F00646494 /* GPSArtHomeView.swift */,
				F0492E1C2ADD2AE900F6EADD /* Header.swift */,
				F096974A2ADBD73A00C38AF4 /* CardView.swift */,
				F096974C2ADBDBB000C38AF4 /* CardDetailView.swift */,
				F096974E2ADBEE9F00C38AF4 /* CardDetailInformationView.swift */,
				F09697422ADBC1D200C38AF4 /* Carousel.swift */,
			);
			path = GPSArtHome;
			sourceTree = "<group>";
		};
		F01FDB9A2ADABC2C00BDA633 /* Tab */ = {
			isa = PBXGroup;
			children = (
				F01FDB9D2ADABD3D00BDA633 /* TabView.swift */,
				F01FDB9B2ADABC4600BDA633 /* TabBar.swift */,
			);
			path = Tab;
			sourceTree = "<group>";
		};
		F05C97152ADA877A00D5D959 /* Manager */ = {
			isa = PBXGroup;
			children = (
				F05C97162ADA879100D5D959 /* LocationManager.swift */,
			);
			path = Manager;
			sourceTree = "<group>";
		};
		F06B93572ADAEC8500387DEB /* RecomendedCourses */ = {
			isa = PBXGroup;
			children = (
				F06B93582ADAECA800387DEB /* RecommendedCourseView.swift */,
				F05C971B2ADAE6E200D5D959 /* RecomendedCourseMap.swift */,
			);
			path = RecomendedCourses;
			sourceTree = "<group>";
		};
		F0AC8A902AD94C1F0061612C = {
			isa = PBXGroup;
			children = (
				BB52392D2ADAF93D00646494 /* Outline Watch App.entitlements */,
				BB5239262ADAF70A00646494 /* Shared */,
				F0AC8A9B2AD94C1F0061612C /* Outline */,
				F0AC8AAD2AD94C200061612C /* Outline Watch */,
				F0AC8AC42AD9514C0061612C /* .swiftlint.yml */,
				95EB1F022ADE9B2600B47984 /* Outline.app */,
				95EB1F032ADE9B2600B47984 /* Outline Watch App.app */,
			);
			sourceTree = "<group>";
		};
		F0AC8A9B2AD94C1F0061612C /* Outline */ = {
			isa = PBXGroup;
			children = (
				95EB1EF62ADE251100B47984 /* UserCoreDataModel.xcdatamodeld */,
				959D90602ADA3A1000748BFB /* Info.plist */,
				BB1D52F62ADDA8260073771F /* GoogleService-Info.plist */,
				BB52392E2ADAFB2E00646494 /* Outline.entitlements */,
				F0AC8AFC2AD9637A0061612C /* Source */,
				F0AC8AFD2AD9638C0061612C /* Resource */,
				F0AC8AA22AD94C200061612C /* Preview Content */,
			);
			path = Outline;
			sourceTree = "<group>";
		};
		F0AC8AA22AD94C200061612C /* Preview Content */ = {
			isa = PBXGroup;
			children = (
				F0AC8AA32AD94C200061612C /* Preview Assets.xcassets */,
			);
			path = "Preview Content";
			sourceTree = "<group>";
		};
		F0AC8AAD2AD94C200061612C /* Outline Watch */ = {
			isa = PBXGroup;
			children = (
				F0AC8AFE2AD964650061612C /* Source */,
				F0AC8AFF2AD964710061612C /* Resource */,
				F0AC8AB42AD94C210061612C /* Preview Content */,
			);
			path = "Outline Watch";
			sourceTree = "<group>";
		};
		F0AC8AB42AD94C210061612C /* Preview Content */ = {
			isa = PBXGroup;
			children = (
				F0AC8AB52AD94C210061612C /* Preview Assets.xcassets */,
			);
			path = "Preview Content";
			sourceTree = "<group>";
		};
		F0AC8AFA2AD963600061612C /* View */ = {
			isa = PBXGroup;
			children = (
				959D90242ADA35E600748BFB /* DataTest */,
				BB5239352ADBD95300646494 /* GPSArtHome */,
				F06B93572ADAEC8500387DEB /* RecomendedCourses */,
				F01FDB9A2ADABC2C00BDA633 /* Tab */,
				F05C97182ADA87B800D5D959 /* LocationAuthorizationView.swift */,
				BB5238FB2ADAF1CE00646494 /* InputUserInfoView.swift */,
			);
			path = View;
			sourceTree = "<group>";
		};
		F0AC8AFB2AD963690061612C /* ViewModel */ = {
			isa = PBXGroup;
			children = (
				95E2EF722ADA759B0083ADEE /* DataTest */,
				F0AC8B032AD964EF0061612C /* RecommendedCoursesViewModel.swift */,
			);
			path = ViewModel;
			sourceTree = "<group>";
		};
		F0AC8AFC2AD9637A0061612C /* Source */ = {
			isa = PBXGroup;
			children = (
				F0AC8A9C2AD94C1F0061612C /* OutlineApp.swift */,
				F0AC8A9E2AD94C1F0061612C /* ContentView.swift */,
				F0AC8AFA2AD963600061612C /* View */,
				F0AC8AFB2AD963690061612C /* ViewModel */,
				F0AC8B052AD965290061612C /* Model */,
				F05C97152ADA877A00D5D959 /* Manager */,
				F0AC8B082AD965470061612C /* DesignSystem */,
			);
			path = Source;
			sourceTree = "<group>";
		};
		F0AC8AFD2AD9638C0061612C /* Resource */ = {
			isa = PBXGroup;
			children = (
				F0AC8B2F2AD968FD0061612C /* Image */,
				F0AC8AA02AD94C200061612C /* Color.xcassets */,
			);
			path = Resource;
			sourceTree = "<group>";
		};
		F0AC8AFE2AD964650061612C /* Source */ = {
			isa = PBXGroup;
			children = (
				F0AC8AAE2AD94C200061612C /* OutlineApp.swift */,
				F0AC8AB02AD94C200061612C /* ContentView.swift */,
				F0AC8B122AD965E80061612C /* View */,
				F0AC8B132AD965F10061612C /* ViewModel */,
				F0AC8B142AD965FD0061612C /* Model */,
				F0AC8B1E2AD966E10061612C /* DesignSystem */,
			);
			path = Source;
			sourceTree = "<group>";
		};
		F0AC8AFF2AD964710061612C /* Resource */ = {
			isa = PBXGroup;
			children = (
				F0AC8B342AD96A280061612C /* Image */,
				F0AC8B322AD969FD0061612C /* Color.xcassets */,
			);
			path = Resource;
			sourceTree = "<group>";
		};
		F0AC8B052AD965290061612C /* Model */ = {
			isa = PBXGroup;
			children = (
				95EB1EF42ADE22BB00B47984 /* Course */,
				95EB1EF52ADE22C600B47984 /* UserData */,
				95EB1EF32ADE229200B47984 /* UserInfo */,
				F01FDB982ADABB6100BDA633 /* TabModel.swift */,
			);
			path = Model;
			sourceTree = "<group>";
		};
		F0AC8B082AD965470061612C /* DesignSystem */ = {
			isa = PBXGroup;
			children = (
				F0AC8B092AD965520061612C /* Component */,
				F0AC8B0A2AD965570061612C /* Extension */,
				F0AC8B0B2AD965650061612C /* Modifier */,
			);
			path = DesignSystem;
			sourceTree = "<group>";
		};
		F0AC8B092AD965520061612C /* Component */ = {
			isa = PBXGroup;
			children = (
				F06B93602ADB836600387DEB /* Component.swift */,
				F06B936D2ADC279100387DEB /* SlideToUnlock.swift */,
				F09697462ADBCD6000C38AF4 /* Shape.swift */,
				F05C7D552ADC565E006842DB /* PreferenceKey.swift */,
				BB5239572ADC396300646494 /* BackgroundBlur.swift */,
			);
			path = Component;
			sourceTree = "<group>";
		};
		F0AC8B0A2AD965570061612C /* Extension */ = {
			isa = PBXGroup;
			children = (
				F0AC8B0E2AD9659D0061612C /* ColorExtension.swift */,
				F0AC8B372AD96AE10061612C /* ViewExtension.swift */,
				F09697502ADC069E00C38AF4 /* AnimationExtension.swift */,
			);
			path = Extension;
			sourceTree = "<group>";
		};
		F0AC8B0B2AD965650061612C /* Modifier */ = {
			isa = PBXGroup;
			children = (
				F0AC8B102AD965A70061612C /* Modifier.swift */,
			);
			path = Modifier;
			sourceTree = "<group>";
		};
		F0AC8B122AD965E80061612C /* View */ = {
			isa = PBXGroup;
			children = (
				F0AC8B192AD9661F0061612C /* View.swift */,
			);
			path = View;
			sourceTree = "<group>";
		};
		F0AC8B132AD965F10061612C /* ViewModel */ = {
			isa = PBXGroup;
			children = (
				F0AC8B172AD966150061612C /* ViewModel.swift */,
			);
			path = ViewModel;
			sourceTree = "<group>";
		};
		F0AC8B142AD965FD0061612C /* Model */ = {
			isa = PBXGroup;
			children = (
				F0AC8B152AD9660D0061612C /* Model.swift */,
			);
			path = Model;
			sourceTree = "<group>";
		};
		F0AC8B1E2AD966E10061612C /* DesignSystem */ = {
			isa = PBXGroup;
			children = (
				F0AC8B1F2AD966EC0061612C /* Component */,
				F0AC8B202AD966F30061612C /* Extension */,
				F0AC8B212AD966FB0061612C /* Modifier */,
			);
			path = DesignSystem;
			sourceTree = "<group>";
		};
		F0AC8B1F2AD966EC0061612C /* Component */ = {
			isa = PBXGroup;
			children = (
				F0AC8B222AD967080061612C /* Component.swift */,
			);
			path = Component;
			sourceTree = "<group>";
		};
		F0AC8B202AD966F30061612C /* Extension */ = {
			isa = PBXGroup;
			children = (
				F0AC8B252AD967310061612C /* Extension.swift */,
			);
			path = Extension;
			sourceTree = "<group>";
		};
		F0AC8B212AD966FB0061612C /* Modifier */ = {
			isa = PBXGroup;
			children = (
				F0AC8B282AD967460061612C /* Modifier.swift */,
			);
			path = Modifier;
			sourceTree = "<group>";
		};
		F0AC8B2F2AD968FD0061612C /* Image */ = {
			isa = PBXGroup;
			children = (
				F0AC8B2D2AD968A20061612C /* Icon.xcassets */,
				F0AC8B2B2AD967E30061612C /* Image.xcassets */,
			);
			path = Image;
			sourceTree = "<group>";
		};
		F0AC8B342AD96A280061612C /* Image */ = {
			isa = PBXGroup;
			children = (
				F0AC8B302AD969DA0061612C /* Icon.xcassets */,
				F0AC8AB22AD94C210061612C /* Image.xcassets */,
			);
			path = Image;
			sourceTree = "<group>";
		};
/* End PBXGroup section */

/* Begin PBXNativeTarget section */
		F0AC8A982AD94C1F0061612C /* Outline */ = {
			isa = PBXNativeTarget;
			buildConfigurationList = F0AC8ABD2AD94C210061612C /* Build configuration list for PBXNativeTarget "Outline" */;
			buildPhases = (
				F0AC8AC02AD94F520061612C /* SwiftLint Script */,
				F0AC8A952AD94C1F0061612C /* Sources */,
				F0AC8A962AD94C1F0061612C /* Frameworks */,
				F0AC8A972AD94C1F0061612C /* Resources */,
				F0AC8ABC2AD94C210061612C /* Embed Watch Content */,
				BB5239252ADAF6EA00646494 /* Embed ExtensionKit Extensions */,
			);
			buildRules = (
			);
			dependencies = (
				F0AC8AAC2AD94C200061612C /* PBXTargetDependency */,
			);
			name = Outline;
			packageProductDependencies = (
				BB1D53012ADDB0310073771F /* FirebaseFirestore */,
				BB1D53032ADDB0310073771F /* FirebaseFirestoreCombine-Community */,
				BB1D53052ADDB0310073771F /* FirebaseFirestoreSwift */,
			);
			productName = Outline;
			productReference = 95EB1F022ADE9B2600B47984 /* Outline.app */;
			productType = "com.apple.product-type.application";
		};
		F0AC8AA82AD94C200061612C /* Outline Watch App */ = {
			isa = PBXNativeTarget;
			buildConfigurationList = F0AC8AB92AD94C210061612C /* Build configuration list for PBXNativeTarget "Outline Watch App" */;
			buildPhases = (
				F0AC8AA52AD94C200061612C /* Sources */,
				F0AC8AA62AD94C200061612C /* Frameworks */,
				F0AC8AA72AD94C200061612C /* Resources */,
			);
			buildRules = (
			);
			dependencies = (
			);
			name = "Outline Watch App";
			productName = "Outline Watch App";
			productReference = 95EB1F032ADE9B2600B47984 /* Outline Watch App.app */;
			productType = "com.apple.product-type.application";
		};
/* End PBXNativeTarget section */

/* Begin PBXProject section */
		F0AC8A912AD94C1F0061612C /* Project object */ = {
			isa = PBXProject;
			attributes = {
				BuildIndependentTargetsInParallel = 1;
				LastSwiftUpdateCheck = 1500;
				LastUpgradeCheck = 1500;
				TargetAttributes = {
					F0AC8A982AD94C1F0061612C = {
						CreatedOnToolsVersion = 15.0;
					};
					F0AC8AA82AD94C200061612C = {
						CreatedOnToolsVersion = 15.0;
					};
				};
			};
			buildConfigurationList = F0AC8A942AD94C1F0061612C /* Build configuration list for PBXProject "Outline" */;
			compatibilityVersion = "Xcode 14.0";
			developmentRegion = ko;
			hasScannedForEncodings = 0;
			knownRegions = (
				en,
				Base,
				ko,
			);
			mainGroup = F0AC8A902AD94C1F0061612C;
			packageReferences = (
				BB1D53002ADDB0310073771F /* XCRemoteSwiftPackageReference "firebase-ios-sdk" */,
			);
			productRefGroup = F0AC8A902AD94C1F0061612C;
			projectDirPath = "";
			projectRoot = "";
			targets = (
				F0AC8A982AD94C1F0061612C /* Outline */,
				F0AC8AA82AD94C200061612C /* Outline Watch App */,
			);
		};
/* End PBXProject section */

/* Begin PBXResourcesBuildPhase section */
		F0AC8A972AD94C1F0061612C /* Resources */ = {
			isa = PBXResourcesBuildPhase;
			buildActionMask = 2147483647;
			files = (
				F0AC8AA42AD94C200061612C /* Preview Assets.xcassets in Resources */,
				F0AC8B2C2AD967E30061612C /* Image.xcassets in Resources */,
				BB1D52F72ADDA8260073771F /* GoogleService-Info.plist in Resources */,
				F0AC8B2E2AD968A20061612C /* Icon.xcassets in Resources */,
				F0AC8AA12AD94C200061612C /* Color.xcassets in Resources */,
			);
			runOnlyForDeploymentPostprocessing = 0;
		};
		F0AC8AA72AD94C200061612C /* Resources */ = {
			isa = PBXResourcesBuildPhase;
			buildActionMask = 2147483647;
			files = (
				F0AC8AB62AD94C210061612C /* Preview Assets.xcassets in Resources */,
				F0AC8AB32AD94C210061612C /* Image.xcassets in Resources */,
				F0AC8B362AD96A3D0061612C /* Icon.xcassets in Resources */,
				F0AC8B352AD96A360061612C /* Color.xcassets in Resources */,
			);
			runOnlyForDeploymentPostprocessing = 0;
		};
/* End PBXResourcesBuildPhase section */

/* Begin PBXShellScriptBuildPhase section */
		F0AC8AC02AD94F520061612C /* SwiftLint Script */ = {
			isa = PBXShellScriptBuildPhase;
			alwaysOutOfDate = 1;
			buildActionMask = 2147483647;
			files = (
			);
			inputFileListPaths = (
			);
			inputPaths = (
			);
			name = "SwiftLint Script";
			outputFileListPaths = (
			);
			outputPaths = (
			);
			runOnlyForDeploymentPostprocessing = 0;
			shellPath = /bin/sh;
			shellScript = "export PATH=\"$PATH:/opt/homebrew/bin\"\nif which swiftlint > /dev/null; then\n  swiftlint\nelse\n  echo \"warning: SwiftLint not installed, download from https://github.com/realm/SwiftLint\"\nfi\n";
		};
/* End PBXShellScriptBuildPhase section */

/* Begin PBXSourcesBuildPhase section */
		F0AC8A952AD94C1F0061612C /* Sources */ = {
			isa = PBXSourcesBuildPhase;
			buildActionMask = 2147483647;
			files = (
				F06B936C2ADC245700387DEB /* RecommendedCoursesViewModel.swift in Sources */,
				F096974F2ADBEE9F00C38AF4 /* CardDetailInformationView.swift in Sources */,
				BB5239582ADC396300646494 /* BackgroundBlur.swift in Sources */,
				BB5239372ADBD99F00646494 /* GPSArtHomeView.swift in Sources */,
				F06B93632ADB847900387DEB /* Component.swift in Sources */,
				F06B93622ADB847500387DEB /* ContentView.swift in Sources */,
				F09697472ADBCD6000C38AF4 /* Shape.swift in Sources */,
				F0AC8B382AD96AE10061612C /* ViewExtension.swift in Sources */,
				F09697432ADBC1D200C38AF4 /* Carousel.swift in Sources */,
				F06B936E2ADC279100387DEB /* SlideToUnlock.swift in Sources */,
				F0AC8B112AD965A70061612C /* Modifier.swift in Sources */,
				F0AC8B072AD965390061612C /* UserInfoModel.swift in Sources */,
				F0AC8B0F2AD9659D0061612C /* ColorExtension.swift in Sources */,
				95E2EF882ADBA5C70083ADEE /* CourseModel.swift in Sources */,
				959D90262ADA35F100748BFB /* DataTestView.swift in Sources */,
				95E2EF712ADA6F230083ADEE /* CourseModelType.swift in Sources */,
				F0AC8B042AD964EF0061612C /* RecommendedCoursesViewModel.swift in Sources */,
				F0AC8A9D2AD94C1F0061612C /* OutlineApp.swift in Sources */,
				95EB1EF12ADE228A00B47984 /* UserInfoModelType.swift in Sources */,
				9528EFE92ADE9E870056CCC6 /* UserCoreDataModel.xcdatamodeld in Sources */,
				95E2EF742ADA75AA0083ADEE /* DataTestViewModel.swift in Sources */,
				BB52392B2ADAF7BD00646494 /* WorkoutManager.swift in Sources */,
				F05C97172ADA879100D5D959 /* LocationManager.swift in Sources */,
				F096974D2ADBDBB000C38AF4 /* CardDetailView.swift in Sources */,
				F05C97192ADA87B800D5D959 /* LocationAuthorizationView.swift in Sources */,
				F0AC8B0F2AD9659D0061612C /* ColorExtension.swift in Sources */,
				F09697512ADC069E00C38AF4 /* AnimationExtension.swift in Sources */,
				BB5238FC2ADAF1CE00646494 /* InputUserInfoView.swift in Sources */,
				F06B93592ADAECA800387DEB /* RecommendedCourseView.swift in Sources */,
				F05C7D562ADC565E006842DB /* PreferenceKey.swift in Sources */,
				9528EFEC2ADEC7CF0056CCC6 /* UserDataModelType.swift in Sources */,
				F05C971C2ADAE6E200D5D959 /* RecomendedCourseMap.swift in Sources */,
				F01FDB9C2ADABC4600BDA633 /* TabBar.swift in Sources */,
				95EB1EEC2ADDC66B00B47984 /* UserDataModel.swift in Sources */,
				F06B936B2ADC23E100387DEB /* Logger.swift in Sources */,
				F096974B2ADBD73A00C38AF4 /* CardView.swift in Sources */,
				95EB1EE92ADDC43400B47984 /* PersistentController.swift in Sources */,
				F0492E1D2ADD2AE900F6EADD /* Header.swift in Sources */,
				F0AC8A9D2AD94C1F0061612C /* OutlineApp.swift in Sources */,
				F01FDB9E2ADABD3D00BDA633 /* TabView.swift in Sources */,
				F01FDB992ADABB6100BDA633 /* TabModel.swift in Sources */,
			);
			runOnlyForDeploymentPostprocessing = 0;
		};
		F0AC8AA52AD94C200061612C /* Sources */ = {
			isa = PBXSourcesBuildPhase;
			buildActionMask = 2147483647;
			files = (
				F0AC8B2A2AD967490061612C /* Modifier.swift in Sources */,
				9528EFEA2ADE9E870056CCC6 /* UserCoreDataModel.xcdatamodeld in Sources */,
				9528EFED2ADEC7CF0056CCC6 /* UserDataModelType.swift in Sources */,
				F0AC8B1D2AD966990061612C /* Model.swift in Sources */,
				F0AC8B242AD9670A0061612C /* Component.swift in Sources */,
				F0AC8B272AD967330061612C /* Extension.swift in Sources */,
				BB5239292ADAF75C00646494 /* Logger.swift in Sources */,
				F0AC8AB12AD94C200061612C /* ContentView.swift in Sources */,
				F0AC8AAF2AD94C200061612C /* OutlineApp.swift in Sources */,
				F06B936A2ADC23DF00387DEB /* WorkoutManager.swift in Sources */,
				F0AC8B1C2AD966930061612C /* ViewModel.swift in Sources */,
				F0AC8B1B2AD966890061612C /* View.swift in Sources */,
			);
			runOnlyForDeploymentPostprocessing = 0;
		};
/* End PBXSourcesBuildPhase section */

/* Begin PBXTargetDependency section */
		F0AC8AAC2AD94C200061612C /* PBXTargetDependency */ = {
			isa = PBXTargetDependency;
			target = F0AC8AA82AD94C200061612C /* Outline Watch App */;
			targetProxy = F0AC8AAB2AD94C200061612C /* PBXContainerItemProxy */;
		};
/* End PBXTargetDependency section */

/* Begin XCBuildConfiguration section */
		F0AC8AB72AD94C210061612C /* Debug */ = {
			isa = XCBuildConfiguration;
			buildSettings = {
				ALWAYS_SEARCH_USER_PATHS = NO;
				ASSETCATALOG_COMPILER_GENERATE_SWIFT_ASSET_SYMBOL_EXTENSIONS = YES;
				CLANG_ANALYZER_NONNULL = YES;
				CLANG_ANALYZER_NUMBER_OBJECT_CONVERSION = YES_AGGRESSIVE;
				CLANG_CXX_LANGUAGE_STANDARD = "gnu++20";
				CLANG_ENABLE_MODULES = YES;
				CLANG_ENABLE_OBJC_ARC = YES;
				CLANG_ENABLE_OBJC_WEAK = YES;
				CLANG_WARN_BLOCK_CAPTURE_AUTORELEASING = YES;
				CLANG_WARN_BOOL_CONVERSION = YES;
				CLANG_WARN_COMMA = YES;
				CLANG_WARN_CONSTANT_CONVERSION = YES;
				CLANG_WARN_DEPRECATED_OBJC_IMPLEMENTATIONS = YES;
				CLANG_WARN_DIRECT_OBJC_ISA_USAGE = YES_ERROR;
				CLANG_WARN_DOCUMENTATION_COMMENTS = YES;
				CLANG_WARN_EMPTY_BODY = YES;
				CLANG_WARN_ENUM_CONVERSION = YES;
				CLANG_WARN_INFINITE_RECURSION = YES;
				CLANG_WARN_INT_CONVERSION = YES;
				CLANG_WARN_NON_LITERAL_NULL_CONVERSION = YES;
				CLANG_WARN_OBJC_IMPLICIT_RETAIN_SELF = YES;
				CLANG_WARN_OBJC_LITERAL_CONVERSION = YES;
				CLANG_WARN_OBJC_ROOT_CLASS = YES_ERROR;
				CLANG_WARN_QUOTED_INCLUDE_IN_FRAMEWORK_HEADER = YES;
				CLANG_WARN_RANGE_LOOP_ANALYSIS = YES;
				CLANG_WARN_STRICT_PROTOTYPES = YES;
				CLANG_WARN_SUSPICIOUS_MOVE = YES;
				CLANG_WARN_UNGUARDED_AVAILABILITY = YES_AGGRESSIVE;
				CLANG_WARN_UNREACHABLE_CODE = YES;
				CLANG_WARN__DUPLICATE_METHOD_MATCH = YES;
				COPY_PHASE_STRIP = NO;
				DEBUG_INFORMATION_FORMAT = dwarf;
				ENABLE_STRICT_OBJC_MSGSEND = YES;
				ENABLE_TESTABILITY = YES;
				ENABLE_USER_SCRIPT_SANDBOXING = NO;
				GCC_C_LANGUAGE_STANDARD = gnu17;
				GCC_DYNAMIC_NO_PIC = NO;
				GCC_NO_COMMON_BLOCKS = YES;
				GCC_OPTIMIZATION_LEVEL = 0;
				GCC_PREPROCESSOR_DEFINITIONS = (
					"DEBUG=1",
					"$(inherited)",
				);
				GCC_WARN_64_TO_32_BIT_CONVERSION = YES;
				GCC_WARN_ABOUT_RETURN_TYPE = YES_ERROR;
				GCC_WARN_UNDECLARED_SELECTOR = YES;
				GCC_WARN_UNINITIALIZED_AUTOS = YES_AGGRESSIVE;
				GCC_WARN_UNUSED_FUNCTION = YES;
				GCC_WARN_UNUSED_VARIABLE = YES;
				IPHONEOS_DEPLOYMENT_TARGET = 17.0;
				LOCALIZATION_PREFERS_STRING_CATALOGS = YES;
				MTL_ENABLE_DEBUG_INFO = INCLUDE_SOURCE;
				MTL_FAST_MATH = YES;
				ONLY_ACTIVE_ARCH = YES;
				SWIFT_ACTIVE_COMPILATION_CONDITIONS = "DEBUG $(inherited)";
				SWIFT_OPTIMIZATION_LEVEL = "-Onone";
				WATCHOS_DEPLOYMENT_TARGET = 10.0;
			};
			name = Debug;
		};
		F0AC8AB82AD94C210061612C /* Release */ = {
			isa = XCBuildConfiguration;
			buildSettings = {
				ALWAYS_SEARCH_USER_PATHS = NO;
				ASSETCATALOG_COMPILER_GENERATE_SWIFT_ASSET_SYMBOL_EXTENSIONS = YES;
				CLANG_ANALYZER_NONNULL = YES;
				CLANG_ANALYZER_NUMBER_OBJECT_CONVERSION = YES_AGGRESSIVE;
				CLANG_CXX_LANGUAGE_STANDARD = "gnu++20";
				CLANG_ENABLE_MODULES = YES;
				CLANG_ENABLE_OBJC_ARC = YES;
				CLANG_ENABLE_OBJC_WEAK = YES;
				CLANG_WARN_BLOCK_CAPTURE_AUTORELEASING = YES;
				CLANG_WARN_BOOL_CONVERSION = YES;
				CLANG_WARN_COMMA = YES;
				CLANG_WARN_CONSTANT_CONVERSION = YES;
				CLANG_WARN_DEPRECATED_OBJC_IMPLEMENTATIONS = YES;
				CLANG_WARN_DIRECT_OBJC_ISA_USAGE = YES_ERROR;
				CLANG_WARN_DOCUMENTATION_COMMENTS = YES;
				CLANG_WARN_EMPTY_BODY = YES;
				CLANG_WARN_ENUM_CONVERSION = YES;
				CLANG_WARN_INFINITE_RECURSION = YES;
				CLANG_WARN_INT_CONVERSION = YES;
				CLANG_WARN_NON_LITERAL_NULL_CONVERSION = YES;
				CLANG_WARN_OBJC_IMPLICIT_RETAIN_SELF = YES;
				CLANG_WARN_OBJC_LITERAL_CONVERSION = YES;
				CLANG_WARN_OBJC_ROOT_CLASS = YES_ERROR;
				CLANG_WARN_QUOTED_INCLUDE_IN_FRAMEWORK_HEADER = YES;
				CLANG_WARN_RANGE_LOOP_ANALYSIS = YES;
				CLANG_WARN_STRICT_PROTOTYPES = YES;
				CLANG_WARN_SUSPICIOUS_MOVE = YES;
				CLANG_WARN_UNGUARDED_AVAILABILITY = YES_AGGRESSIVE;
				CLANG_WARN_UNREACHABLE_CODE = YES;
				CLANG_WARN__DUPLICATE_METHOD_MATCH = YES;
				COPY_PHASE_STRIP = NO;
				DEBUG_INFORMATION_FORMAT = "dwarf-with-dsym";
				ENABLE_NS_ASSERTIONS = NO;
				ENABLE_STRICT_OBJC_MSGSEND = YES;
				ENABLE_USER_SCRIPT_SANDBOXING = NO;
				GCC_C_LANGUAGE_STANDARD = gnu17;
				GCC_NO_COMMON_BLOCKS = YES;
				GCC_WARN_64_TO_32_BIT_CONVERSION = YES;
				GCC_WARN_ABOUT_RETURN_TYPE = YES_ERROR;
				GCC_WARN_UNDECLARED_SELECTOR = YES;
				GCC_WARN_UNINITIALIZED_AUTOS = YES_AGGRESSIVE;
				GCC_WARN_UNUSED_FUNCTION = YES;
				GCC_WARN_UNUSED_VARIABLE = YES;
				IPHONEOS_DEPLOYMENT_TARGET = 17.0;
				LOCALIZATION_PREFERS_STRING_CATALOGS = YES;
				MTL_ENABLE_DEBUG_INFO = NO;
				MTL_FAST_MATH = YES;
				SWIFT_COMPILATION_MODE = wholemodule;
				WATCHOS_DEPLOYMENT_TARGET = 10.0;
			};
			name = Release;
		};
		F0AC8ABA2AD94C210061612C /* Debug */ = {
			isa = XCBuildConfiguration;
			buildSettings = {
				ASSETCATALOG_COMPILER_APPICON_NAME = AppIcon;
				ASSETCATALOG_COMPILER_GLOBAL_ACCENT_COLOR_NAME = AccentColor;
				ASSETCATALOG_COMPILER_INCLUDE_ALL_APPICON_ASSETS = YES;
				CODE_SIGN_ENTITLEMENTS = "Outline Watch App.entitlements";
				CODE_SIGN_STYLE = Automatic;
				CURRENT_PROJECT_VERSION = 1;
				DEVELOPMENT_ASSET_PATHS = "\"Outline Watch/Preview Content\"";
				DEVELOPMENT_TEAM = 8H945XJJGA;
				ENABLE_PREVIEWS = YES;
				ENABLE_USER_SCRIPT_SANDBOXING = NO;
				GENERATE_INFOPLIST_FILE = YES;
				INFOPLIST_KEY_CFBundleDisplayName = Outline;
				INFOPLIST_KEY_UISupportedInterfaceOrientations = "UIInterfaceOrientationPortrait UIInterfaceOrientationPortraitUpsideDown";
				INFOPLIST_KEY_WKCompanionAppBundleIdentifier = hani.ios;
				LD_RUNPATH_SEARCH_PATHS = (
					"$(inherited)",
					"@executable_path/Frameworks",
				);
				MARKETING_VERSION = 1.0;
				PRODUCT_BUNDLE_IDENTIFIER = haniapp.watch;
				PRODUCT_NAME = "$(TARGET_NAME)";
				SDKROOT = watchos;
				SKIP_INSTALL = YES;
				SWIFT_EMIT_LOC_STRINGS = YES;
				SWIFT_VERSION = 5.0;
				TARGETED_DEVICE_FAMILY = 4;
				WATCHOS_DEPLOYMENT_TARGET = 10.0;
			};
			name = Debug;
		};
		F0AC8ABB2AD94C210061612C /* Release */ = {
			isa = XCBuildConfiguration;
			buildSettings = {
				ASSETCATALOG_COMPILER_APPICON_NAME = AppIcon;
				ASSETCATALOG_COMPILER_GLOBAL_ACCENT_COLOR_NAME = AccentColor;
				ASSETCATALOG_COMPILER_INCLUDE_ALL_APPICON_ASSETS = YES;
				CODE_SIGN_ENTITLEMENTS = "Outline Watch App.entitlements";
				CODE_SIGN_STYLE = Automatic;
				CURRENT_PROJECT_VERSION = 1;
				DEVELOPMENT_ASSET_PATHS = "\"Outline Watch/Preview Content\"";
				DEVELOPMENT_TEAM = 8H945XJJGA;
				ENABLE_PREVIEWS = YES;
				ENABLE_USER_SCRIPT_SANDBOXING = NO;
				GENERATE_INFOPLIST_FILE = YES;
				INFOPLIST_KEY_CFBundleDisplayName = Outline;
				INFOPLIST_KEY_UISupportedInterfaceOrientations = "UIInterfaceOrientationPortrait UIInterfaceOrientationPortraitUpsideDown";
				INFOPLIST_KEY_WKCompanionAppBundleIdentifier = hani.ios;
				LD_RUNPATH_SEARCH_PATHS = (
					"$(inherited)",
					"@executable_path/Frameworks",
				);
				MARKETING_VERSION = 1.0;
				PRODUCT_BUNDLE_IDENTIFIER = haniapp.watch;
				PRODUCT_NAME = "$(TARGET_NAME)";
				SDKROOT = watchos;
				SKIP_INSTALL = YES;
				SWIFT_EMIT_LOC_STRINGS = YES;
				SWIFT_VERSION = 5.0;
				TARGETED_DEVICE_FAMILY = 4;
				VALIDATE_PRODUCT = YES;
				WATCHOS_DEPLOYMENT_TARGET = 10.0;
			};
			name = Release;
		};
		F0AC8ABE2AD94C210061612C /* Debug */ = {
			isa = XCBuildConfiguration;
			buildSettings = {
				ALWAYS_EMBED_SWIFT_STANDARD_LIBRARIES = YES;
				ASSETCATALOG_COMPILER_APPICON_NAME = AppIcon;
				ASSETCATALOG_COMPILER_GLOBAL_ACCENT_COLOR_NAME = AccentColor;
				CODE_SIGN_ENTITLEMENTS = Outline/Outline.entitlements;
				CODE_SIGN_STYLE = Automatic;
				CURRENT_PROJECT_VERSION = 1;
				DEVELOPMENT_ASSET_PATHS = "\"Outline/Preview Content\"";
				DEVELOPMENT_TEAM = 8H945XJJGA;
				ENABLE_PREVIEWS = YES;
				ENABLE_USER_SCRIPT_SANDBOXING = NO;
				"EXCLUDED_ARCHS[sdk=*]" = "";
				GENERATE_INFOPLIST_FILE = YES;
				INFOPLIST_FILE = Outline/Info.plist;
				INFOPLIST_KEY_CFBundleDisplayName = Outline;
				INFOPLIST_KEY_NSHealthShareUsageDescription = "애플 워치를 이용하여 당신의 워크아웃 기록을 트래킹하여 운동에 저장하기 위하여 사용됩니다. ";
				INFOPLIST_KEY_NSHealthUpdateUsageDescription = "러닝을 하며 운동 데이터를 확인하는 데에 건강정보를 사용합니다. ";
				INFOPLIST_KEY_NSLocationAlwaysUsageDescription = "당신의 러닝 데이터를 저장하기 위하여 사용됩니다. ";
				INFOPLIST_KEY_NSLocationWhenInUseUsageDescription = "당신의 위치는 러닝을 기록하는데 사용됩니다. 운동 중에 백그라운드에서도 위치 서비스를 사용합니다.";
				INFOPLIST_KEY_UIApplicationSceneManifest_Generation = YES;
				INFOPLIST_KEY_UIApplicationSupportsIndirectInputEvents = YES;
				INFOPLIST_KEY_UILaunchScreen_Generation = YES;
				INFOPLIST_KEY_UISupportedInterfaceOrientations_iPad = "UIInterfaceOrientationPortrait UIInterfaceOrientationPortraitUpsideDown UIInterfaceOrientationLandscapeLeft UIInterfaceOrientationLandscapeRight";
				INFOPLIST_KEY_UISupportedInterfaceOrientations_iPhone = "UIInterfaceOrientationPortrait UIInterfaceOrientationLandscapeLeft UIInterfaceOrientationLandscapeRight";
				IPHONEOS_DEPLOYMENT_TARGET = 17.0;
				LD_RUNPATH_SEARCH_PATHS = (
					"$(inherited)",
					"@executable_path/Frameworks",
				);
				MARKETING_VERSION = 1.0;
				PRODUCT_BUNDLE_IDENTIFIER = hani.ios;
				PRODUCT_NAME = "$(TARGET_NAME)";
				SDKROOT = iphoneos;
				SWIFT_EMIT_LOC_STRINGS = YES;
				SWIFT_VERSION = 5.0;
				TARGETED_DEVICE_FAMILY = "1,2";
			};
			name = Debug;
		};
		F0AC8ABF2AD94C210061612C /* Release */ = {
			isa = XCBuildConfiguration;
			buildSettings = {
				ALWAYS_EMBED_SWIFT_STANDARD_LIBRARIES = YES;
				ASSETCATALOG_COMPILER_APPICON_NAME = AppIcon;
				ASSETCATALOG_COMPILER_GLOBAL_ACCENT_COLOR_NAME = AccentColor;
				CODE_SIGN_ENTITLEMENTS = Outline/Outline.entitlements;
				CODE_SIGN_STYLE = Automatic;
				CURRENT_PROJECT_VERSION = 1;
				DEVELOPMENT_ASSET_PATHS = "\"Outline/Preview Content\"";
				DEVELOPMENT_TEAM = 8H945XJJGA;
				ENABLE_PREVIEWS = YES;
				ENABLE_USER_SCRIPT_SANDBOXING = NO;
				"EXCLUDED_ARCHS[sdk=*]" = "";
				GENERATE_INFOPLIST_FILE = YES;
				INFOPLIST_FILE = Outline/Info.plist;
				INFOPLIST_KEY_CFBundleDisplayName = Outline;
				INFOPLIST_KEY_NSHealthShareUsageDescription = "애플 워치를 이용하여 당신의 워크아웃 기록을 트래킹하여 운동에 저장하기 위하여 사용됩니다. ";
				INFOPLIST_KEY_NSHealthUpdateUsageDescription = "러닝을 하며 운동 데이터를 확인하는 데에 건강정보를 사용합니다. ";
				INFOPLIST_KEY_NSLocationAlwaysUsageDescription = "당신의 러닝 데이터를 저장하기 위하여 사용됩니다. ";
				INFOPLIST_KEY_NSLocationWhenInUseUsageDescription = "당신의 위치는 러닝을 기록하는데 사용됩니다. 운동 중에 백그라운드에서도 위치 서비스를 사용합니다.";
				INFOPLIST_KEY_UIApplicationSceneManifest_Generation = YES;
				INFOPLIST_KEY_UIApplicationSupportsIndirectInputEvents = YES;
				INFOPLIST_KEY_UILaunchScreen_Generation = YES;
				INFOPLIST_KEY_UISupportedInterfaceOrientations_iPad = "UIInterfaceOrientationPortrait UIInterfaceOrientationPortraitUpsideDown UIInterfaceOrientationLandscapeLeft UIInterfaceOrientationLandscapeRight";
				INFOPLIST_KEY_UISupportedInterfaceOrientations_iPhone = "UIInterfaceOrientationPortrait UIInterfaceOrientationLandscapeLeft UIInterfaceOrientationLandscapeRight";
				IPHONEOS_DEPLOYMENT_TARGET = 17.0;
				LD_RUNPATH_SEARCH_PATHS = (
					"$(inherited)",
					"@executable_path/Frameworks",
				);
				MARKETING_VERSION = 1.0;
				PRODUCT_BUNDLE_IDENTIFIER = hani.ios;
				PRODUCT_NAME = "$(TARGET_NAME)";
				SDKROOT = iphoneos;
				SWIFT_EMIT_LOC_STRINGS = YES;
				SWIFT_VERSION = 5.0;
				TARGETED_DEVICE_FAMILY = "1,2";
				VALIDATE_PRODUCT = YES;
			};
			name = Release;
		};
/* End XCBuildConfiguration section */

/* Begin XCConfigurationList section */
		F0AC8A942AD94C1F0061612C /* Build configuration list for PBXProject "Outline" */ = {
			isa = XCConfigurationList;
			buildConfigurations = (
				F0AC8AB72AD94C210061612C /* Debug */,
				F0AC8AB82AD94C210061612C /* Release */,
			);
			defaultConfigurationIsVisible = 0;
			defaultConfigurationName = Release;
		};
		F0AC8AB92AD94C210061612C /* Build configuration list for PBXNativeTarget "Outline Watch App" */ = {
			isa = XCConfigurationList;
			buildConfigurations = (
				F0AC8ABA2AD94C210061612C /* Debug */,
				F0AC8ABB2AD94C210061612C /* Release */,
			);
			defaultConfigurationIsVisible = 0;
			defaultConfigurationName = Release;
		};
		F0AC8ABD2AD94C210061612C /* Build configuration list for PBXNativeTarget "Outline" */ = {
			isa = XCConfigurationList;
			buildConfigurations = (
				F0AC8ABE2AD94C210061612C /* Debug */,
				F0AC8ABF2AD94C210061612C /* Release */,
			);
			defaultConfigurationIsVisible = 0;
			defaultConfigurationName = Release;
		};
/* End XCConfigurationList section */

/* Begin XCRemoteSwiftPackageReference section */
		BB1D53002ADDB0310073771F /* XCRemoteSwiftPackageReference "firebase-ios-sdk" */ = {
			isa = XCRemoteSwiftPackageReference;
			repositoryURL = "https://github.com/firebase/firebase-ios-sdk";
			requirement = {
				kind = upToNextMajorVersion;
				minimumVersion = 10.16.0;
			};
		};
/* End XCRemoteSwiftPackageReference section */

/* Begin XCSwiftPackageProductDependency section */
		BB1D53012ADDB0310073771F /* FirebaseFirestore */ = {
			isa = XCSwiftPackageProductDependency;
			package = BB1D53002ADDB0310073771F /* XCRemoteSwiftPackageReference "firebase-ios-sdk" */;
			productName = FirebaseFirestore;
		};
		BB1D53032ADDB0310073771F /* FirebaseFirestoreCombine-Community */ = {
			isa = XCSwiftPackageProductDependency;
			package = BB1D53002ADDB0310073771F /* XCRemoteSwiftPackageReference "firebase-ios-sdk" */;
			productName = "FirebaseFirestoreCombine-Community";
		};
		BB1D53052ADDB0310073771F /* FirebaseFirestoreSwift */ = {
			isa = XCSwiftPackageProductDependency;
			package = BB1D53002ADDB0310073771F /* XCRemoteSwiftPackageReference "firebase-ios-sdk" */;
			productName = FirebaseFirestoreSwift;
		};
/* End XCSwiftPackageProductDependency section */

/* Begin XCVersionGroup section */
		95EB1EF62ADE251100B47984 /* UserCoreDataModel.xcdatamodeld */ = {
			isa = XCVersionGroup;
			children = (
				95EB1EF72ADE251100B47984 /* UserCoreDataModel.xcdatamodel */,
			);
			currentVersion = 95EB1EF72ADE251100B47984 /* UserCoreDataModel.xcdatamodel */;
			path = UserCoreDataModel.xcdatamodeld;
			sourceTree = "<group>";
			versionGroupType = wrapper.xcdatamodel;
		};
/* End XCVersionGroup section */
	};
	rootObject = F0AC8A912AD94C1F0061612C /* Project object */;
}
